
Microsoft Visual Studio Solution File, Format Version 12.00
# Visual Studio Version 16
VisualStudioVersion = 16.0.30621.155
MinimumVisualStudioVersion = 10.0.40219.1
Project("{2150E333-8FDC-42A3-9474-1A3956D46DE8}") = "Solution Items", "Solution Items", "{D4C5BF66-40F2-476A-8E1E-DBA98C6B7E94}"
	ProjectSection(SolutionItems) = preProject
		.editorconfig = .editorconfig
		global.json = global.json
		Solution.Build.props = Solution.Build.props
	EndProjectSection
EndProject
Project("{6EC3EE1D-3C4E-46DD-8F32-0CC8E7565705}") = "SolutionTemplate", "SolutionTemplate\SolutionTemplate.fsproj", "{894CA23A-A690-47B4-B256-638246675F25}"
EndProject
Project("{D954291E-2A0B-460D-934E-DC6B0785DB48}") = "SolutionTemplate.Shared", "SolutionTemplate.Shared\SolutionTemplate.Shared.shproj", "{6279C845-92F8-4333-AB99-3D213163593C}"
EndProject
Project("{FAE04EC0-301F-11D3-BF4B-00C04F79EFBC}") = "SolutionTemplate.Droid", "SolutionTemplate.Droid\SolutionTemplate.Droid.csproj", "{EEE9BB84-53B2-4B30-A818-A6871E74401A}"
EndProject
Project("{FAE04EC0-301F-11D3-BF4B-00C04F79EFBC}") = "SolutionTemplate.UWP", "SolutionTemplate.UWP\SolutionTemplate.UWP.csproj", "{F1B6AEF9-0470-4135-84AB-CC512B03524E}"
EndProject
Project("{9A19103F-16F7-4668-BE54-9A1E7A4F7556}") = "SolutionTemplate.Wasm", "SolutionTemplate.Wasm\SolutionTemplate.Wasm.csproj", "{CA351C14-C512-47E7-9E05-B8D7852D2645}"
EndProject
Project("{FAE04EC0-301F-11D3-BF4B-00C04F79EFBC}") = "SolutionTemplate.iOS", "SolutionTemplate.iOS\SolutionTemplate.iOS.csproj", "{A2716247-89F7-4F28-8806-5354B269495A}"
EndProject
Project("{FAE04EC0-301F-11D3-BF4B-00C04F79EFBC}") = "SolutionTemplate.macOS", "SolutionTemplate.macOS\SolutionTemplate.macOS.csproj", "{1FFD10B1-6291-4F8E-98E5-F5235C1B54B8}"
EndProject
Project("{9A19103F-16F7-4668-BE54-9A1E7A4F7556}") = "SolutionTemplate.Skia.Gtk", "SolutionTemplate.Skia.Gtk\SolutionTemplate.Skia.Gtk.csproj", "{D6D142A6-ABD6-4150-8F8A-540F2B1F0913}"
EndProject
Project("{9A19103F-16F7-4668-BE54-9A1E7A4F7556}") = "SolutionTemplate.Skia.Tizen", "SolutionTemplate.Skia.Tizen\SolutionTemplate.Skia.Tizen.csproj", "{9CFA13C2-FF32-4D6D-AE13-2BA08CE683D2}"
EndProject
Project("{9A19103F-16F7-4668-BE54-9A1E7A4F7556}") = "SolutionTemplate.Skia.Wpf", "SolutionTemplate.Skia.Wpf\SolutionTemplate.Skia.Wpf.csproj", "{845EF5B1-BAEA-4EBD-8192-EDBBD08CD18D}"
EndProject
Project("{9A19103F-16F7-4668-BE54-9A1E7A4F7556}") = "SolutionTemplate.Skia.Wpf.Host", "SolutionTemplate.Skia.Wpf.Host\SolutionTemplate.Skia.Wpf.Host.csproj", "{A0A0A1BD-F8F8-4007-8635-81A8C2629B61}"
EndProject
Project("{2150E333-8FDC-42A3-9474-1A3956D46DE8}") = "template files", "template files", "{F1EF4961-C2D8-4F10-8E40-F53636382FB0}"
	ProjectSection(SolutionItems) = preProject
		..\.template.config\template.json = ..\.template.config\template.json
	EndProjectSection
EndProject
Project("{2150E333-8FDC-42A3-9474-1A3956D46DE8}") = "Platforms", "Platforms", "{71DBFAB0-495A-4E57-B8FE-2EB18D99E95B}"
EndProject
Global
	GlobalSection(SharedMSBuildProjectFiles) = preSolution
		SolutionTemplate.Shared\SolutionTemplate.Shared.projitems*{1ffd10b1-6291-4f8e-98e5-f5235c1b54b8}*SharedItemsImports = 4
		SolutionTemplate.Shared\SolutionTemplate.Shared.projitems*{6279c845-92f8-4333-ab99-3d213163593c}*SharedItemsImports = 13
		SolutionTemplate.Shared\SolutionTemplate.Shared.projitems*{845ef5b1-baea-4ebd-8192-edbbd08cd18d}*SharedItemsImports = 5
		SolutionTemplate.Shared\SolutionTemplate.Shared.projitems*{9cfa13c2-ff32-4d6d-ae13-2ba08ce683d2}*SharedItemsImports = 5
		SolutionTemplate.Shared\SolutionTemplate.Shared.projitems*{a2716247-89f7-4f28-8806-5354b269495a}*SharedItemsImports = 4
		SolutionTemplate.Shared\SolutionTemplate.Shared.projitems*{ca351c14-c512-47e7-9e05-b8d7852d2645}*SharedItemsImports = 5
		SolutionTemplate.Shared\SolutionTemplate.Shared.projitems*{d6d142a6-abd6-4150-8f8a-540f2b1f0913}*SharedItemsImports = 5
		SolutionTemplate.Shared\SolutionTemplate.Shared.projitems*{eee9bb84-53b2-4b30-a818-a6871e74401a}*SharedItemsImports = 4
		SolutionTemplate.Shared\SolutionTemplate.Shared.projitems*{f1b6aef9-0470-4135-84ab-cc512b03524e}*SharedItemsImports = 4
	EndGlobalSection
	GlobalSection(SolutionConfigurationPlatforms) = preSolution
		Ad-Hoc|Any CPU = Ad-Hoc|Any CPU
		Ad-Hoc|ARM = Ad-Hoc|ARM
		Ad-Hoc|ARM64 = Ad-Hoc|ARM64
		Ad-Hoc|iPhone = Ad-Hoc|iPhone
		Ad-Hoc|iPhoneSimulator = Ad-Hoc|iPhoneSimulator
		Ad-Hoc|x64 = Ad-Hoc|x64
		Ad-Hoc|x86 = Ad-Hoc|x86
		AppStore|Any CPU = AppStore|Any CPU
		AppStore|ARM = AppStore|ARM
		AppStore|ARM64 = AppStore|ARM64
		AppStore|iPhone = AppStore|iPhone
		AppStore|iPhoneSimulator = AppStore|iPhoneSimulator
		AppStore|x64 = AppStore|x64
		AppStore|x86 = AppStore|x86
		Debug|Any CPU = Debug|Any CPU
		Debug|ARM = Debug|ARM
		Debug|ARM64 = Debug|ARM64
		Debug|iPhone = Debug|iPhone
		Debug|iPhoneSimulator = Debug|iPhoneSimulator
		Debug|x64 = Debug|x64
		Debug|x86 = Debug|x86
		Release|Any CPU = Release|Any CPU
		Release|ARM = Release|ARM
		Release|ARM64 = Release|ARM64
		Release|iPhone = Release|iPhone
		Release|iPhoneSimulator = Release|iPhoneSimulator
		Release|x64 = Release|x64
		Release|x86 = Release|x86
	EndGlobalSection
	GlobalSection(ProjectConfigurationPlatforms) = postSolution
		{894CA23A-A690-47B4-B256-638246675F25}.Ad-Hoc|Any CPU.ActiveCfg = Debug|Any CPU
		{894CA23A-A690-47B4-B256-638246675F25}.Ad-Hoc|Any CPU.Build.0 = Debug|Any CPU
		{894CA23A-A690-47B4-B256-638246675F25}.Ad-Hoc|ARM.ActiveCfg = Debug|Any CPU
		{894CA23A-A690-47B4-B256-638246675F25}.Ad-Hoc|ARM.Build.0 = Debug|Any CPU
		{894CA23A-A690-47B4-B256-638246675F25}.Ad-Hoc|ARM64.ActiveCfg = Debug|Any CPU
		{894CA23A-A690-47B4-B256-638246675F25}.Ad-Hoc|ARM64.Build.0 = Debug|Any CPU
		{894CA23A-A690-47B4-B256-638246675F25}.Ad-Hoc|iPhone.ActiveCfg = Debug|Any CPU
		{894CA23A-A690-47B4-B256-638246675F25}.Ad-Hoc|iPhone.Build.0 = Debug|Any CPU
		{894CA23A-A690-47B4-B256-638246675F25}.Ad-Hoc|iPhoneSimulator.ActiveCfg = Debug|Any CPU
		{894CA23A-A690-47B4-B256-638246675F25}.Ad-Hoc|iPhoneSimulator.Build.0 = Debug|Any CPU
		{894CA23A-A690-47B4-B256-638246675F25}.Ad-Hoc|x64.ActiveCfg = Debug|Any CPU
		{894CA23A-A690-47B4-B256-638246675F25}.Ad-Hoc|x64.Build.0 = Debug|Any CPU
		{894CA23A-A690-47B4-B256-638246675F25}.Ad-Hoc|x86.ActiveCfg = Debug|Any CPU
		{894CA23A-A690-47B4-B256-638246675F25}.Ad-Hoc|x86.Build.0 = Debug|Any CPU
		{894CA23A-A690-47B4-B256-638246675F25}.AppStore|Any CPU.ActiveCfg = Debug|Any CPU
		{894CA23A-A690-47B4-B256-638246675F25}.AppStore|Any CPU.Build.0 = Debug|Any CPU
		{894CA23A-A690-47B4-B256-638246675F25}.AppStore|ARM.ActiveCfg = Debug|Any CPU
		{894CA23A-A690-47B4-B256-638246675F25}.AppStore|ARM.Build.0 = Debug|Any CPU
		{894CA23A-A690-47B4-B256-638246675F25}.AppStore|ARM64.ActiveCfg = Debug|Any CPU
		{894CA23A-A690-47B4-B256-638246675F25}.AppStore|ARM64.Build.0 = Debug|Any CPU
		{894CA23A-A690-47B4-B256-638246675F25}.AppStore|iPhone.ActiveCfg = Debug|Any CPU
		{894CA23A-A690-47B4-B256-638246675F25}.AppStore|iPhone.Build.0 = Debug|Any CPU
		{894CA23A-A690-47B4-B256-638246675F25}.AppStore|iPhoneSimulator.ActiveCfg = Debug|Any CPU
		{894CA23A-A690-47B4-B256-638246675F25}.AppStore|iPhoneSimulator.Build.0 = Debug|Any CPU
		{894CA23A-A690-47B4-B256-638246675F25}.AppStore|x64.ActiveCfg = Debug|Any CPU
		{894CA23A-A690-47B4-B256-638246675F25}.AppStore|x64.Build.0 = Debug|Any CPU
		{894CA23A-A690-47B4-B256-638246675F25}.AppStore|x86.ActiveCfg = Debug|Any CPU
		{894CA23A-A690-47B4-B256-638246675F25}.AppStore|x86.Build.0 = Debug|Any CPU
		{894CA23A-A690-47B4-B256-638246675F25}.Debug|Any CPU.ActiveCfg = Debug|Any CPU
		{894CA23A-A690-47B4-B256-638246675F25}.Debug|Any CPU.Build.0 = Debug|Any CPU
		{894CA23A-A690-47B4-B256-638246675F25}.Debug|ARM.ActiveCfg = Debug|Any CPU
		{894CA23A-A690-47B4-B256-638246675F25}.Debug|ARM.Build.0 = Debug|Any CPU
		{894CA23A-A690-47B4-B256-638246675F25}.Debug|ARM64.ActiveCfg = Debug|Any CPU
		{894CA23A-A690-47B4-B256-638246675F25}.Debug|ARM64.Build.0 = Debug|Any CPU
		{894CA23A-A690-47B4-B256-638246675F25}.Debug|iPhone.ActiveCfg = Debug|Any CPU
		{894CA23A-A690-47B4-B256-638246675F25}.Debug|iPhone.Build.0 = Debug|Any CPU
		{894CA23A-A690-47B4-B256-638246675F25}.Debug|iPhoneSimulator.ActiveCfg = Debug|Any CPU
		{894CA23A-A690-47B4-B256-638246675F25}.Debug|iPhoneSimulator.Build.0 = Debug|Any CPU
		{894CA23A-A690-47B4-B256-638246675F25}.Debug|x64.ActiveCfg = Debug|Any CPU
		{894CA23A-A690-47B4-B256-638246675F25}.Debug|x64.Build.0 = Debug|Any CPU
		{894CA23A-A690-47B4-B256-638246675F25}.Debug|x86.ActiveCfg = Debug|Any CPU
		{894CA23A-A690-47B4-B256-638246675F25}.Debug|x86.Build.0 = Debug|Any CPU
		{894CA23A-A690-47B4-B256-638246675F25}.Release|Any CPU.ActiveCfg = Release|Any CPU
		{894CA23A-A690-47B4-B256-638246675F25}.Release|Any CPU.Build.0 = Release|Any CPU
		{894CA23A-A690-47B4-B256-638246675F25}.Release|ARM.ActiveCfg = Release|Any CPU
		{894CA23A-A690-47B4-B256-638246675F25}.Release|ARM.Build.0 = Release|Any CPU
		{894CA23A-A690-47B4-B256-638246675F25}.Release|ARM64.ActiveCfg = Release|Any CPU
		{894CA23A-A690-47B4-B256-638246675F25}.Release|ARM64.Build.0 = Release|Any CPU
		{894CA23A-A690-47B4-B256-638246675F25}.Release|iPhone.ActiveCfg = Release|Any CPU
		{894CA23A-A690-47B4-B256-638246675F25}.Release|iPhone.Build.0 = Release|Any CPU
		{894CA23A-A690-47B4-B256-638246675F25}.Release|iPhoneSimulator.ActiveCfg = Release|Any CPU
		{894CA23A-A690-47B4-B256-638246675F25}.Release|iPhoneSimulator.Build.0 = Release|Any CPU
		{894CA23A-A690-47B4-B256-638246675F25}.Release|x64.ActiveCfg = Release|Any CPU
		{894CA23A-A690-47B4-B256-638246675F25}.Release|x64.Build.0 = Release|Any CPU
		{894CA23A-A690-47B4-B256-638246675F25}.Release|x86.ActiveCfg = Release|Any CPU
		{894CA23A-A690-47B4-B256-638246675F25}.Release|x86.Build.0 = Release|Any CPU
		{EEE9BB84-53B2-4B30-A818-A6871E74401A}.Ad-Hoc|Any CPU.ActiveCfg = Debug|Any CPU
		{EEE9BB84-53B2-4B30-A818-A6871E74401A}.Ad-Hoc|Any CPU.Build.0 = Debug|Any CPU
		{EEE9BB84-53B2-4B30-A818-A6871E74401A}.Ad-Hoc|Any CPU.Deploy.0 = Debug|Any CPU
		{EEE9BB84-53B2-4B30-A818-A6871E74401A}.Ad-Hoc|ARM.ActiveCfg = Debug|Any CPU
		{EEE9BB84-53B2-4B30-A818-A6871E74401A}.Ad-Hoc|ARM.Build.0 = Debug|Any CPU
		{EEE9BB84-53B2-4B30-A818-A6871E74401A}.Ad-Hoc|ARM.Deploy.0 = Debug|Any CPU
		{EEE9BB84-53B2-4B30-A818-A6871E74401A}.Ad-Hoc|ARM64.ActiveCfg = Debug|Any CPU
		{EEE9BB84-53B2-4B30-A818-A6871E74401A}.Ad-Hoc|ARM64.Build.0 = Debug|Any CPU
		{EEE9BB84-53B2-4B30-A818-A6871E74401A}.Ad-Hoc|ARM64.Deploy.0 = Debug|Any CPU
		{EEE9BB84-53B2-4B30-A818-A6871E74401A}.Ad-Hoc|iPhone.ActiveCfg = Debug|Any CPU
		{EEE9BB84-53B2-4B30-A818-A6871E74401A}.Ad-Hoc|iPhone.Build.0 = Debug|Any CPU
		{EEE9BB84-53B2-4B30-A818-A6871E74401A}.Ad-Hoc|iPhone.Deploy.0 = Debug|Any CPU
		{EEE9BB84-53B2-4B30-A818-A6871E74401A}.Ad-Hoc|iPhoneSimulator.ActiveCfg = Debug|Any CPU
		{EEE9BB84-53B2-4B30-A818-A6871E74401A}.Ad-Hoc|iPhoneSimulator.Build.0 = Debug|Any CPU
		{EEE9BB84-53B2-4B30-A818-A6871E74401A}.Ad-Hoc|iPhoneSimulator.Deploy.0 = Debug|Any CPU
		{EEE9BB84-53B2-4B30-A818-A6871E74401A}.Ad-Hoc|x64.ActiveCfg = Debug|Any CPU
		{EEE9BB84-53B2-4B30-A818-A6871E74401A}.Ad-Hoc|x64.Build.0 = Debug|Any CPU
		{EEE9BB84-53B2-4B30-A818-A6871E74401A}.Ad-Hoc|x64.Deploy.0 = Debug|Any CPU
		{EEE9BB84-53B2-4B30-A818-A6871E74401A}.Ad-Hoc|x86.ActiveCfg = Debug|Any CPU
		{EEE9BB84-53B2-4B30-A818-A6871E74401A}.Ad-Hoc|x86.Build.0 = Debug|Any CPU
		{EEE9BB84-53B2-4B30-A818-A6871E74401A}.Ad-Hoc|x86.Deploy.0 = Debug|Any CPU
		{EEE9BB84-53B2-4B30-A818-A6871E74401A}.AppStore|Any CPU.ActiveCfg = Debug|Any CPU
		{EEE9BB84-53B2-4B30-A818-A6871E74401A}.AppStore|Any CPU.Build.0 = Debug|Any CPU
		{EEE9BB84-53B2-4B30-A818-A6871E74401A}.AppStore|Any CPU.Deploy.0 = Debug|Any CPU
		{EEE9BB84-53B2-4B30-A818-A6871E74401A}.AppStore|ARM.ActiveCfg = Debug|Any CPU
		{EEE9BB84-53B2-4B30-A818-A6871E74401A}.AppStore|ARM.Build.0 = Debug|Any CPU
		{EEE9BB84-53B2-4B30-A818-A6871E74401A}.AppStore|ARM.Deploy.0 = Debug|Any CPU
		{EEE9BB84-53B2-4B30-A818-A6871E74401A}.AppStore|ARM64.ActiveCfg = Debug|Any CPU
		{EEE9BB84-53B2-4B30-A818-A6871E74401A}.AppStore|ARM64.Build.0 = Debug|Any CPU
		{EEE9BB84-53B2-4B30-A818-A6871E74401A}.AppStore|ARM64.Deploy.0 = Debug|Any CPU
		{EEE9BB84-53B2-4B30-A818-A6871E74401A}.AppStore|iPhone.ActiveCfg = Debug|Any CPU
		{EEE9BB84-53B2-4B30-A818-A6871E74401A}.AppStore|iPhone.Build.0 = Debug|Any CPU
		{EEE9BB84-53B2-4B30-A818-A6871E74401A}.AppStore|iPhone.Deploy.0 = Debug|Any CPU
		{EEE9BB84-53B2-4B30-A818-A6871E74401A}.AppStore|iPhoneSimulator.ActiveCfg = Debug|Any CPU
		{EEE9BB84-53B2-4B30-A818-A6871E74401A}.AppStore|iPhoneSimulator.Build.0 = Debug|Any CPU
		{EEE9BB84-53B2-4B30-A818-A6871E74401A}.AppStore|iPhoneSimulator.Deploy.0 = Debug|Any CPU
		{EEE9BB84-53B2-4B30-A818-A6871E74401A}.AppStore|x64.ActiveCfg = Debug|Any CPU
		{EEE9BB84-53B2-4B30-A818-A6871E74401A}.AppStore|x64.Build.0 = Debug|Any CPU
		{EEE9BB84-53B2-4B30-A818-A6871E74401A}.AppStore|x64.Deploy.0 = Debug|Any CPU
		{EEE9BB84-53B2-4B30-A818-A6871E74401A}.AppStore|x86.ActiveCfg = Debug|Any CPU
		{EEE9BB84-53B2-4B30-A818-A6871E74401A}.AppStore|x86.Build.0 = Debug|Any CPU
		{EEE9BB84-53B2-4B30-A818-A6871E74401A}.AppStore|x86.Deploy.0 = Debug|Any CPU
		{EEE9BB84-53B2-4B30-A818-A6871E74401A}.Debug|Any CPU.ActiveCfg = Debug|Any CPU
		{EEE9BB84-53B2-4B30-A818-A6871E74401A}.Debug|Any CPU.Build.0 = Debug|Any CPU
		{EEE9BB84-53B2-4B30-A818-A6871E74401A}.Debug|Any CPU.Deploy.0 = Debug|Any CPU
		{EEE9BB84-53B2-4B30-A818-A6871E74401A}.Debug|ARM.ActiveCfg = Debug|Any CPU
		{EEE9BB84-53B2-4B30-A818-A6871E74401A}.Debug|ARM.Build.0 = Debug|Any CPU
		{EEE9BB84-53B2-4B30-A818-A6871E74401A}.Debug|ARM.Deploy.0 = Debug|Any CPU
		{EEE9BB84-53B2-4B30-A818-A6871E74401A}.Debug|ARM64.ActiveCfg = Debug|Any CPU
		{EEE9BB84-53B2-4B30-A818-A6871E74401A}.Debug|ARM64.Build.0 = Debug|Any CPU
		{EEE9BB84-53B2-4B30-A818-A6871E74401A}.Debug|ARM64.Deploy.0 = Debug|Any CPU
		{EEE9BB84-53B2-4B30-A818-A6871E74401A}.Debug|iPhone.ActiveCfg = Debug|Any CPU
		{EEE9BB84-53B2-4B30-A818-A6871E74401A}.Debug|iPhone.Build.0 = Debug|Any CPU
		{EEE9BB84-53B2-4B30-A818-A6871E74401A}.Debug|iPhone.Deploy.0 = Debug|Any CPU
		{EEE9BB84-53B2-4B30-A818-A6871E74401A}.Debug|iPhoneSimulator.ActiveCfg = Debug|Any CPU
		{EEE9BB84-53B2-4B30-A818-A6871E74401A}.Debug|iPhoneSimulator.Build.0 = Debug|Any CPU
		{EEE9BB84-53B2-4B30-A818-A6871E74401A}.Debug|iPhoneSimulator.Deploy.0 = Debug|Any CPU
		{EEE9BB84-53B2-4B30-A818-A6871E74401A}.Debug|x64.ActiveCfg = Debug|Any CPU
		{EEE9BB84-53B2-4B30-A818-A6871E74401A}.Debug|x64.Build.0 = Debug|Any CPU
		{EEE9BB84-53B2-4B30-A818-A6871E74401A}.Debug|x64.Deploy.0 = Debug|Any CPU
		{EEE9BB84-53B2-4B30-A818-A6871E74401A}.Debug|x86.ActiveCfg = Debug|Any CPU
		{EEE9BB84-53B2-4B30-A818-A6871E74401A}.Debug|x86.Build.0 = Debug|Any CPU
		{EEE9BB84-53B2-4B30-A818-A6871E74401A}.Debug|x86.Deploy.0 = Debug|Any CPU
		{EEE9BB84-53B2-4B30-A818-A6871E74401A}.Release|Any CPU.ActiveCfg = Release|Any CPU
		{EEE9BB84-53B2-4B30-A818-A6871E74401A}.Release|Any CPU.Build.0 = Release|Any CPU
		{EEE9BB84-53B2-4B30-A818-A6871E74401A}.Release|Any CPU.Deploy.0 = Release|Any CPU
		{EEE9BB84-53B2-4B30-A818-A6871E74401A}.Release|ARM.ActiveCfg = Release|Any CPU
		{EEE9BB84-53B2-4B30-A818-A6871E74401A}.Release|ARM.Build.0 = Release|Any CPU
		{EEE9BB84-53B2-4B30-A818-A6871E74401A}.Release|ARM.Deploy.0 = Release|Any CPU
		{EEE9BB84-53B2-4B30-A818-A6871E74401A}.Release|ARM64.ActiveCfg = Release|Any CPU
		{EEE9BB84-53B2-4B30-A818-A6871E74401A}.Release|ARM64.Build.0 = Release|Any CPU
		{EEE9BB84-53B2-4B30-A818-A6871E74401A}.Release|ARM64.Deploy.0 = Release|Any CPU
		{EEE9BB84-53B2-4B30-A818-A6871E74401A}.Release|iPhone.ActiveCfg = Release|Any CPU
		{EEE9BB84-53B2-4B30-A818-A6871E74401A}.Release|iPhone.Build.0 = Release|Any CPU
		{EEE9BB84-53B2-4B30-A818-A6871E74401A}.Release|iPhone.Deploy.0 = Release|Any CPU
		{EEE9BB84-53B2-4B30-A818-A6871E74401A}.Release|iPhoneSimulator.ActiveCfg = Release|Any CPU
		{EEE9BB84-53B2-4B30-A818-A6871E74401A}.Release|iPhoneSimulator.Build.0 = Release|Any CPU
		{EEE9BB84-53B2-4B30-A818-A6871E74401A}.Release|iPhoneSimulator.Deploy.0 = Release|Any CPU
		{EEE9BB84-53B2-4B30-A818-A6871E74401A}.Release|x64.ActiveCfg = Release|Any CPU
		{EEE9BB84-53B2-4B30-A818-A6871E74401A}.Release|x64.Build.0 = Release|Any CPU
		{EEE9BB84-53B2-4B30-A818-A6871E74401A}.Release|x64.Deploy.0 = Release|Any CPU
		{EEE9BB84-53B2-4B30-A818-A6871E74401A}.Release|x86.ActiveCfg = Release|Any CPU
		{EEE9BB84-53B2-4B30-A818-A6871E74401A}.Release|x86.Build.0 = Release|Any CPU
		{EEE9BB84-53B2-4B30-A818-A6871E74401A}.Release|x86.Deploy.0 = Release|Any CPU
		{F1B6AEF9-0470-4135-84AB-CC512B03524E}.Ad-Hoc|Any CPU.ActiveCfg = Debug|x86
		{F1B6AEF9-0470-4135-84AB-CC512B03524E}.Ad-Hoc|Any CPU.Build.0 = Debug|x86
		{F1B6AEF9-0470-4135-84AB-CC512B03524E}.Ad-Hoc|Any CPU.Deploy.0 = Debug|x86
		{F1B6AEF9-0470-4135-84AB-CC512B03524E}.Ad-Hoc|ARM.ActiveCfg = Debug|ARM
		{F1B6AEF9-0470-4135-84AB-CC512B03524E}.Ad-Hoc|ARM.Build.0 = Debug|ARM
		{F1B6AEF9-0470-4135-84AB-CC512B03524E}.Ad-Hoc|ARM.Deploy.0 = Debug|ARM
		{F1B6AEF9-0470-4135-84AB-CC512B03524E}.Ad-Hoc|ARM64.ActiveCfg = Debug|ARM64
		{F1B6AEF9-0470-4135-84AB-CC512B03524E}.Ad-Hoc|ARM64.Build.0 = Debug|ARM64
		{F1B6AEF9-0470-4135-84AB-CC512B03524E}.Ad-Hoc|ARM64.Deploy.0 = Debug|ARM64
		{F1B6AEF9-0470-4135-84AB-CC512B03524E}.Ad-Hoc|iPhone.ActiveCfg = Debug|x86
		{F1B6AEF9-0470-4135-84AB-CC512B03524E}.Ad-Hoc|iPhone.Build.0 = Debug|x86
		{F1B6AEF9-0470-4135-84AB-CC512B03524E}.Ad-Hoc|iPhone.Deploy.0 = Debug|x86
		{F1B6AEF9-0470-4135-84AB-CC512B03524E}.Ad-Hoc|iPhoneSimulator.ActiveCfg = Debug|x86
		{F1B6AEF9-0470-4135-84AB-CC512B03524E}.Ad-Hoc|iPhoneSimulator.Build.0 = Debug|x86
		{F1B6AEF9-0470-4135-84AB-CC512B03524E}.Ad-Hoc|iPhoneSimulator.Deploy.0 = Debug|x86
		{F1B6AEF9-0470-4135-84AB-CC512B03524E}.Ad-Hoc|x64.ActiveCfg = Debug|x64
		{F1B6AEF9-0470-4135-84AB-CC512B03524E}.Ad-Hoc|x64.Build.0 = Debug|x64
		{F1B6AEF9-0470-4135-84AB-CC512B03524E}.Ad-Hoc|x64.Deploy.0 = Debug|x64
		{F1B6AEF9-0470-4135-84AB-CC512B03524E}.Ad-Hoc|x86.ActiveCfg = Debug|x86
		{F1B6AEF9-0470-4135-84AB-CC512B03524E}.Ad-Hoc|x86.Build.0 = Debug|x86
		{F1B6AEF9-0470-4135-84AB-CC512B03524E}.Ad-Hoc|x86.Deploy.0 = Debug|x86
		{F1B6AEF9-0470-4135-84AB-CC512B03524E}.AppStore|Any CPU.ActiveCfg = Debug|x86
		{F1B6AEF9-0470-4135-84AB-CC512B03524E}.AppStore|Any CPU.Build.0 = Debug|x86
		{F1B6AEF9-0470-4135-84AB-CC512B03524E}.AppStore|Any CPU.Deploy.0 = Debug|x86
		{F1B6AEF9-0470-4135-84AB-CC512B03524E}.AppStore|ARM.ActiveCfg = Debug|ARM
		{F1B6AEF9-0470-4135-84AB-CC512B03524E}.AppStore|ARM.Build.0 = Debug|ARM
		{F1B6AEF9-0470-4135-84AB-CC512B03524E}.AppStore|ARM.Deploy.0 = Debug|ARM
		{F1B6AEF9-0470-4135-84AB-CC512B03524E}.AppStore|ARM64.ActiveCfg = Debug|ARM64
		{F1B6AEF9-0470-4135-84AB-CC512B03524E}.AppStore|ARM64.Build.0 = Debug|ARM64
		{F1B6AEF9-0470-4135-84AB-CC512B03524E}.AppStore|ARM64.Deploy.0 = Debug|ARM64
		{F1B6AEF9-0470-4135-84AB-CC512B03524E}.AppStore|iPhone.ActiveCfg = Debug|x86
		{F1B6AEF9-0470-4135-84AB-CC512B03524E}.AppStore|iPhone.Build.0 = Debug|x86
		{F1B6AEF9-0470-4135-84AB-CC512B03524E}.AppStore|iPhone.Deploy.0 = Debug|x86
		{F1B6AEF9-0470-4135-84AB-CC512B03524E}.AppStore|iPhoneSimulator.ActiveCfg = Debug|x86
		{F1B6AEF9-0470-4135-84AB-CC512B03524E}.AppStore|iPhoneSimulator.Build.0 = Debug|x86
		{F1B6AEF9-0470-4135-84AB-CC512B03524E}.AppStore|iPhoneSimulator.Deploy.0 = Debug|x86
		{F1B6AEF9-0470-4135-84AB-CC512B03524E}.AppStore|x64.ActiveCfg = Debug|x64
		{F1B6AEF9-0470-4135-84AB-CC512B03524E}.AppStore|x64.Build.0 = Debug|x64
		{F1B6AEF9-0470-4135-84AB-CC512B03524E}.AppStore|x64.Deploy.0 = Debug|x64
		{F1B6AEF9-0470-4135-84AB-CC512B03524E}.AppStore|x86.ActiveCfg = Debug|x86
		{F1B6AEF9-0470-4135-84AB-CC512B03524E}.AppStore|x86.Build.0 = Debug|x86
		{F1B6AEF9-0470-4135-84AB-CC512B03524E}.AppStore|x86.Deploy.0 = Debug|x86
		{F1B6AEF9-0470-4135-84AB-CC512B03524E}.Debug|Any CPU.ActiveCfg = Debug|x86
		{F1B6AEF9-0470-4135-84AB-CC512B03524E}.Debug|ARM.ActiveCfg = Debug|ARM
		{F1B6AEF9-0470-4135-84AB-CC512B03524E}.Debug|ARM.Build.0 = Debug|ARM
		{F1B6AEF9-0470-4135-84AB-CC512B03524E}.Debug|ARM.Deploy.0 = Debug|ARM
		{F1B6AEF9-0470-4135-84AB-CC512B03524E}.Debug|ARM64.ActiveCfg = Debug|ARM64
		{F1B6AEF9-0470-4135-84AB-CC512B03524E}.Debug|ARM64.Build.0 = Debug|ARM64
		{F1B6AEF9-0470-4135-84AB-CC512B03524E}.Debug|ARM64.Deploy.0 = Debug|ARM64
		{F1B6AEF9-0470-4135-84AB-CC512B03524E}.Debug|iPhone.ActiveCfg = Debug|x86
		{F1B6AEF9-0470-4135-84AB-CC512B03524E}.Debug|iPhoneSimulator.ActiveCfg = Debug|x86
		{F1B6AEF9-0470-4135-84AB-CC512B03524E}.Debug|x64.ActiveCfg = Debug|x64
		{F1B6AEF9-0470-4135-84AB-CC512B03524E}.Debug|x64.Build.0 = Debug|x64
		{F1B6AEF9-0470-4135-84AB-CC512B03524E}.Debug|x64.Deploy.0 = Debug|x64
		{F1B6AEF9-0470-4135-84AB-CC512B03524E}.Debug|x86.ActiveCfg = Debug|x86
		{F1B6AEF9-0470-4135-84AB-CC512B03524E}.Debug|x86.Build.0 = Debug|x86
		{F1B6AEF9-0470-4135-84AB-CC512B03524E}.Debug|x86.Deploy.0 = Debug|x86
		{F1B6AEF9-0470-4135-84AB-CC512B03524E}.Release|Any CPU.ActiveCfg = Release|x86
		{F1B6AEF9-0470-4135-84AB-CC512B03524E}.Release|ARM.ActiveCfg = Release|ARM
		{F1B6AEF9-0470-4135-84AB-CC512B03524E}.Release|ARM.Build.0 = Release|ARM
		{F1B6AEF9-0470-4135-84AB-CC512B03524E}.Release|ARM.Deploy.0 = Release|ARM
		{F1B6AEF9-0470-4135-84AB-CC512B03524E}.Release|ARM64.ActiveCfg = Release|ARM64
		{F1B6AEF9-0470-4135-84AB-CC512B03524E}.Release|ARM64.Build.0 = Release|ARM64
		{F1B6AEF9-0470-4135-84AB-CC512B03524E}.Release|ARM64.Deploy.0 = Release|ARM64
		{F1B6AEF9-0470-4135-84AB-CC512B03524E}.Release|iPhone.ActiveCfg = Release|x86
		{F1B6AEF9-0470-4135-84AB-CC512B03524E}.Release|iPhoneSimulator.ActiveCfg = Release|x86
		{F1B6AEF9-0470-4135-84AB-CC512B03524E}.Release|x64.ActiveCfg = Release|x64
		{F1B6AEF9-0470-4135-84AB-CC512B03524E}.Release|x64.Build.0 = Release|x64
		{F1B6AEF9-0470-4135-84AB-CC512B03524E}.Release|x64.Deploy.0 = Release|x64
		{F1B6AEF9-0470-4135-84AB-CC512B03524E}.Release|x86.ActiveCfg = Release|x86
		{F1B6AEF9-0470-4135-84AB-CC512B03524E}.Release|x86.Build.0 = Release|x86
		{F1B6AEF9-0470-4135-84AB-CC512B03524E}.Release|x86.Deploy.0 = Release|x86
		{CA351C14-C512-47E7-9E05-B8D7852D2645}.Ad-Hoc|Any CPU.ActiveCfg = Debug|Any CPU
		{CA351C14-C512-47E7-9E05-B8D7852D2645}.Ad-Hoc|Any CPU.Build.0 = Debug|Any CPU
		{CA351C14-C512-47E7-9E05-B8D7852D2645}.Ad-Hoc|ARM.ActiveCfg = Debug|Any CPU
		{CA351C14-C512-47E7-9E05-B8D7852D2645}.Ad-Hoc|ARM.Build.0 = Debug|Any CPU
		{CA351C14-C512-47E7-9E05-B8D7852D2645}.Ad-Hoc|ARM64.ActiveCfg = Debug|Any CPU
		{CA351C14-C512-47E7-9E05-B8D7852D2645}.Ad-Hoc|ARM64.Build.0 = Debug|Any CPU
		{CA351C14-C512-47E7-9E05-B8D7852D2645}.Ad-Hoc|iPhone.ActiveCfg = Debug|Any CPU
		{CA351C14-C512-47E7-9E05-B8D7852D2645}.Ad-Hoc|iPhone.Build.0 = Debug|Any CPU
		{CA351C14-C512-47E7-9E05-B8D7852D2645}.Ad-Hoc|iPhoneSimulator.ActiveCfg = Debug|Any CPU
		{CA351C14-C512-47E7-9E05-B8D7852D2645}.Ad-Hoc|iPhoneSimulator.Build.0 = Debug|Any CPU
		{CA351C14-C512-47E7-9E05-B8D7852D2645}.Ad-Hoc|x64.ActiveCfg = Debug|Any CPU
		{CA351C14-C512-47E7-9E05-B8D7852D2645}.Ad-Hoc|x64.Build.0 = Debug|Any CPU
		{CA351C14-C512-47E7-9E05-B8D7852D2645}.Ad-Hoc|x86.ActiveCfg = Debug|Any CPU
		{CA351C14-C512-47E7-9E05-B8D7852D2645}.Ad-Hoc|x86.Build.0 = Debug|Any CPU
		{CA351C14-C512-47E7-9E05-B8D7852D2645}.AppStore|Any CPU.ActiveCfg = Debug|Any CPU
		{CA351C14-C512-47E7-9E05-B8D7852D2645}.AppStore|Any CPU.Build.0 = Debug|Any CPU
		{CA351C14-C512-47E7-9E05-B8D7852D2645}.AppStore|ARM.ActiveCfg = Debug|Any CPU
		{CA351C14-C512-47E7-9E05-B8D7852D2645}.AppStore|ARM.Build.0 = Debug|Any CPU
		{CA351C14-C512-47E7-9E05-B8D7852D2645}.AppStore|ARM64.ActiveCfg = Debug|Any CPU
		{CA351C14-C512-47E7-9E05-B8D7852D2645}.AppStore|ARM64.Build.0 = Debug|Any CPU
		{CA351C14-C512-47E7-9E05-B8D7852D2645}.AppStore|iPhone.ActiveCfg = Debug|Any CPU
		{CA351C14-C512-47E7-9E05-B8D7852D2645}.AppStore|iPhone.Build.0 = Debug|Any CPU
		{CA351C14-C512-47E7-9E05-B8D7852D2645}.AppStore|iPhoneSimulator.ActiveCfg = Debug|Any CPU
		{CA351C14-C512-47E7-9E05-B8D7852D2645}.AppStore|iPhoneSimulator.Build.0 = Debug|Any CPU
		{CA351C14-C512-47E7-9E05-B8D7852D2645}.AppStore|x64.ActiveCfg = Debug|Any CPU
		{CA351C14-C512-47E7-9E05-B8D7852D2645}.AppStore|x64.Build.0 = Debug|Any CPU
		{CA351C14-C512-47E7-9E05-B8D7852D2645}.AppStore|x86.ActiveCfg = Debug|Any CPU
		{CA351C14-C512-47E7-9E05-B8D7852D2645}.AppStore|x86.Build.0 = Debug|Any CPU
		{CA351C14-C512-47E7-9E05-B8D7852D2645}.Debug|Any CPU.ActiveCfg = Debug|Any CPU
		{CA351C14-C512-47E7-9E05-B8D7852D2645}.Debug|Any CPU.Build.0 = Debug|Any CPU
		{CA351C14-C512-47E7-9E05-B8D7852D2645}.Debug|ARM.ActiveCfg = Debug|Any CPU
		{CA351C14-C512-47E7-9E05-B8D7852D2645}.Debug|ARM.Build.0 = Debug|Any CPU
		{CA351C14-C512-47E7-9E05-B8D7852D2645}.Debug|ARM64.ActiveCfg = Debug|Any CPU
		{CA351C14-C512-47E7-9E05-B8D7852D2645}.Debug|ARM64.Build.0 = Debug|Any CPU
		{CA351C14-C512-47E7-9E05-B8D7852D2645}.Debug|iPhone.ActiveCfg = Debug|Any CPU
		{CA351C14-C512-47E7-9E05-B8D7852D2645}.Debug|iPhone.Build.0 = Debug|Any CPU
		{CA351C14-C512-47E7-9E05-B8D7852D2645}.Debug|iPhoneSimulator.ActiveCfg = Debug|Any CPU
		{CA351C14-C512-47E7-9E05-B8D7852D2645}.Debug|iPhoneSimulator.Build.0 = Debug|Any CPU
		{CA351C14-C512-47E7-9E05-B8D7852D2645}.Debug|x64.ActiveCfg = Debug|Any CPU
		{CA351C14-C512-47E7-9E05-B8D7852D2645}.Debug|x64.Build.0 = Debug|Any CPU
		{CA351C14-C512-47E7-9E05-B8D7852D2645}.Debug|x86.ActiveCfg = Debug|Any CPU
		{CA351C14-C512-47E7-9E05-B8D7852D2645}.Debug|x86.Build.0 = Debug|Any CPU
		{CA351C14-C512-47E7-9E05-B8D7852D2645}.Release|Any CPU.ActiveCfg = Release|Any CPU
		{CA351C14-C512-47E7-9E05-B8D7852D2645}.Release|Any CPU.Build.0 = Release|Any CPU
		{CA351C14-C512-47E7-9E05-B8D7852D2645}.Release|ARM.ActiveCfg = Release|Any CPU
		{CA351C14-C512-47E7-9E05-B8D7852D2645}.Release|ARM.Build.0 = Release|Any CPU
		{CA351C14-C512-47E7-9E05-B8D7852D2645}.Release|ARM64.ActiveCfg = Release|Any CPU
		{CA351C14-C512-47E7-9E05-B8D7852D2645}.Release|ARM64.Build.0 = Release|Any CPU
		{CA351C14-C512-47E7-9E05-B8D7852D2645}.Release|iPhone.ActiveCfg = Release|Any CPU
		{CA351C14-C512-47E7-9E05-B8D7852D2645}.Release|iPhone.Build.0 = Release|Any CPU
		{CA351C14-C512-47E7-9E05-B8D7852D2645}.Release|iPhoneSimulator.ActiveCfg = Release|Any CPU
		{CA351C14-C512-47E7-9E05-B8D7852D2645}.Release|iPhoneSimulator.Build.0 = Release|Any CPU
		{CA351C14-C512-47E7-9E05-B8D7852D2645}.Release|x64.ActiveCfg = Release|Any CPU
		{CA351C14-C512-47E7-9E05-B8D7852D2645}.Release|x64.Build.0 = Release|Any CPU
		{CA351C14-C512-47E7-9E05-B8D7852D2645}.Release|x86.ActiveCfg = Release|Any CPU
		{CA351C14-C512-47E7-9E05-B8D7852D2645}.Release|x86.Build.0 = Release|Any CPU
		{A2716247-89F7-4F28-8806-5354B269495A}.Ad-Hoc|Any CPU.ActiveCfg = Ad-Hoc|iPhoneSimulator
		{A2716247-89F7-4F28-8806-5354B269495A}.Ad-Hoc|ARM.ActiveCfg = Ad-Hoc|iPhoneSimulator
		{A2716247-89F7-4F28-8806-5354B269495A}.Ad-Hoc|ARM64.ActiveCfg = Ad-Hoc|iPhoneSimulator
		{A2716247-89F7-4F28-8806-5354B269495A}.Ad-Hoc|iPhone.ActiveCfg = Ad-Hoc|iPhone
		{A2716247-89F7-4F28-8806-5354B269495A}.Ad-Hoc|iPhone.Build.0 = Ad-Hoc|iPhone
		{A2716247-89F7-4F28-8806-5354B269495A}.Ad-Hoc|iPhoneSimulator.ActiveCfg = Ad-Hoc|iPhoneSimulator
		{A2716247-89F7-4F28-8806-5354B269495A}.Ad-Hoc|iPhoneSimulator.Build.0 = Ad-Hoc|iPhoneSimulator
		{A2716247-89F7-4F28-8806-5354B269495A}.Ad-Hoc|x64.ActiveCfg = Ad-Hoc|iPhoneSimulator
		{A2716247-89F7-4F28-8806-5354B269495A}.Ad-Hoc|x86.ActiveCfg = Ad-Hoc|iPhoneSimulator
		{A2716247-89F7-4F28-8806-5354B269495A}.AppStore|Any CPU.ActiveCfg = AppStore|iPhoneSimulator
		{A2716247-89F7-4F28-8806-5354B269495A}.AppStore|ARM.ActiveCfg = AppStore|iPhoneSimulator
		{A2716247-89F7-4F28-8806-5354B269495A}.AppStore|ARM64.ActiveCfg = AppStore|iPhoneSimulator
		{A2716247-89F7-4F28-8806-5354B269495A}.AppStore|iPhone.ActiveCfg = AppStore|iPhone
		{A2716247-89F7-4F28-8806-5354B269495A}.AppStore|iPhone.Build.0 = AppStore|iPhone
		{A2716247-89F7-4F28-8806-5354B269495A}.AppStore|iPhoneSimulator.ActiveCfg = AppStore|iPhoneSimulator
		{A2716247-89F7-4F28-8806-5354B269495A}.AppStore|iPhoneSimulator.Build.0 = AppStore|iPhoneSimulator
		{A2716247-89F7-4F28-8806-5354B269495A}.AppStore|x64.ActiveCfg = AppStore|iPhoneSimulator
		{A2716247-89F7-4F28-8806-5354B269495A}.AppStore|x86.ActiveCfg = AppStore|iPhoneSimulator
		{A2716247-89F7-4F28-8806-5354B269495A}.Debug|Any CPU.ActiveCfg = Debug|iPhoneSimulator
		{A2716247-89F7-4F28-8806-5354B269495A}.Debug|ARM.ActiveCfg = Debug|iPhoneSimulator
		{A2716247-89F7-4F28-8806-5354B269495A}.Debug|ARM64.ActiveCfg = Debug|iPhoneSimulator
		{A2716247-89F7-4F28-8806-5354B269495A}.Debug|iPhone.ActiveCfg = Debug|iPhone
		{A2716247-89F7-4F28-8806-5354B269495A}.Debug|iPhone.Build.0 = Debug|iPhone
		{A2716247-89F7-4F28-8806-5354B269495A}.Debug|iPhoneSimulator.ActiveCfg = Debug|iPhoneSimulator
		{A2716247-89F7-4F28-8806-5354B269495A}.Debug|iPhoneSimulator.Build.0 = Debug|iPhoneSimulator
		{A2716247-89F7-4F28-8806-5354B269495A}.Debug|x64.ActiveCfg = Debug|iPhoneSimulator
		{A2716247-89F7-4F28-8806-5354B269495A}.Debug|x86.ActiveCfg = Debug|iPhoneSimulator
		{A2716247-89F7-4F28-8806-5354B269495A}.Release|Any CPU.ActiveCfg = Release|iPhoneSimulator
		{A2716247-89F7-4F28-8806-5354B269495A}.Release|ARM.ActiveCfg = Release|iPhoneSimulator
		{A2716247-89F7-4F28-8806-5354B269495A}.Release|ARM64.ActiveCfg = Release|iPhoneSimulator
		{A2716247-89F7-4F28-8806-5354B269495A}.Release|iPhone.ActiveCfg = Release|iPhone
		{A2716247-89F7-4F28-8806-5354B269495A}.Release|iPhone.Build.0 = Release|iPhone
		{A2716247-89F7-4F28-8806-5354B269495A}.Release|iPhoneSimulator.ActiveCfg = Release|iPhoneSimulator
		{A2716247-89F7-4F28-8806-5354B269495A}.Release|iPhoneSimulator.Build.0 = Release|iPhoneSimulator
		{A2716247-89F7-4F28-8806-5354B269495A}.Release|x64.ActiveCfg = Release|iPhoneSimulator
		{A2716247-89F7-4F28-8806-5354B269495A}.Release|x86.ActiveCfg = Release|iPhoneSimulator
		{1FFD10B1-6291-4F8E-98E5-F5235C1B54B8}.Ad-Hoc|Any CPU.ActiveCfg = Debug|iPhoneSimulator
		{1FFD10B1-6291-4F8E-98E5-F5235C1B54B8}.Ad-Hoc|Any CPU.Build.0 = Debug|iPhoneSimulator
		{1FFD10B1-6291-4F8E-98E5-F5235C1B54B8}.Ad-Hoc|ARM.ActiveCfg = Debug|iPhoneSimulator
		{1FFD10B1-6291-4F8E-98E5-F5235C1B54B8}.Ad-Hoc|ARM.Build.0 = Debug|iPhoneSimulator
		{1FFD10B1-6291-4F8E-98E5-F5235C1B54B8}.Ad-Hoc|ARM64.ActiveCfg = Debug|iPhoneSimulator
		{1FFD10B1-6291-4F8E-98E5-F5235C1B54B8}.Ad-Hoc|ARM64.Build.0 = Debug|iPhoneSimulator
		{1FFD10B1-6291-4F8E-98E5-F5235C1B54B8}.Ad-Hoc|iPhone.ActiveCfg = Debug|iPhoneSimulator
		{1FFD10B1-6291-4F8E-98E5-F5235C1B54B8}.Ad-Hoc|iPhone.Build.0 = Debug|iPhoneSimulator
		{1FFD10B1-6291-4F8E-98E5-F5235C1B54B8}.Ad-Hoc|iPhoneSimulator.ActiveCfg = Debug|iPhoneSimulator
		{1FFD10B1-6291-4F8E-98E5-F5235C1B54B8}.Ad-Hoc|iPhoneSimulator.Build.0 = Debug|iPhoneSimulator
		{1FFD10B1-6291-4F8E-98E5-F5235C1B54B8}.Ad-Hoc|x64.ActiveCfg = Debug|iPhoneSimulator
		{1FFD10B1-6291-4F8E-98E5-F5235C1B54B8}.Ad-Hoc|x64.Build.0 = Debug|iPhoneSimulator
		{1FFD10B1-6291-4F8E-98E5-F5235C1B54B8}.Ad-Hoc|x86.ActiveCfg = Debug|iPhoneSimulator
		{1FFD10B1-6291-4F8E-98E5-F5235C1B54B8}.Ad-Hoc|x86.Build.0 = Debug|iPhoneSimulator
		{1FFD10B1-6291-4F8E-98E5-F5235C1B54B8}.AppStore|Any CPU.ActiveCfg = Debug|iPhoneSimulator
		{1FFD10B1-6291-4F8E-98E5-F5235C1B54B8}.AppStore|Any CPU.Build.0 = Debug|iPhoneSimulator
		{1FFD10B1-6291-4F8E-98E5-F5235C1B54B8}.AppStore|ARM.ActiveCfg = Debug|iPhoneSimulator
		{1FFD10B1-6291-4F8E-98E5-F5235C1B54B8}.AppStore|ARM.Build.0 = Debug|iPhoneSimulator
		{1FFD10B1-6291-4F8E-98E5-F5235C1B54B8}.AppStore|ARM64.ActiveCfg = Debug|iPhoneSimulator
		{1FFD10B1-6291-4F8E-98E5-F5235C1B54B8}.AppStore|ARM64.Build.0 = Debug|iPhoneSimulator
		{1FFD10B1-6291-4F8E-98E5-F5235C1B54B8}.AppStore|iPhone.ActiveCfg = Debug|iPhoneSimulator
		{1FFD10B1-6291-4F8E-98E5-F5235C1B54B8}.AppStore|iPhone.Build.0 = Debug|iPhoneSimulator
		{1FFD10B1-6291-4F8E-98E5-F5235C1B54B8}.AppStore|iPhoneSimulator.ActiveCfg = Debug|iPhoneSimulator
		{1FFD10B1-6291-4F8E-98E5-F5235C1B54B8}.AppStore|iPhoneSimulator.Build.0 = Debug|iPhoneSimulator
		{1FFD10B1-6291-4F8E-98E5-F5235C1B54B8}.AppStore|x64.ActiveCfg = Debug|iPhoneSimulator
		{1FFD10B1-6291-4F8E-98E5-F5235C1B54B8}.AppStore|x64.Build.0 = Debug|iPhoneSimulator
		{1FFD10B1-6291-4F8E-98E5-F5235C1B54B8}.AppStore|x86.ActiveCfg = Debug|iPhoneSimulator
		{1FFD10B1-6291-4F8E-98E5-F5235C1B54B8}.AppStore|x86.Build.0 = Debug|iPhoneSimulator
		{1FFD10B1-6291-4F8E-98E5-F5235C1B54B8}.Debug|Any CPU.ActiveCfg = Debug|iPhoneSimulator
		{1FFD10B1-6291-4F8E-98E5-F5235C1B54B8}.Debug|ARM.ActiveCfg = Debug|iPhoneSimulator
		{1FFD10B1-6291-4F8E-98E5-F5235C1B54B8}.Debug|ARM64.ActiveCfg = Debug|iPhoneSimulator
		{1FFD10B1-6291-4F8E-98E5-F5235C1B54B8}.Debug|iPhone.ActiveCfg = Debug|iPhoneSimulator
		{1FFD10B1-6291-4F8E-98E5-F5235C1B54B8}.Debug|iPhoneSimulator.ActiveCfg = Debug|iPhoneSimulator
		{1FFD10B1-6291-4F8E-98E5-F5235C1B54B8}.Debug|iPhoneSimulator.Build.0 = Debug|iPhoneSimulator
		{1FFD10B1-6291-4F8E-98E5-F5235C1B54B8}.Debug|x64.ActiveCfg = Debug|iPhoneSimulator
		{1FFD10B1-6291-4F8E-98E5-F5235C1B54B8}.Debug|x86.ActiveCfg = Debug|iPhoneSimulator
		{1FFD10B1-6291-4F8E-98E5-F5235C1B54B8}.Release|Any CPU.ActiveCfg = Release|iPhoneSimulator
		{1FFD10B1-6291-4F8E-98E5-F5235C1B54B8}.Release|ARM.ActiveCfg = Release|iPhoneSimulator
		{1FFD10B1-6291-4F8E-98E5-F5235C1B54B8}.Release|ARM64.ActiveCfg = Release|iPhoneSimulator
		{1FFD10B1-6291-4F8E-98E5-F5235C1B54B8}.Release|iPhone.ActiveCfg = Release|iPhoneSimulator
		{1FFD10B1-6291-4F8E-98E5-F5235C1B54B8}.Release|iPhoneSimulator.ActiveCfg = Release|iPhoneSimulator
		{1FFD10B1-6291-4F8E-98E5-F5235C1B54B8}.Release|iPhoneSimulator.Build.0 = Release|iPhoneSimulator
		{1FFD10B1-6291-4F8E-98E5-F5235C1B54B8}.Release|x64.ActiveCfg = Release|iPhoneSimulator
		{1FFD10B1-6291-4F8E-98E5-F5235C1B54B8}.Release|x86.ActiveCfg = Release|iPhoneSimulator
		{D6D142A6-ABD6-4150-8F8A-540F2B1F0913}.Ad-Hoc|Any CPU.ActiveCfg = Debug|Any CPU
		{D6D142A6-ABD6-4150-8F8A-540F2B1F0913}.Ad-Hoc|Any CPU.Build.0 = Debug|Any CPU
		{D6D142A6-ABD6-4150-8F8A-540F2B1F0913}.Ad-Hoc|ARM.ActiveCfg = Debug|Any CPU
		{D6D142A6-ABD6-4150-8F8A-540F2B1F0913}.Ad-Hoc|ARM.Build.0 = Debug|Any CPU
		{D6D142A6-ABD6-4150-8F8A-540F2B1F0913}.Ad-Hoc|ARM64.ActiveCfg = Debug|Any CPU
		{D6D142A6-ABD6-4150-8F8A-540F2B1F0913}.Ad-Hoc|ARM64.Build.0 = Debug|Any CPU
		{D6D142A6-ABD6-4150-8F8A-540F2B1F0913}.Ad-Hoc|iPhone.ActiveCfg = Debug|Any CPU
		{D6D142A6-ABD6-4150-8F8A-540F2B1F0913}.Ad-Hoc|iPhone.Build.0 = Debug|Any CPU
		{D6D142A6-ABD6-4150-8F8A-540F2B1F0913}.Ad-Hoc|iPhoneSimulator.ActiveCfg = Debug|Any CPU
		{D6D142A6-ABD6-4150-8F8A-540F2B1F0913}.Ad-Hoc|iPhoneSimulator.Build.0 = Debug|Any CPU
		{D6D142A6-ABD6-4150-8F8A-540F2B1F0913}.Ad-Hoc|x64.ActiveCfg = Debug|Any CPU
		{D6D142A6-ABD6-4150-8F8A-540F2B1F0913}.Ad-Hoc|x64.Build.0 = Debug|Any CPU
		{D6D142A6-ABD6-4150-8F8A-540F2B1F0913}.Ad-Hoc|x86.ActiveCfg = Debug|Any CPU
		{D6D142A6-ABD6-4150-8F8A-540F2B1F0913}.Ad-Hoc|x86.Build.0 = Debug|Any CPU
		{D6D142A6-ABD6-4150-8F8A-540F2B1F0913}.AppStore|Any CPU.ActiveCfg = Debug|Any CPU
		{D6D142A6-ABD6-4150-8F8A-540F2B1F0913}.AppStore|Any CPU.Build.0 = Debug|Any CPU
		{D6D142A6-ABD6-4150-8F8A-540F2B1F0913}.AppStore|ARM.ActiveCfg = Debug|Any CPU
		{D6D142A6-ABD6-4150-8F8A-540F2B1F0913}.AppStore|ARM.Build.0 = Debug|Any CPU
		{D6D142A6-ABD6-4150-8F8A-540F2B1F0913}.AppStore|ARM64.ActiveCfg = Debug|Any CPU
		{D6D142A6-ABD6-4150-8F8A-540F2B1F0913}.AppStore|ARM64.Build.0 = Debug|Any CPU
		{D6D142A6-ABD6-4150-8F8A-540F2B1F0913}.AppStore|iPhone.ActiveCfg = Debug|Any CPU
		{D6D142A6-ABD6-4150-8F8A-540F2B1F0913}.AppStore|iPhone.Build.0 = Debug|Any CPU
		{D6D142A6-ABD6-4150-8F8A-540F2B1F0913}.AppStore|iPhoneSimulator.ActiveCfg = Debug|Any CPU
		{D6D142A6-ABD6-4150-8F8A-540F2B1F0913}.AppStore|iPhoneSimulator.Build.0 = Debug|Any CPU
		{D6D142A6-ABD6-4150-8F8A-540F2B1F0913}.AppStore|x64.ActiveCfg = Debug|Any CPU
		{D6D142A6-ABD6-4150-8F8A-540F2B1F0913}.AppStore|x64.Build.0 = Debug|Any CPU
		{D6D142A6-ABD6-4150-8F8A-540F2B1F0913}.AppStore|x86.ActiveCfg = Debug|Any CPU
		{D6D142A6-ABD6-4150-8F8A-540F2B1F0913}.AppStore|x86.Build.0 = Debug|Any CPU
		{D6D142A6-ABD6-4150-8F8A-540F2B1F0913}.Debug|Any CPU.ActiveCfg = Debug|Any CPU
		{D6D142A6-ABD6-4150-8F8A-540F2B1F0913}.Debug|Any CPU.Build.0 = Debug|Any CPU
		{D6D142A6-ABD6-4150-8F8A-540F2B1F0913}.Debug|ARM.ActiveCfg = Debug|Any CPU
		{D6D142A6-ABD6-4150-8F8A-540F2B1F0913}.Debug|ARM.Build.0 = Debug|Any CPU
		{D6D142A6-ABD6-4150-8F8A-540F2B1F0913}.Debug|ARM64.ActiveCfg = Debug|Any CPU
		{D6D142A6-ABD6-4150-8F8A-540F2B1F0913}.Debug|ARM64.Build.0 = Debug|Any CPU
		{D6D142A6-ABD6-4150-8F8A-540F2B1F0913}.Debug|iPhone.ActiveCfg = Debug|Any CPU
		{D6D142A6-ABD6-4150-8F8A-540F2B1F0913}.Debug|iPhone.Build.0 = Debug|Any CPU
		{D6D142A6-ABD6-4150-8F8A-540F2B1F0913}.Debug|iPhoneSimulator.ActiveCfg = Debug|Any CPU
		{D6D142A6-ABD6-4150-8F8A-540F2B1F0913}.Debug|iPhoneSimulator.Build.0 = Debug|Any CPU
		{D6D142A6-ABD6-4150-8F8A-540F2B1F0913}.Debug|x64.ActiveCfg = Debug|Any CPU
		{D6D142A6-ABD6-4150-8F8A-540F2B1F0913}.Debug|x64.Build.0 = Debug|Any CPU
		{D6D142A6-ABD6-4150-8F8A-540F2B1F0913}.Debug|x86.ActiveCfg = Debug|Any CPU
		{D6D142A6-ABD6-4150-8F8A-540F2B1F0913}.Debug|x86.Build.0 = Debug|Any CPU
		{D6D142A6-ABD6-4150-8F8A-540F2B1F0913}.Release|Any CPU.ActiveCfg = Release|Any CPU
		{D6D142A6-ABD6-4150-8F8A-540F2B1F0913}.Release|Any CPU.Build.0 = Release|Any CPU
		{D6D142A6-ABD6-4150-8F8A-540F2B1F0913}.Release|ARM.ActiveCfg = Release|Any CPU
		{D6D142A6-ABD6-4150-8F8A-540F2B1F0913}.Release|ARM.Build.0 = Release|Any CPU
		{D6D142A6-ABD6-4150-8F8A-540F2B1F0913}.Release|ARM64.ActiveCfg = Release|Any CPU
		{D6D142A6-ABD6-4150-8F8A-540F2B1F0913}.Release|ARM64.Build.0 = Release|Any CPU
		{D6D142A6-ABD6-4150-8F8A-540F2B1F0913}.Release|iPhone.ActiveCfg = Release|Any CPU
		{D6D142A6-ABD6-4150-8F8A-540F2B1F0913}.Release|iPhone.Build.0 = Release|Any CPU
		{D6D142A6-ABD6-4150-8F8A-540F2B1F0913}.Release|iPhoneSimulator.ActiveCfg = Release|Any CPU
		{D6D142A6-ABD6-4150-8F8A-540F2B1F0913}.Release|iPhoneSimulator.Build.0 = Release|Any CPU
		{D6D142A6-ABD6-4150-8F8A-540F2B1F0913}.Release|x64.ActiveCfg = Release|Any CPU
		{D6D142A6-ABD6-4150-8F8A-540F2B1F0913}.Release|x64.Build.0 = Release|Any CPU
		{D6D142A6-ABD6-4150-8F8A-540F2B1F0913}.Release|x86.ActiveCfg = Release|Any CPU
		{D6D142A6-ABD6-4150-8F8A-540F2B1F0913}.Release|x86.Build.0 = Release|Any CPU
		{9CFA13C2-FF32-4D6D-AE13-2BA08CE683D2}.Ad-Hoc|Any CPU.ActiveCfg = Debug|Any CPU
		{9CFA13C2-FF32-4D6D-AE13-2BA08CE683D2}.Ad-Hoc|Any CPU.Build.0 = Debug|Any CPU
		{9CFA13C2-FF32-4D6D-AE13-2BA08CE683D2}.Ad-Hoc|ARM.ActiveCfg = Debug|Any CPU
		{9CFA13C2-FF32-4D6D-AE13-2BA08CE683D2}.Ad-Hoc|ARM.Build.0 = Debug|Any CPU
		{9CFA13C2-FF32-4D6D-AE13-2BA08CE683D2}.Ad-Hoc|ARM64.ActiveCfg = Debug|Any CPU
		{9CFA13C2-FF32-4D6D-AE13-2BA08CE683D2}.Ad-Hoc|ARM64.Build.0 = Debug|Any CPU
		{9CFA13C2-FF32-4D6D-AE13-2BA08CE683D2}.Ad-Hoc|iPhone.ActiveCfg = Debug|Any CPU
		{9CFA13C2-FF32-4D6D-AE13-2BA08CE683D2}.Ad-Hoc|iPhone.Build.0 = Debug|Any CPU
		{9CFA13C2-FF32-4D6D-AE13-2BA08CE683D2}.Ad-Hoc|iPhoneSimulator.ActiveCfg = Debug|Any CPU
		{9CFA13C2-FF32-4D6D-AE13-2BA08CE683D2}.Ad-Hoc|iPhoneSimulator.Build.0 = Debug|Any CPU
		{9CFA13C2-FF32-4D6D-AE13-2BA08CE683D2}.Ad-Hoc|x64.ActiveCfg = Debug|Any CPU
		{9CFA13C2-FF32-4D6D-AE13-2BA08CE683D2}.Ad-Hoc|x64.Build.0 = Debug|Any CPU
		{9CFA13C2-FF32-4D6D-AE13-2BA08CE683D2}.Ad-Hoc|x86.ActiveCfg = Debug|Any CPU
		{9CFA13C2-FF32-4D6D-AE13-2BA08CE683D2}.Ad-Hoc|x86.Build.0 = Debug|Any CPU
		{9CFA13C2-FF32-4D6D-AE13-2BA08CE683D2}.AppStore|Any CPU.ActiveCfg = Debug|Any CPU
		{9CFA13C2-FF32-4D6D-AE13-2BA08CE683D2}.AppStore|Any CPU.Build.0 = Debug|Any CPU
		{9CFA13C2-FF32-4D6D-AE13-2BA08CE683D2}.AppStore|ARM.ActiveCfg = Debug|Any CPU
		{9CFA13C2-FF32-4D6D-AE13-2BA08CE683D2}.AppStore|ARM.Build.0 = Debug|Any CPU
		{9CFA13C2-FF32-4D6D-AE13-2BA08CE683D2}.AppStore|ARM64.ActiveCfg = Debug|Any CPU
		{9CFA13C2-FF32-4D6D-AE13-2BA08CE683D2}.AppStore|ARM64.Build.0 = Debug|Any CPU
		{9CFA13C2-FF32-4D6D-AE13-2BA08CE683D2}.AppStore|iPhone.ActiveCfg = Debug|Any CPU
		{9CFA13C2-FF32-4D6D-AE13-2BA08CE683D2}.AppStore|iPhone.Build.0 = Debug|Any CPU
		{9CFA13C2-FF32-4D6D-AE13-2BA08CE683D2}.AppStore|iPhoneSimulator.ActiveCfg = Debug|Any CPU
		{9CFA13C2-FF32-4D6D-AE13-2BA08CE683D2}.AppStore|iPhoneSimulator.Build.0 = Debug|Any CPU
		{9CFA13C2-FF32-4D6D-AE13-2BA08CE683D2}.AppStore|x64.ActiveCfg = Debug|Any CPU
		{9CFA13C2-FF32-4D6D-AE13-2BA08CE683D2}.AppStore|x64.Build.0 = Debug|Any CPU
		{9CFA13C2-FF32-4D6D-AE13-2BA08CE683D2}.AppStore|x86.ActiveCfg = Debug|Any CPU
		{9CFA13C2-FF32-4D6D-AE13-2BA08CE683D2}.AppStore|x86.Build.0 = Debug|Any CPU
		{9CFA13C2-FF32-4D6D-AE13-2BA08CE683D2}.Debug|Any CPU.ActiveCfg = Debug|Any CPU
		{9CFA13C2-FF32-4D6D-AE13-2BA08CE683D2}.Debug|Any CPU.Build.0 = Debug|Any CPU
		{9CFA13C2-FF32-4D6D-AE13-2BA08CE683D2}.Debug|ARM.ActiveCfg = Debug|Any CPU
		{9CFA13C2-FF32-4D6D-AE13-2BA08CE683D2}.Debug|ARM.Build.0 = Debug|Any CPU
		{9CFA13C2-FF32-4D6D-AE13-2BA08CE683D2}.Debug|ARM64.ActiveCfg = Debug|Any CPU
		{9CFA13C2-FF32-4D6D-AE13-2BA08CE683D2}.Debug|ARM64.Build.0 = Debug|Any CPU
		{9CFA13C2-FF32-4D6D-AE13-2BA08CE683D2}.Debug|iPhone.ActiveCfg = Debug|Any CPU
		{9CFA13C2-FF32-4D6D-AE13-2BA08CE683D2}.Debug|iPhone.Build.0 = Debug|Any CPU
		{9CFA13C2-FF32-4D6D-AE13-2BA08CE683D2}.Debug|iPhoneSimulator.ActiveCfg = Debug|Any CPU
		{9CFA13C2-FF32-4D6D-AE13-2BA08CE683D2}.Debug|iPhoneSimulator.Build.0 = Debug|Any CPU
		{9CFA13C2-FF32-4D6D-AE13-2BA08CE683D2}.Debug|x64.ActiveCfg = Debug|Any CPU
		{9CFA13C2-FF32-4D6D-AE13-2BA08CE683D2}.Debug|x64.Build.0 = Debug|Any CPU
		{9CFA13C2-FF32-4D6D-AE13-2BA08CE683D2}.Debug|x86.ActiveCfg = Debug|Any CPU
		{9CFA13C2-FF32-4D6D-AE13-2BA08CE683D2}.Debug|x86.Build.0 = Debug|Any CPU
		{9CFA13C2-FF32-4D6D-AE13-2BA08CE683D2}.Release|Any CPU.ActiveCfg = Release|Any CPU
		{9CFA13C2-FF32-4D6D-AE13-2BA08CE683D2}.Release|Any CPU.Build.0 = Release|Any CPU
		{9CFA13C2-FF32-4D6D-AE13-2BA08CE683D2}.Release|ARM.ActiveCfg = Release|Any CPU
		{9CFA13C2-FF32-4D6D-AE13-2BA08CE683D2}.Release|ARM.Build.0 = Release|Any CPU
		{9CFA13C2-FF32-4D6D-AE13-2BA08CE683D2}.Release|ARM64.ActiveCfg = Release|Any CPU
		{9CFA13C2-FF32-4D6D-AE13-2BA08CE683D2}.Release|ARM64.Build.0 = Release|Any CPU
		{9CFA13C2-FF32-4D6D-AE13-2BA08CE683D2}.Release|iPhone.ActiveCfg = Release|Any CPU
		{9CFA13C2-FF32-4D6D-AE13-2BA08CE683D2}.Release|iPhone.Build.0 = Release|Any CPU
		{9CFA13C2-FF32-4D6D-AE13-2BA08CE683D2}.Release|iPhoneSimulator.ActiveCfg = Release|Any CPU
		{9CFA13C2-FF32-4D6D-AE13-2BA08CE683D2}.Release|iPhoneSimulator.Build.0 = Release|Any CPU
		{9CFA13C2-FF32-4D6D-AE13-2BA08CE683D2}.Release|x64.ActiveCfg = Release|Any CPU
		{9CFA13C2-FF32-4D6D-AE13-2BA08CE683D2}.Release|x64.Build.0 = Release|Any CPU
		{9CFA13C2-FF32-4D6D-AE13-2BA08CE683D2}.Release|x86.ActiveCfg = Release|Any CPU
		{9CFA13C2-FF32-4D6D-AE13-2BA08CE683D2}.Release|x86.Build.0 = Release|Any CPU
		{845EF5B1-BAEA-4EBD-8192-EDBBD08CD18D}.Ad-Hoc|Any CPU.ActiveCfg = Debug|Any CPU
		{845EF5B1-BAEA-4EBD-8192-EDBBD08CD18D}.Ad-Hoc|Any CPU.Build.0 = Debug|Any CPU
		{845EF5B1-BAEA-4EBD-8192-EDBBD08CD18D}.Ad-Hoc|ARM.ActiveCfg = Debug|Any CPU
		{845EF5B1-BAEA-4EBD-8192-EDBBD08CD18D}.Ad-Hoc|ARM.Build.0 = Debug|Any CPU
		{845EF5B1-BAEA-4EBD-8192-EDBBD08CD18D}.Ad-Hoc|ARM64.ActiveCfg = Debug|Any CPU
		{845EF5B1-BAEA-4EBD-8192-EDBBD08CD18D}.Ad-Hoc|ARM64.Build.0 = Debug|Any CPU
		{845EF5B1-BAEA-4EBD-8192-EDBBD08CD18D}.Ad-Hoc|iPhone.ActiveCfg = Debug|Any CPU
		{845EF5B1-BAEA-4EBD-8192-EDBBD08CD18D}.Ad-Hoc|iPhone.Build.0 = Debug|Any CPU
		{845EF5B1-BAEA-4EBD-8192-EDBBD08CD18D}.Ad-Hoc|iPhoneSimulator.ActiveCfg = Debug|Any CPU
		{845EF5B1-BAEA-4EBD-8192-EDBBD08CD18D}.Ad-Hoc|iPhoneSimulator.Build.0 = Debug|Any CPU
		{845EF5B1-BAEA-4EBD-8192-EDBBD08CD18D}.Ad-Hoc|x64.ActiveCfg = Debug|Any CPU
		{845EF5B1-BAEA-4EBD-8192-EDBBD08CD18D}.Ad-Hoc|x64.Build.0 = Debug|Any CPU
		{845EF5B1-BAEA-4EBD-8192-EDBBD08CD18D}.Ad-Hoc|x86.ActiveCfg = Debug|Any CPU
		{845EF5B1-BAEA-4EBD-8192-EDBBD08CD18D}.Ad-Hoc|x86.Build.0 = Debug|Any CPU
		{845EF5B1-BAEA-4EBD-8192-EDBBD08CD18D}.AppStore|Any CPU.ActiveCfg = Debug|Any CPU
		{845EF5B1-BAEA-4EBD-8192-EDBBD08CD18D}.AppStore|Any CPU.Build.0 = Debug|Any CPU
		{845EF5B1-BAEA-4EBD-8192-EDBBD08CD18D}.AppStore|ARM.ActiveCfg = Debug|Any CPU
		{845EF5B1-BAEA-4EBD-8192-EDBBD08CD18D}.AppStore|ARM.Build.0 = Debug|Any CPU
		{845EF5B1-BAEA-4EBD-8192-EDBBD08CD18D}.AppStore|ARM64.ActiveCfg = Debug|Any CPU
		{845EF5B1-BAEA-4EBD-8192-EDBBD08CD18D}.AppStore|ARM64.Build.0 = Debug|Any CPU
		{845EF5B1-BAEA-4EBD-8192-EDBBD08CD18D}.AppStore|iPhone.ActiveCfg = Debug|Any CPU
		{845EF5B1-BAEA-4EBD-8192-EDBBD08CD18D}.AppStore|iPhone.Build.0 = Debug|Any CPU
		{845EF5B1-BAEA-4EBD-8192-EDBBD08CD18D}.AppStore|iPhoneSimulator.ActiveCfg = Debug|Any CPU
		{845EF5B1-BAEA-4EBD-8192-EDBBD08CD18D}.AppStore|iPhoneSimulator.Build.0 = Debug|Any CPU
		{845EF5B1-BAEA-4EBD-8192-EDBBD08CD18D}.AppStore|x64.ActiveCfg = Debug|Any CPU
		{845EF5B1-BAEA-4EBD-8192-EDBBD08CD18D}.AppStore|x64.Build.0 = Debug|Any CPU
		{845EF5B1-BAEA-4EBD-8192-EDBBD08CD18D}.AppStore|x86.ActiveCfg = Debug|Any CPU
		{845EF5B1-BAEA-4EBD-8192-EDBBD08CD18D}.AppStore|x86.Build.0 = Debug|Any CPU
		{845EF5B1-BAEA-4EBD-8192-EDBBD08CD18D}.Debug|Any CPU.ActiveCfg = Debug|Any CPU
		{845EF5B1-BAEA-4EBD-8192-EDBBD08CD18D}.Debug|Any CPU.Build.0 = Debug|Any CPU
		{845EF5B1-BAEA-4EBD-8192-EDBBD08CD18D}.Debug|ARM.ActiveCfg = Debug|Any CPU
		{845EF5B1-BAEA-4EBD-8192-EDBBD08CD18D}.Debug|ARM.Build.0 = Debug|Any CPU
		{845EF5B1-BAEA-4EBD-8192-EDBBD08CD18D}.Debug|ARM64.ActiveCfg = Debug|Any CPU
		{845EF5B1-BAEA-4EBD-8192-EDBBD08CD18D}.Debug|ARM64.Build.0 = Debug|Any CPU
		{845EF5B1-BAEA-4EBD-8192-EDBBD08CD18D}.Debug|iPhone.ActiveCfg = Debug|Any CPU
		{845EF5B1-BAEA-4EBD-8192-EDBBD08CD18D}.Debug|iPhone.Build.0 = Debug|Any CPU
		{845EF5B1-BAEA-4EBD-8192-EDBBD08CD18D}.Debug|iPhoneSimulator.ActiveCfg = Debug|Any CPU
		{845EF5B1-BAEA-4EBD-8192-EDBBD08CD18D}.Debug|iPhoneSimulator.Build.0 = Debug|Any CPU
		{845EF5B1-BAEA-4EBD-8192-EDBBD08CD18D}.Debug|x64.ActiveCfg = Debug|Any CPU
		{845EF5B1-BAEA-4EBD-8192-EDBBD08CD18D}.Debug|x64.Build.0 = Debug|Any CPU
		{845EF5B1-BAEA-4EBD-8192-EDBBD08CD18D}.Debug|x86.ActiveCfg = Debug|Any CPU
		{845EF5B1-BAEA-4EBD-8192-EDBBD08CD18D}.Debug|x86.Build.0 = Debug|Any CPU
		{845EF5B1-BAEA-4EBD-8192-EDBBD08CD18D}.Release|Any CPU.ActiveCfg = Release|Any CPU
		{845EF5B1-BAEA-4EBD-8192-EDBBD08CD18D}.Release|Any CPU.Build.0 = Release|Any CPU
		{845EF5B1-BAEA-4EBD-8192-EDBBD08CD18D}.Release|ARM.ActiveCfg = Release|Any CPU
		{845EF5B1-BAEA-4EBD-8192-EDBBD08CD18D}.Release|ARM.Build.0 = Release|Any CPU
		{845EF5B1-BAEA-4EBD-8192-EDBBD08CD18D}.Release|ARM64.ActiveCfg = Release|Any CPU
		{845EF5B1-BAEA-4EBD-8192-EDBBD08CD18D}.Release|ARM64.Build.0 = Release|Any CPU
		{845EF5B1-BAEA-4EBD-8192-EDBBD08CD18D}.Release|iPhone.ActiveCfg = Release|Any CPU
		{845EF5B1-BAEA-4EBD-8192-EDBBD08CD18D}.Release|iPhone.Build.0 = Release|Any CPU
		{845EF5B1-BAEA-4EBD-8192-EDBBD08CD18D}.Release|iPhoneSimulator.ActiveCfg = Release|Any CPU
		{845EF5B1-BAEA-4EBD-8192-EDBBD08CD18D}.Release|iPhoneSimulator.Build.0 = Release|Any CPU
		{845EF5B1-BAEA-4EBD-8192-EDBBD08CD18D}.Release|x64.ActiveCfg = Release|Any CPU
		{845EF5B1-BAEA-4EBD-8192-EDBBD08CD18D}.Release|x64.Build.0 = Release|Any CPU
		{845EF5B1-BAEA-4EBD-8192-EDBBD08CD18D}.Release|x86.ActiveCfg = Release|Any CPU
		{845EF5B1-BAEA-4EBD-8192-EDBBD08CD18D}.Release|x86.Build.0 = Release|Any CPU
		{A0A0A1BD-F8F8-4007-8635-81A8C2629B61}.Ad-Hoc|Any CPU.ActiveCfg = Debug|Any CPU
		{A0A0A1BD-F8F8-4007-8635-81A8C2629B61}.Ad-Hoc|Any CPU.Build.0 = Debug|Any CPU
		{A0A0A1BD-F8F8-4007-8635-81A8C2629B61}.Ad-Hoc|ARM.ActiveCfg = Debug|Any CPU
		{A0A0A1BD-F8F8-4007-8635-81A8C2629B61}.Ad-Hoc|ARM.Build.0 = Debug|Any CPU
		{A0A0A1BD-F8F8-4007-8635-81A8C2629B61}.Ad-Hoc|ARM64.ActiveCfg = Debug|Any CPU
		{A0A0A1BD-F8F8-4007-8635-81A8C2629B61}.Ad-Hoc|ARM64.Build.0 = Debug|Any CPU
		{A0A0A1BD-F8F8-4007-8635-81A8C2629B61}.Ad-Hoc|iPhone.ActiveCfg = Debug|Any CPU
		{A0A0A1BD-F8F8-4007-8635-81A8C2629B61}.Ad-Hoc|iPhone.Build.0 = Debug|Any CPU
		{A0A0A1BD-F8F8-4007-8635-81A8C2629B61}.Ad-Hoc|iPhoneSimulator.ActiveCfg = Debug|Any CPU
		{A0A0A1BD-F8F8-4007-8635-81A8C2629B61}.Ad-Hoc|iPhoneSimulator.Build.0 = Debug|Any CPU
		{A0A0A1BD-F8F8-4007-8635-81A8C2629B61}.Ad-Hoc|x64.ActiveCfg = Debug|Any CPU
		{A0A0A1BD-F8F8-4007-8635-81A8C2629B61}.Ad-Hoc|x64.Build.0 = Debug|Any CPU
		{A0A0A1BD-F8F8-4007-8635-81A8C2629B61}.Ad-Hoc|x86.ActiveCfg = Debug|Any CPU
		{A0A0A1BD-F8F8-4007-8635-81A8C2629B61}.Ad-Hoc|x86.Build.0 = Debug|Any CPU
		{A0A0A1BD-F8F8-4007-8635-81A8C2629B61}.AppStore|Any CPU.ActiveCfg = Debug|Any CPU
		{A0A0A1BD-F8F8-4007-8635-81A8C2629B61}.AppStore|Any CPU.Build.0 = Debug|Any CPU
		{A0A0A1BD-F8F8-4007-8635-81A8C2629B61}.AppStore|ARM.ActiveCfg = Debug|Any CPU
		{A0A0A1BD-F8F8-4007-8635-81A8C2629B61}.AppStore|ARM.Build.0 = Debug|Any CPU
		{A0A0A1BD-F8F8-4007-8635-81A8C2629B61}.AppStore|ARM64.ActiveCfg = Debug|Any CPU
		{A0A0A1BD-F8F8-4007-8635-81A8C2629B61}.AppStore|ARM64.Build.0 = Debug|Any CPU
		{A0A0A1BD-F8F8-4007-8635-81A8C2629B61}.AppStore|iPhone.ActiveCfg = Debug|Any CPU
		{A0A0A1BD-F8F8-4007-8635-81A8C2629B61}.AppStore|iPhone.Build.0 = Debug|Any CPU
		{A0A0A1BD-F8F8-4007-8635-81A8C2629B61}.AppStore|iPhoneSimulator.ActiveCfg = Debug|Any CPU
		{A0A0A1BD-F8F8-4007-8635-81A8C2629B61}.AppStore|iPhoneSimulator.Build.0 = Debug|Any CPU
		{A0A0A1BD-F8F8-4007-8635-81A8C2629B61}.AppStore|x64.ActiveCfg = Debug|Any CPU
		{A0A0A1BD-F8F8-4007-8635-81A8C2629B61}.AppStore|x64.Build.0 = Debug|Any CPU
		{A0A0A1BD-F8F8-4007-8635-81A8C2629B61}.AppStore|x86.ActiveCfg = Debug|Any CPU
		{A0A0A1BD-F8F8-4007-8635-81A8C2629B61}.AppStore|x86.Build.0 = Debug|Any CPU
		{A0A0A1BD-F8F8-4007-8635-81A8C2629B61}.Debug|Any CPU.ActiveCfg = Debug|Any CPU
		{A0A0A1BD-F8F8-4007-8635-81A8C2629B61}.Debug|Any CPU.Build.0 = Debug|Any CPU
		{A0A0A1BD-F8F8-4007-8635-81A8C2629B61}.Debug|ARM.ActiveCfg = Debug|Any CPU
		{A0A0A1BD-F8F8-4007-8635-81A8C2629B61}.Debug|ARM.Build.0 = Debug|Any CPU
		{A0A0A1BD-F8F8-4007-8635-81A8C2629B61}.Debug|ARM64.ActiveCfg = Debug|Any CPU
		{A0A0A1BD-F8F8-4007-8635-81A8C2629B61}.Debug|ARM64.Build.0 = Debug|Any CPU
		{A0A0A1BD-F8F8-4007-8635-81A8C2629B61}.Debug|iPhone.ActiveCfg = Debug|Any CPU
		{A0A0A1BD-F8F8-4007-8635-81A8C2629B61}.Debug|iPhone.Build.0 = Debug|Any CPU
		{A0A0A1BD-F8F8-4007-8635-81A8C2629B61}.Debug|iPhoneSimulator.ActiveCfg = Debug|Any CPU
		{A0A0A1BD-F8F8-4007-8635-81A8C2629B61}.Debug|iPhoneSimulator.Build.0 = Debug|Any CPU
		{A0A0A1BD-F8F8-4007-8635-81A8C2629B61}.Debug|x64.ActiveCfg = Debug|Any CPU
		{A0A0A1BD-F8F8-4007-8635-81A8C2629B61}.Debug|x64.Build.0 = Debug|Any CPU
		{A0A0A1BD-F8F8-4007-8635-81A8C2629B61}.Debug|x86.ActiveCfg = Debug|Any CPU
		{A0A0A1BD-F8F8-4007-8635-81A8C2629B61}.Debug|x86.Build.0 = Debug|Any CPU
		{A0A0A1BD-F8F8-4007-8635-81A8C2629B61}.Release|Any CPU.ActiveCfg = Release|Any CPU
		{A0A0A1BD-F8F8-4007-8635-81A8C2629B61}.Release|Any CPU.Build.0 = Release|Any CPU
		{A0A0A1BD-F8F8-4007-8635-81A8C2629B61}.Release|ARM.ActiveCfg = Release|Any CPU
		{A0A0A1BD-F8F8-4007-8635-81A8C2629B61}.Release|ARM.Build.0 = Release|Any CPU
		{A0A0A1BD-F8F8-4007-8635-81A8C2629B61}.Release|ARM64.ActiveCfg = Release|Any CPU
		{A0A0A1BD-F8F8-4007-8635-81A8C2629B61}.Release|ARM64.Build.0 = Release|Any CPU
		{A0A0A1BD-F8F8-4007-8635-81A8C2629B61}.Release|iPhone.ActiveCfg = Release|Any CPU
		{A0A0A1BD-F8F8-4007-8635-81A8C2629B61}.Release|iPhone.Build.0 = Release|Any CPU
		{A0A0A1BD-F8F8-4007-8635-81A8C2629B61}.Release|iPhoneSimulator.ActiveCfg = Release|Any CPU
		{A0A0A1BD-F8F8-4007-8635-81A8C2629B61}.Release|iPhoneSimulator.Build.0 = Release|Any CPU
		{A0A0A1BD-F8F8-4007-8635-81A8C2629B61}.Release|x64.ActiveCfg = Release|Any CPU
		{A0A0A1BD-F8F8-4007-8635-81A8C2629B61}.Release|x64.Build.0 = Release|Any CPU
		{A0A0A1BD-F8F8-4007-8635-81A8C2629B61}.Release|x86.ActiveCfg = Release|Any CPU
		{A0A0A1BD-F8F8-4007-8635-81A8C2629B61}.Release|x86.Build.0 = Release|Any CPU
	EndGlobalSection
	GlobalSection(SolutionProperties) = preSolution
		HideSolutionNode = FALSE
	EndGlobalSection
	GlobalSection(NestedProjects) = preSolution
		{EEE9BB84-53B2-4B30-A818-A6871E74401A} = {71DBFAB0-495A-4E57-B8FE-2EB18D99E95B}
		{F1B6AEF9-0470-4135-84AB-CC512B03524E} = {71DBFAB0-495A-4E57-B8FE-2EB18D99E95B}
		{CA351C14-C512-47E7-9E05-B8D7852D2645} = {71DBFAB0-495A-4E57-B8FE-2EB18D99E95B}
		{A2716247-89F7-4F28-8806-5354B269495A} = {71DBFAB0-495A-4E57-B8FE-2EB18D99E95B}
		{1FFD10B1-6291-4F8E-98E5-F5235C1B54B8} = {71DBFAB0-495A-4E57-B8FE-2EB18D99E95B}
		{D6D142A6-ABD6-4150-8F8A-540F2B1F0913} = {71DBFAB0-495A-4E57-B8FE-2EB18D99E95B}
		{9CFA13C2-FF32-4D6D-AE13-2BA08CE683D2} = {71DBFAB0-495A-4E57-B8FE-2EB18D99E95B}
		{845EF5B1-BAEA-4EBD-8192-EDBBD08CD18D} = {71DBFAB0-495A-4E57-B8FE-2EB18D99E95B}
		{A0A0A1BD-F8F8-4007-8635-81A8C2629B61} = {71DBFAB0-495A-4E57-B8FE-2EB18D99E95B}
	EndGlobalSection
	GlobalSection(ExtensibilityGlobals) = postSolution
		SolutionGuid = {E8B0AB9D-DBDE-486D-9054-8E167054961A}
	EndGlobalSection
EndGlobal
