
Microsoft Visual Studio Solution File, Format Version 12.00
# Visual Studio Version 16
VisualStudioVersion = 16.0.28803.352
MinimumVisualStudioVersion = 10.0.40219.1
Project("{2150E333-8FDC-42A3-9474-1A3956D46DE8}") = "Samples", "Samples", "{BBAFEB1E-93C0-4C7E-8E0A-026BB05C88EC}"
EndProject
Project("{6EC3EE1D-3C4E-46DD-8F32-0CC8E7565705}") = "Elmish.Uno", "Elmish.Uno\Elmish.Uno.fsproj", "{8C6E8D34-7205-4C57-9722-87E30E4FC5CE}"
EndProject
Project("{6EC3EE1D-3C4E-46DD-8F32-0CC8E7565705}") = "Elmish.Uno.Tests", "Elmish.Uno.Tests\Elmish.Uno.Tests.fsproj", "{54DFF909-F5DF-48A9-B57D-E57B0EE743FF}"
EndProject
Project("{2150E333-8FDC-42A3-9474-1A3956D46DE8}") = "Solution Items", "Solution Items", "{51DF5F61-CE23-4BB5-A1D6-8421974B760B}"
	ProjectSection(SolutionItems) = preProject
		..\.editorconfig = ..\.editorconfig
		..\global.json = ..\global.json
		..\README.md = ..\README.md
		..\RELEASE_NOTES.md = ..\RELEASE_NOTES.md
		..\TUTORIAL.md = ..\TUTORIAL.md
	EndProjectSection
EndProject
Project("{6EC3EE1D-3C4E-46DD-8F32-0CC8E7565705}") = "Elmish.Uno.Mobile", "Elmish.Uno.Mobile\Elmish.Uno.Mobile.fsproj", "{910A4D58-ADB0-46E5-9587-9DBD132771CB}"
EndProject
Project("{FAE04EC0-301F-11D3-BF4B-00C04F79EFBC}") = "Elmish.Uno.Uwp", "Elmish.Uno.Uwp\Elmish.Uno.Uwp.csproj", "{E8FAB67C-C113-4E2C-B28C-7BA8EB3559C3}"
EndProject
Project("{FAE04EC0-301F-11D3-BF4B-00C04F79EFBC}") = "Samples.Droid", "Samples\Samples.Droid\Samples.Droid.csproj", "{3DE4429B-5BB1-423F-B529-8AD31E841DB3}"
EndProject
Project("{FAE04EC0-301F-11D3-BF4B-00C04F79EFBC}") = "Samples.iOS", "Samples\Samples.iOS\Samples.iOS.csproj", "{67476367-BB0B-4A84-B8BB-7ED4ED2F1CD6}"
EndProject
Project("{FAE04EC0-301F-11D3-BF4B-00C04F79EFBC}") = "Samples.UWP", "Samples\Samples.UWP\Samples.UWP.csproj", "{E025D4A5-F4D9-44CF-80DF-B81A9EE5DB0E}"
EndProject
Project("{9A19103F-16F7-4668-BE54-9A1E7A4F7556}") = "Samples.Wasm", "Samples\Samples.Wasm\Samples.Wasm.csproj", "{87559180-DF2A-4509-9026-0C2DD7CB02FF}"
EndProject
Project("{FAE04EC0-301F-11D3-BF4B-00C04F79EFBC}") = "Samples.macOS", "Samples\Samples.macOS\Samples.macOS.csproj", "{39D21008-549B-42ED-8640-3B9AAEFB2921}"
EndProject
Project("{9A19103F-16F7-4668-BE54-9A1E7A4F7556}") = "Samples.Skia.Wpf.Host", "Samples\Samples.Skia.Wpf.Host\Samples.Skia.Wpf.Host.csproj", "{8BD056C8-D493-4D8B-A48B-EC57316BCE63}"
EndProject
Project("{9A19103F-16F7-4668-BE54-9A1E7A4F7556}") = "Samples.Skia.Wpf", "Samples\Samples.Skia.Wpf\Samples.Skia.Wpf.csproj", "{34369F3F-EE29-46DD-872C-DBD8CA47DF7B}"
EndProject
Project("{9A19103F-16F7-4668-BE54-9A1E7A4F7556}") = "Samples.Skia.Gtk", "Samples\Samples.Skia.Gtk\Samples.Skia.Gtk.csproj", "{601A443E-5E39-41AA-8CE8-A999AE72C135}"
EndProject
Project("{9A19103F-16F7-4668-BE54-9A1E7A4F7556}") = "Samples.Skia.Tizen", "Samples\Samples.Skia.Tizen\Samples.Skia.Tizen.csproj", "{15EC273E-75F5-48E0-AEEB-84ED5A5F0DC4}"
EndProject
Project("{D954291E-2A0B-460D-934E-DC6B0785DB48}") = "Samples.Shared", "Samples\Samples.Shared\Samples.Shared.shproj", "{6279C845-92F8-4333-AB99-3D213163593C}"
EndProject
Project("{6EC3EE1D-3C4E-46DD-8F32-0CC8E7565705}") = "Samples", "Samples\Samples\Samples.fsproj", "{25668814-618E-4EBF-BC4D-716F38589F0A}"
EndProject
Global
	GlobalSection(SharedMSBuildProjectFiles) = preSolution
		Samples\Samples.Shared\Samples.Shared.projitems*{39d21008-549b-42ed-8640-3b9aaefb2921}*SharedItemsImports = 4
		Samples\Samples.Shared\Samples.Shared.projitems*{3de4429b-5bb1-423f-b529-8ad31e841db3}*SharedItemsImports = 4
		Samples\Samples.Shared\Samples.Shared.projitems*{6279c845-92f8-4333-ab99-3d213163593c}*SharedItemsImports = 13
		Samples\Samples.Shared\Samples.Shared.projitems*{67476367-bb0b-4a84-b8bb-7ed4ed2f1cd6}*SharedItemsImports = 4
		Samples\Samples.Shared\Samples.Shared.projitems*{87559180-df2a-4509-9026-0c2dd7cb02ff}*SharedItemsImports = 5
	EndGlobalSection
	GlobalSection(SolutionConfigurationPlatforms) = preSolution
		Ad-Hoc|Any CPU = Ad-Hoc|Any CPU
		Ad-Hoc|ARM = Ad-Hoc|ARM
		Ad-Hoc|ARM64 = Ad-Hoc|ARM64
		Ad-Hoc|iPhone = Ad-Hoc|iPhone
		Ad-Hoc|iPhoneSimulator = Ad-Hoc|iPhoneSimulator
		Ad-Hoc|x64 = Ad-Hoc|x64
		Ad-Hoc|x86 = Ad-Hoc|x86
		AppStore|Any CPU = AppStore|Any CPU
		AppStore|ARM = AppStore|ARM
		AppStore|ARM64 = AppStore|ARM64
		AppStore|iPhone = AppStore|iPhone
		AppStore|iPhoneSimulator = AppStore|iPhoneSimulator
		AppStore|x64 = AppStore|x64
		AppStore|x86 = AppStore|x86
		Debug|Any CPU = Debug|Any CPU
		Debug|ARM = Debug|ARM
		Debug|ARM64 = Debug|ARM64
		Debug|iPhone = Debug|iPhone
		Debug|iPhoneSimulator = Debug|iPhoneSimulator
		Debug|x64 = Debug|x64
		Debug|x86 = Debug|x86
		Release|Any CPU = Release|Any CPU
		Release|ARM = Release|ARM
		Release|ARM64 = Release|ARM64
		Release|iPhone = Release|iPhone
		Release|iPhoneSimulator = Release|iPhoneSimulator
		Release|x64 = Release|x64
		Release|x86 = Release|x86
	EndGlobalSection
	GlobalSection(ProjectConfigurationPlatforms) = postSolution
		{8C6E8D34-7205-4C57-9722-87E30E4FC5CE}.Ad-Hoc|Any CPU.ActiveCfg = Release|Any CPU
		{8C6E8D34-7205-4C57-9722-87E30E4FC5CE}.Ad-Hoc|Any CPU.Build.0 = Release|Any CPU
		{8C6E8D34-7205-4C57-9722-87E30E4FC5CE}.Ad-Hoc|ARM.ActiveCfg = Release|Any CPU
		{8C6E8D34-7205-4C57-9722-87E30E4FC5CE}.Ad-Hoc|ARM.Build.0 = Release|Any CPU
		{8C6E8D34-7205-4C57-9722-87E30E4FC5CE}.Ad-Hoc|ARM64.ActiveCfg = Release|Any CPU
		{8C6E8D34-7205-4C57-9722-87E30E4FC5CE}.Ad-Hoc|ARM64.Build.0 = Release|Any CPU
		{8C6E8D34-7205-4C57-9722-87E30E4FC5CE}.Ad-Hoc|iPhone.ActiveCfg = Release|Any CPU
		{8C6E8D34-7205-4C57-9722-87E30E4FC5CE}.Ad-Hoc|iPhone.Build.0 = Release|Any CPU
		{8C6E8D34-7205-4C57-9722-87E30E4FC5CE}.Ad-Hoc|iPhoneSimulator.ActiveCfg = Release|Any CPU
		{8C6E8D34-7205-4C57-9722-87E30E4FC5CE}.Ad-Hoc|iPhoneSimulator.Build.0 = Release|Any CPU
		{8C6E8D34-7205-4C57-9722-87E30E4FC5CE}.Ad-Hoc|x64.ActiveCfg = Release|Any CPU
		{8C6E8D34-7205-4C57-9722-87E30E4FC5CE}.Ad-Hoc|x64.Build.0 = Release|Any CPU
		{8C6E8D34-7205-4C57-9722-87E30E4FC5CE}.Ad-Hoc|x86.ActiveCfg = Release|Any CPU
		{8C6E8D34-7205-4C57-9722-87E30E4FC5CE}.Ad-Hoc|x86.Build.0 = Release|Any CPU
		{8C6E8D34-7205-4C57-9722-87E30E4FC5CE}.AppStore|Any CPU.ActiveCfg = Release|Any CPU
		{8C6E8D34-7205-4C57-9722-87E30E4FC5CE}.AppStore|Any CPU.Build.0 = Release|Any CPU
		{8C6E8D34-7205-4C57-9722-87E30E4FC5CE}.AppStore|ARM.ActiveCfg = Release|Any CPU
		{8C6E8D34-7205-4C57-9722-87E30E4FC5CE}.AppStore|ARM.Build.0 = Release|Any CPU
		{8C6E8D34-7205-4C57-9722-87E30E4FC5CE}.AppStore|ARM64.ActiveCfg = Release|Any CPU
		{8C6E8D34-7205-4C57-9722-87E30E4FC5CE}.AppStore|ARM64.Build.0 = Release|Any CPU
		{8C6E8D34-7205-4C57-9722-87E30E4FC5CE}.AppStore|iPhone.ActiveCfg = Release|Any CPU
		{8C6E8D34-7205-4C57-9722-87E30E4FC5CE}.AppStore|iPhone.Build.0 = Release|Any CPU
		{8C6E8D34-7205-4C57-9722-87E30E4FC5CE}.AppStore|iPhoneSimulator.ActiveCfg = Release|Any CPU
		{8C6E8D34-7205-4C57-9722-87E30E4FC5CE}.AppStore|iPhoneSimulator.Build.0 = Release|Any CPU
		{8C6E8D34-7205-4C57-9722-87E30E4FC5CE}.AppStore|x64.ActiveCfg = Release|Any CPU
		{8C6E8D34-7205-4C57-9722-87E30E4FC5CE}.AppStore|x64.Build.0 = Release|Any CPU
		{8C6E8D34-7205-4C57-9722-87E30E4FC5CE}.AppStore|x86.ActiveCfg = Release|Any CPU
		{8C6E8D34-7205-4C57-9722-87E30E4FC5CE}.AppStore|x86.Build.0 = Release|Any CPU
		{8C6E8D34-7205-4C57-9722-87E30E4FC5CE}.Debug|Any CPU.ActiveCfg = Debug|Any CPU
		{8C6E8D34-7205-4C57-9722-87E30E4FC5CE}.Debug|Any CPU.Build.0 = Debug|Any CPU
		{8C6E8D34-7205-4C57-9722-87E30E4FC5CE}.Debug|ARM.ActiveCfg = Debug|Any CPU
		{8C6E8D34-7205-4C57-9722-87E30E4FC5CE}.Debug|ARM.Build.0 = Debug|Any CPU
		{8C6E8D34-7205-4C57-9722-87E30E4FC5CE}.Debug|ARM64.ActiveCfg = Debug|Any CPU
		{8C6E8D34-7205-4C57-9722-87E30E4FC5CE}.Debug|ARM64.Build.0 = Debug|Any CPU
		{8C6E8D34-7205-4C57-9722-87E30E4FC5CE}.Debug|iPhone.ActiveCfg = Debug|Any CPU
		{8C6E8D34-7205-4C57-9722-87E30E4FC5CE}.Debug|iPhone.Build.0 = Debug|Any CPU
		{8C6E8D34-7205-4C57-9722-87E30E4FC5CE}.Debug|iPhoneSimulator.ActiveCfg = Debug|Any CPU
		{8C6E8D34-7205-4C57-9722-87E30E4FC5CE}.Debug|iPhoneSimulator.Build.0 = Debug|Any CPU
		{8C6E8D34-7205-4C57-9722-87E30E4FC5CE}.Debug|x64.ActiveCfg = Debug|Any CPU
		{8C6E8D34-7205-4C57-9722-87E30E4FC5CE}.Debug|x64.Build.0 = Debug|Any CPU
		{8C6E8D34-7205-4C57-9722-87E30E4FC5CE}.Debug|x86.ActiveCfg = Debug|Any CPU
		{8C6E8D34-7205-4C57-9722-87E30E4FC5CE}.Debug|x86.Build.0 = Debug|Any CPU
		{8C6E8D34-7205-4C57-9722-87E30E4FC5CE}.Release|Any CPU.ActiveCfg = Release|Any CPU
		{8C6E8D34-7205-4C57-9722-87E30E4FC5CE}.Release|Any CPU.Build.0 = Release|Any CPU
		{8C6E8D34-7205-4C57-9722-87E30E4FC5CE}.Release|ARM.ActiveCfg = Release|Any CPU
		{8C6E8D34-7205-4C57-9722-87E30E4FC5CE}.Release|ARM.Build.0 = Release|Any CPU
		{8C6E8D34-7205-4C57-9722-87E30E4FC5CE}.Release|ARM64.ActiveCfg = Release|Any CPU
		{8C6E8D34-7205-4C57-9722-87E30E4FC5CE}.Release|ARM64.Build.0 = Release|Any CPU
		{8C6E8D34-7205-4C57-9722-87E30E4FC5CE}.Release|iPhone.ActiveCfg = Release|Any CPU
		{8C6E8D34-7205-4C57-9722-87E30E4FC5CE}.Release|iPhone.Build.0 = Release|Any CPU
		{8C6E8D34-7205-4C57-9722-87E30E4FC5CE}.Release|iPhoneSimulator.ActiveCfg = Release|Any CPU
		{8C6E8D34-7205-4C57-9722-87E30E4FC5CE}.Release|iPhoneSimulator.Build.0 = Release|Any CPU
		{8C6E8D34-7205-4C57-9722-87E30E4FC5CE}.Release|x64.ActiveCfg = Release|Any CPU
		{8C6E8D34-7205-4C57-9722-87E30E4FC5CE}.Release|x64.Build.0 = Release|Any CPU
		{8C6E8D34-7205-4C57-9722-87E30E4FC5CE}.Release|x86.ActiveCfg = Release|Any CPU
		{8C6E8D34-7205-4C57-9722-87E30E4FC5CE}.Release|x86.Build.0 = Release|Any CPU
		{54DFF909-F5DF-48A9-B57D-E57B0EE743FF}.Ad-Hoc|Any CPU.ActiveCfg = Release|Any CPU
		{54DFF909-F5DF-48A9-B57D-E57B0EE743FF}.Ad-Hoc|Any CPU.Build.0 = Release|Any CPU
		{54DFF909-F5DF-48A9-B57D-E57B0EE743FF}.Ad-Hoc|ARM.ActiveCfg = Release|Any CPU
		{54DFF909-F5DF-48A9-B57D-E57B0EE743FF}.Ad-Hoc|ARM.Build.0 = Release|Any CPU
		{54DFF909-F5DF-48A9-B57D-E57B0EE743FF}.Ad-Hoc|ARM64.ActiveCfg = Release|Any CPU
		{54DFF909-F5DF-48A9-B57D-E57B0EE743FF}.Ad-Hoc|ARM64.Build.0 = Release|Any CPU
		{54DFF909-F5DF-48A9-B57D-E57B0EE743FF}.Ad-Hoc|iPhone.ActiveCfg = Release|Any CPU
		{54DFF909-F5DF-48A9-B57D-E57B0EE743FF}.Ad-Hoc|iPhone.Build.0 = Release|Any CPU
		{54DFF909-F5DF-48A9-B57D-E57B0EE743FF}.Ad-Hoc|iPhoneSimulator.ActiveCfg = Release|Any CPU
		{54DFF909-F5DF-48A9-B57D-E57B0EE743FF}.Ad-Hoc|iPhoneSimulator.Build.0 = Release|Any CPU
		{54DFF909-F5DF-48A9-B57D-E57B0EE743FF}.Ad-Hoc|x64.ActiveCfg = Release|Any CPU
		{54DFF909-F5DF-48A9-B57D-E57B0EE743FF}.Ad-Hoc|x64.Build.0 = Release|Any CPU
		{54DFF909-F5DF-48A9-B57D-E57B0EE743FF}.Ad-Hoc|x86.ActiveCfg = Release|Any CPU
		{54DFF909-F5DF-48A9-B57D-E57B0EE743FF}.Ad-Hoc|x86.Build.0 = Release|Any CPU
		{54DFF909-F5DF-48A9-B57D-E57B0EE743FF}.AppStore|Any CPU.ActiveCfg = Release|Any CPU
		{54DFF909-F5DF-48A9-B57D-E57B0EE743FF}.AppStore|Any CPU.Build.0 = Release|Any CPU
		{54DFF909-F5DF-48A9-B57D-E57B0EE743FF}.AppStore|ARM.ActiveCfg = Release|Any CPU
		{54DFF909-F5DF-48A9-B57D-E57B0EE743FF}.AppStore|ARM.Build.0 = Release|Any CPU
		{54DFF909-F5DF-48A9-B57D-E57B0EE743FF}.AppStore|ARM64.ActiveCfg = Release|Any CPU
		{54DFF909-F5DF-48A9-B57D-E57B0EE743FF}.AppStore|ARM64.Build.0 = Release|Any CPU
		{54DFF909-F5DF-48A9-B57D-E57B0EE743FF}.AppStore|iPhone.ActiveCfg = Release|Any CPU
		{54DFF909-F5DF-48A9-B57D-E57B0EE743FF}.AppStore|iPhone.Build.0 = Release|Any CPU
		{54DFF909-F5DF-48A9-B57D-E57B0EE743FF}.AppStore|iPhoneSimulator.ActiveCfg = Release|Any CPU
		{54DFF909-F5DF-48A9-B57D-E57B0EE743FF}.AppStore|iPhoneSimulator.Build.0 = Release|Any CPU
		{54DFF909-F5DF-48A9-B57D-E57B0EE743FF}.AppStore|x64.ActiveCfg = Release|Any CPU
		{54DFF909-F5DF-48A9-B57D-E57B0EE743FF}.AppStore|x64.Build.0 = Release|Any CPU
		{54DFF909-F5DF-48A9-B57D-E57B0EE743FF}.AppStore|x86.ActiveCfg = Release|Any CPU
		{54DFF909-F5DF-48A9-B57D-E57B0EE743FF}.AppStore|x86.Build.0 = Release|Any CPU
		{54DFF909-F5DF-48A9-B57D-E57B0EE743FF}.Debug|Any CPU.ActiveCfg = Debug|Any CPU
		{54DFF909-F5DF-48A9-B57D-E57B0EE743FF}.Debug|Any CPU.Build.0 = Debug|Any CPU
		{54DFF909-F5DF-48A9-B57D-E57B0EE743FF}.Debug|ARM.ActiveCfg = Debug|Any CPU
		{54DFF909-F5DF-48A9-B57D-E57B0EE743FF}.Debug|ARM.Build.0 = Debug|Any CPU
		{54DFF909-F5DF-48A9-B57D-E57B0EE743FF}.Debug|ARM64.ActiveCfg = Debug|Any CPU
		{54DFF909-F5DF-48A9-B57D-E57B0EE743FF}.Debug|ARM64.Build.0 = Debug|Any CPU
		{54DFF909-F5DF-48A9-B57D-E57B0EE743FF}.Debug|iPhone.ActiveCfg = Debug|Any CPU
		{54DFF909-F5DF-48A9-B57D-E57B0EE743FF}.Debug|iPhone.Build.0 = Debug|Any CPU
		{54DFF909-F5DF-48A9-B57D-E57B0EE743FF}.Debug|iPhoneSimulator.ActiveCfg = Debug|Any CPU
		{54DFF909-F5DF-48A9-B57D-E57B0EE743FF}.Debug|iPhoneSimulator.Build.0 = Debug|Any CPU
		{54DFF909-F5DF-48A9-B57D-E57B0EE743FF}.Debug|x64.ActiveCfg = Debug|Any CPU
		{54DFF909-F5DF-48A9-B57D-E57B0EE743FF}.Debug|x64.Build.0 = Debug|Any CPU
		{54DFF909-F5DF-48A9-B57D-E57B0EE743FF}.Debug|x86.ActiveCfg = Debug|Any CPU
		{54DFF909-F5DF-48A9-B57D-E57B0EE743FF}.Debug|x86.Build.0 = Debug|Any CPU
		{54DFF909-F5DF-48A9-B57D-E57B0EE743FF}.Release|Any CPU.ActiveCfg = Release|Any CPU
		{54DFF909-F5DF-48A9-B57D-E57B0EE743FF}.Release|Any CPU.Build.0 = Release|Any CPU
		{54DFF909-F5DF-48A9-B57D-E57B0EE743FF}.Release|ARM.ActiveCfg = Release|Any CPU
		{54DFF909-F5DF-48A9-B57D-E57B0EE743FF}.Release|ARM.Build.0 = Release|Any CPU
		{54DFF909-F5DF-48A9-B57D-E57B0EE743FF}.Release|ARM64.ActiveCfg = Release|Any CPU
		{54DFF909-F5DF-48A9-B57D-E57B0EE743FF}.Release|ARM64.Build.0 = Release|Any CPU
		{54DFF909-F5DF-48A9-B57D-E57B0EE743FF}.Release|iPhone.ActiveCfg = Release|Any CPU
		{54DFF909-F5DF-48A9-B57D-E57B0EE743FF}.Release|iPhone.Build.0 = Release|Any CPU
		{54DFF909-F5DF-48A9-B57D-E57B0EE743FF}.Release|iPhoneSimulator.ActiveCfg = Release|Any CPU
		{54DFF909-F5DF-48A9-B57D-E57B0EE743FF}.Release|iPhoneSimulator.Build.0 = Release|Any CPU
		{54DFF909-F5DF-48A9-B57D-E57B0EE743FF}.Release|x64.ActiveCfg = Release|Any CPU
		{54DFF909-F5DF-48A9-B57D-E57B0EE743FF}.Release|x64.Build.0 = Release|Any CPU
		{54DFF909-F5DF-48A9-B57D-E57B0EE743FF}.Release|x86.ActiveCfg = Release|Any CPU
		{54DFF909-F5DF-48A9-B57D-E57B0EE743FF}.Release|x86.Build.0 = Release|Any CPU
		{910A4D58-ADB0-46E5-9587-9DBD132771CB}.Ad-Hoc|Any CPU.ActiveCfg = Release|Any CPU
		{910A4D58-ADB0-46E5-9587-9DBD132771CB}.Ad-Hoc|Any CPU.Build.0 = Release|Any CPU
		{910A4D58-ADB0-46E5-9587-9DBD132771CB}.Ad-Hoc|ARM.ActiveCfg = Release|Any CPU
		{910A4D58-ADB0-46E5-9587-9DBD132771CB}.Ad-Hoc|ARM.Build.0 = Release|Any CPU
		{910A4D58-ADB0-46E5-9587-9DBD132771CB}.Ad-Hoc|ARM64.ActiveCfg = Release|Any CPU
		{910A4D58-ADB0-46E5-9587-9DBD132771CB}.Ad-Hoc|ARM64.Build.0 = Release|Any CPU
		{910A4D58-ADB0-46E5-9587-9DBD132771CB}.Ad-Hoc|iPhone.ActiveCfg = Release|Any CPU
		{910A4D58-ADB0-46E5-9587-9DBD132771CB}.Ad-Hoc|iPhone.Build.0 = Release|Any CPU
		{910A4D58-ADB0-46E5-9587-9DBD132771CB}.Ad-Hoc|iPhoneSimulator.ActiveCfg = Release|Any CPU
		{910A4D58-ADB0-46E5-9587-9DBD132771CB}.Ad-Hoc|iPhoneSimulator.Build.0 = Release|Any CPU
		{910A4D58-ADB0-46E5-9587-9DBD132771CB}.Ad-Hoc|x64.ActiveCfg = Release|Any CPU
		{910A4D58-ADB0-46E5-9587-9DBD132771CB}.Ad-Hoc|x64.Build.0 = Release|Any CPU
		{910A4D58-ADB0-46E5-9587-9DBD132771CB}.Ad-Hoc|x86.ActiveCfg = Release|Any CPU
		{910A4D58-ADB0-46E5-9587-9DBD132771CB}.Ad-Hoc|x86.Build.0 = Release|Any CPU
		{910A4D58-ADB0-46E5-9587-9DBD132771CB}.AppStore|Any CPU.ActiveCfg = Release|Any CPU
		{910A4D58-ADB0-46E5-9587-9DBD132771CB}.AppStore|Any CPU.Build.0 = Release|Any CPU
		{910A4D58-ADB0-46E5-9587-9DBD132771CB}.AppStore|ARM.ActiveCfg = Release|Any CPU
		{910A4D58-ADB0-46E5-9587-9DBD132771CB}.AppStore|ARM.Build.0 = Release|Any CPU
		{910A4D58-ADB0-46E5-9587-9DBD132771CB}.AppStore|ARM64.ActiveCfg = Release|Any CPU
		{910A4D58-ADB0-46E5-9587-9DBD132771CB}.AppStore|ARM64.Build.0 = Release|Any CPU
		{910A4D58-ADB0-46E5-9587-9DBD132771CB}.AppStore|iPhone.ActiveCfg = Release|Any CPU
		{910A4D58-ADB0-46E5-9587-9DBD132771CB}.AppStore|iPhone.Build.0 = Release|Any CPU
		{910A4D58-ADB0-46E5-9587-9DBD132771CB}.AppStore|iPhoneSimulator.ActiveCfg = Release|Any CPU
		{910A4D58-ADB0-46E5-9587-9DBD132771CB}.AppStore|iPhoneSimulator.Build.0 = Release|Any CPU
		{910A4D58-ADB0-46E5-9587-9DBD132771CB}.AppStore|x64.ActiveCfg = Release|Any CPU
		{910A4D58-ADB0-46E5-9587-9DBD132771CB}.AppStore|x64.Build.0 = Release|Any CPU
		{910A4D58-ADB0-46E5-9587-9DBD132771CB}.AppStore|x86.ActiveCfg = Release|Any CPU
		{910A4D58-ADB0-46E5-9587-9DBD132771CB}.AppStore|x86.Build.0 = Release|Any CPU
		{910A4D58-ADB0-46E5-9587-9DBD132771CB}.Debug|Any CPU.ActiveCfg = Debug|Any CPU
		{910A4D58-ADB0-46E5-9587-9DBD132771CB}.Debug|Any CPU.Build.0 = Debug|Any CPU
		{910A4D58-ADB0-46E5-9587-9DBD132771CB}.Debug|ARM.ActiveCfg = Debug|Any CPU
		{910A4D58-ADB0-46E5-9587-9DBD132771CB}.Debug|ARM.Build.0 = Debug|Any CPU
		{910A4D58-ADB0-46E5-9587-9DBD132771CB}.Debug|ARM64.ActiveCfg = Debug|Any CPU
		{910A4D58-ADB0-46E5-9587-9DBD132771CB}.Debug|ARM64.Build.0 = Debug|Any CPU
		{910A4D58-ADB0-46E5-9587-9DBD132771CB}.Debug|iPhone.ActiveCfg = Debug|Any CPU
		{910A4D58-ADB0-46E5-9587-9DBD132771CB}.Debug|iPhone.Build.0 = Debug|Any CPU
		{910A4D58-ADB0-46E5-9587-9DBD132771CB}.Debug|iPhoneSimulator.ActiveCfg = Debug|Any CPU
		{910A4D58-ADB0-46E5-9587-9DBD132771CB}.Debug|iPhoneSimulator.Build.0 = Debug|Any CPU
		{910A4D58-ADB0-46E5-9587-9DBD132771CB}.Debug|x64.ActiveCfg = Debug|Any CPU
		{910A4D58-ADB0-46E5-9587-9DBD132771CB}.Debug|x64.Build.0 = Debug|Any CPU
		{910A4D58-ADB0-46E5-9587-9DBD132771CB}.Debug|x86.ActiveCfg = Debug|Any CPU
		{910A4D58-ADB0-46E5-9587-9DBD132771CB}.Debug|x86.Build.0 = Debug|Any CPU
		{910A4D58-ADB0-46E5-9587-9DBD132771CB}.Release|Any CPU.ActiveCfg = Release|Any CPU
		{910A4D58-ADB0-46E5-9587-9DBD132771CB}.Release|Any CPU.Build.0 = Release|Any CPU
		{910A4D58-ADB0-46E5-9587-9DBD132771CB}.Release|ARM.ActiveCfg = Release|Any CPU
		{910A4D58-ADB0-46E5-9587-9DBD132771CB}.Release|ARM.Build.0 = Release|Any CPU
		{910A4D58-ADB0-46E5-9587-9DBD132771CB}.Release|ARM64.ActiveCfg = Release|Any CPU
		{910A4D58-ADB0-46E5-9587-9DBD132771CB}.Release|ARM64.Build.0 = Release|Any CPU
		{910A4D58-ADB0-46E5-9587-9DBD132771CB}.Release|iPhone.ActiveCfg = Release|Any CPU
		{910A4D58-ADB0-46E5-9587-9DBD132771CB}.Release|iPhone.Build.0 = Release|Any CPU
		{910A4D58-ADB0-46E5-9587-9DBD132771CB}.Release|iPhoneSimulator.ActiveCfg = Release|Any CPU
		{910A4D58-ADB0-46E5-9587-9DBD132771CB}.Release|iPhoneSimulator.Build.0 = Release|Any CPU
		{910A4D58-ADB0-46E5-9587-9DBD132771CB}.Release|x64.ActiveCfg = Release|Any CPU
		{910A4D58-ADB0-46E5-9587-9DBD132771CB}.Release|x64.Build.0 = Release|Any CPU
		{910A4D58-ADB0-46E5-9587-9DBD132771CB}.Release|x86.ActiveCfg = Release|Any CPU
		{910A4D58-ADB0-46E5-9587-9DBD132771CB}.Release|x86.Build.0 = Release|Any CPU
		{E8FAB67C-C113-4E2C-B28C-7BA8EB3559C3}.Ad-Hoc|Any CPU.ActiveCfg = Release|Any CPU
		{E8FAB67C-C113-4E2C-B28C-7BA8EB3559C3}.Ad-Hoc|Any CPU.Build.0 = Release|Any CPU
		{E8FAB67C-C113-4E2C-B28C-7BA8EB3559C3}.Ad-Hoc|ARM.ActiveCfg = Release|ARM
		{E8FAB67C-C113-4E2C-B28C-7BA8EB3559C3}.Ad-Hoc|ARM.Build.0 = Release|ARM
		{E8FAB67C-C113-4E2C-B28C-7BA8EB3559C3}.Ad-Hoc|ARM64.ActiveCfg = Release|ARM64
		{E8FAB67C-C113-4E2C-B28C-7BA8EB3559C3}.Ad-Hoc|ARM64.Build.0 = Release|ARM64
		{E8FAB67C-C113-4E2C-B28C-7BA8EB3559C3}.Ad-Hoc|iPhone.ActiveCfg = Release|Any CPU
		{E8FAB67C-C113-4E2C-B28C-7BA8EB3559C3}.Ad-Hoc|iPhone.Build.0 = Release|Any CPU
		{E8FAB67C-C113-4E2C-B28C-7BA8EB3559C3}.Ad-Hoc|iPhoneSimulator.ActiveCfg = Release|Any CPU
		{E8FAB67C-C113-4E2C-B28C-7BA8EB3559C3}.Ad-Hoc|iPhoneSimulator.Build.0 = Release|Any CPU
		{E8FAB67C-C113-4E2C-B28C-7BA8EB3559C3}.Ad-Hoc|x64.ActiveCfg = Release|x64
		{E8FAB67C-C113-4E2C-B28C-7BA8EB3559C3}.Ad-Hoc|x64.Build.0 = Release|x64
		{E8FAB67C-C113-4E2C-B28C-7BA8EB3559C3}.Ad-Hoc|x86.ActiveCfg = Release|x86
		{E8FAB67C-C113-4E2C-B28C-7BA8EB3559C3}.Ad-Hoc|x86.Build.0 = Release|x86
		{E8FAB67C-C113-4E2C-B28C-7BA8EB3559C3}.AppStore|Any CPU.ActiveCfg = Release|Any CPU
		{E8FAB67C-C113-4E2C-B28C-7BA8EB3559C3}.AppStore|Any CPU.Build.0 = Release|Any CPU
		{E8FAB67C-C113-4E2C-B28C-7BA8EB3559C3}.AppStore|ARM.ActiveCfg = Release|ARM
		{E8FAB67C-C113-4E2C-B28C-7BA8EB3559C3}.AppStore|ARM.Build.0 = Release|ARM
		{E8FAB67C-C113-4E2C-B28C-7BA8EB3559C3}.AppStore|ARM64.ActiveCfg = Release|ARM64
		{E8FAB67C-C113-4E2C-B28C-7BA8EB3559C3}.AppStore|ARM64.Build.0 = Release|ARM64
		{E8FAB67C-C113-4E2C-B28C-7BA8EB3559C3}.AppStore|iPhone.ActiveCfg = Release|Any CPU
		{E8FAB67C-C113-4E2C-B28C-7BA8EB3559C3}.AppStore|iPhone.Build.0 = Release|Any CPU
		{E8FAB67C-C113-4E2C-B28C-7BA8EB3559C3}.AppStore|iPhoneSimulator.ActiveCfg = Release|Any CPU
		{E8FAB67C-C113-4E2C-B28C-7BA8EB3559C3}.AppStore|iPhoneSimulator.Build.0 = Release|Any CPU
		{E8FAB67C-C113-4E2C-B28C-7BA8EB3559C3}.AppStore|x64.ActiveCfg = Release|x64
		{E8FAB67C-C113-4E2C-B28C-7BA8EB3559C3}.AppStore|x64.Build.0 = Release|x64
		{E8FAB67C-C113-4E2C-B28C-7BA8EB3559C3}.AppStore|x86.ActiveCfg = Release|x86
		{E8FAB67C-C113-4E2C-B28C-7BA8EB3559C3}.AppStore|x86.Build.0 = Release|x86
		{E8FAB67C-C113-4E2C-B28C-7BA8EB3559C3}.Debug|Any CPU.ActiveCfg = Debug|Any CPU
		{E8FAB67C-C113-4E2C-B28C-7BA8EB3559C3}.Debug|Any CPU.Build.0 = Debug|Any CPU
		{E8FAB67C-C113-4E2C-B28C-7BA8EB3559C3}.Debug|ARM.ActiveCfg = Debug|ARM
		{E8FAB67C-C113-4E2C-B28C-7BA8EB3559C3}.Debug|ARM.Build.0 = Debug|ARM
		{E8FAB67C-C113-4E2C-B28C-7BA8EB3559C3}.Debug|ARM64.ActiveCfg = Debug|ARM64
		{E8FAB67C-C113-4E2C-B28C-7BA8EB3559C3}.Debug|ARM64.Build.0 = Debug|ARM64
		{E8FAB67C-C113-4E2C-B28C-7BA8EB3559C3}.Debug|iPhone.ActiveCfg = Debug|Any CPU
		{E8FAB67C-C113-4E2C-B28C-7BA8EB3559C3}.Debug|iPhone.Build.0 = Debug|Any CPU
		{E8FAB67C-C113-4E2C-B28C-7BA8EB3559C3}.Debug|iPhoneSimulator.ActiveCfg = Debug|Any CPU
		{E8FAB67C-C113-4E2C-B28C-7BA8EB3559C3}.Debug|iPhoneSimulator.Build.0 = Debug|Any CPU
		{E8FAB67C-C113-4E2C-B28C-7BA8EB3559C3}.Debug|x64.ActiveCfg = Debug|x64
		{E8FAB67C-C113-4E2C-B28C-7BA8EB3559C3}.Debug|x64.Build.0 = Debug|x64
		{E8FAB67C-C113-4E2C-B28C-7BA8EB3559C3}.Debug|x86.ActiveCfg = Debug|x86
		{E8FAB67C-C113-4E2C-B28C-7BA8EB3559C3}.Debug|x86.Build.0 = Debug|x86
		{E8FAB67C-C113-4E2C-B28C-7BA8EB3559C3}.Release|Any CPU.ActiveCfg = Release|Any CPU
		{E8FAB67C-C113-4E2C-B28C-7BA8EB3559C3}.Release|Any CPU.Build.0 = Release|Any CPU
		{E8FAB67C-C113-4E2C-B28C-7BA8EB3559C3}.Release|ARM.ActiveCfg = Release|ARM
		{E8FAB67C-C113-4E2C-B28C-7BA8EB3559C3}.Release|ARM.Build.0 = Release|ARM
		{E8FAB67C-C113-4E2C-B28C-7BA8EB3559C3}.Release|ARM64.ActiveCfg = Release|ARM64
		{E8FAB67C-C113-4E2C-B28C-7BA8EB3559C3}.Release|ARM64.Build.0 = Release|ARM64
		{E8FAB67C-C113-4E2C-B28C-7BA8EB3559C3}.Release|iPhone.ActiveCfg = Release|Any CPU
		{E8FAB67C-C113-4E2C-B28C-7BA8EB3559C3}.Release|iPhone.Build.0 = Release|Any CPU
		{E8FAB67C-C113-4E2C-B28C-7BA8EB3559C3}.Release|iPhoneSimulator.ActiveCfg = Release|Any CPU
		{E8FAB67C-C113-4E2C-B28C-7BA8EB3559C3}.Release|iPhoneSimulator.Build.0 = Release|Any CPU
		{E8FAB67C-C113-4E2C-B28C-7BA8EB3559C3}.Release|x64.ActiveCfg = Release|x64
		{E8FAB67C-C113-4E2C-B28C-7BA8EB3559C3}.Release|x64.Build.0 = Release|x64
		{E8FAB67C-C113-4E2C-B28C-7BA8EB3559C3}.Release|x86.ActiveCfg = Release|x86
		{E8FAB67C-C113-4E2C-B28C-7BA8EB3559C3}.Release|x86.Build.0 = Release|x86
		{3DE4429B-5BB1-423F-B529-8AD31E841DB3}.Ad-Hoc|Any CPU.ActiveCfg = Debug|Any CPU
		{3DE4429B-5BB1-423F-B529-8AD31E841DB3}.Ad-Hoc|Any CPU.Build.0 = Debug|Any CPU
		{3DE4429B-5BB1-423F-B529-8AD31E841DB3}.Ad-Hoc|Any CPU.Deploy.0 = Debug|Any CPU
		{3DE4429B-5BB1-423F-B529-8AD31E841DB3}.Ad-Hoc|ARM.ActiveCfg = Debug|Any CPU
		{3DE4429B-5BB1-423F-B529-8AD31E841DB3}.Ad-Hoc|ARM.Build.0 = Debug|Any CPU
		{3DE4429B-5BB1-423F-B529-8AD31E841DB3}.Ad-Hoc|ARM.Deploy.0 = Debug|Any CPU
		{3DE4429B-5BB1-423F-B529-8AD31E841DB3}.Ad-Hoc|ARM64.ActiveCfg = Debug|Any CPU
		{3DE4429B-5BB1-423F-B529-8AD31E841DB3}.Ad-Hoc|ARM64.Build.0 = Debug|Any CPU
		{3DE4429B-5BB1-423F-B529-8AD31E841DB3}.Ad-Hoc|ARM64.Deploy.0 = Debug|Any CPU
		{3DE4429B-5BB1-423F-B529-8AD31E841DB3}.Ad-Hoc|iPhone.ActiveCfg = Debug|Any CPU
		{3DE4429B-5BB1-423F-B529-8AD31E841DB3}.Ad-Hoc|iPhone.Build.0 = Debug|Any CPU
		{3DE4429B-5BB1-423F-B529-8AD31E841DB3}.Ad-Hoc|iPhone.Deploy.0 = Debug|Any CPU
		{3DE4429B-5BB1-423F-B529-8AD31E841DB3}.Ad-Hoc|iPhoneSimulator.ActiveCfg = Debug|Any CPU
		{3DE4429B-5BB1-423F-B529-8AD31E841DB3}.Ad-Hoc|iPhoneSimulator.Build.0 = Debug|Any CPU
		{3DE4429B-5BB1-423F-B529-8AD31E841DB3}.Ad-Hoc|iPhoneSimulator.Deploy.0 = Debug|Any CPU
		{3DE4429B-5BB1-423F-B529-8AD31E841DB3}.Ad-Hoc|x64.ActiveCfg = Debug|Any CPU
		{3DE4429B-5BB1-423F-B529-8AD31E841DB3}.Ad-Hoc|x64.Build.0 = Debug|Any CPU
		{3DE4429B-5BB1-423F-B529-8AD31E841DB3}.Ad-Hoc|x64.Deploy.0 = Debug|Any CPU
		{3DE4429B-5BB1-423F-B529-8AD31E841DB3}.Ad-Hoc|x86.ActiveCfg = Debug|Any CPU
		{3DE4429B-5BB1-423F-B529-8AD31E841DB3}.Ad-Hoc|x86.Build.0 = Debug|Any CPU
		{3DE4429B-5BB1-423F-B529-8AD31E841DB3}.Ad-Hoc|x86.Deploy.0 = Debug|Any CPU
		{3DE4429B-5BB1-423F-B529-8AD31E841DB3}.AppStore|Any CPU.ActiveCfg = Debug|Any CPU
		{3DE4429B-5BB1-423F-B529-8AD31E841DB3}.AppStore|Any CPU.Build.0 = Debug|Any CPU
		{3DE4429B-5BB1-423F-B529-8AD31E841DB3}.AppStore|Any CPU.Deploy.0 = Debug|Any CPU
		{3DE4429B-5BB1-423F-B529-8AD31E841DB3}.AppStore|ARM.ActiveCfg = Debug|Any CPU
		{3DE4429B-5BB1-423F-B529-8AD31E841DB3}.AppStore|ARM.Build.0 = Debug|Any CPU
		{3DE4429B-5BB1-423F-B529-8AD31E841DB3}.AppStore|ARM.Deploy.0 = Debug|Any CPU
		{3DE4429B-5BB1-423F-B529-8AD31E841DB3}.AppStore|ARM64.ActiveCfg = Debug|Any CPU
		{3DE4429B-5BB1-423F-B529-8AD31E841DB3}.AppStore|ARM64.Build.0 = Debug|Any CPU
		{3DE4429B-5BB1-423F-B529-8AD31E841DB3}.AppStore|ARM64.Deploy.0 = Debug|Any CPU
		{3DE4429B-5BB1-423F-B529-8AD31E841DB3}.AppStore|iPhone.ActiveCfg = Debug|Any CPU
		{3DE4429B-5BB1-423F-B529-8AD31E841DB3}.AppStore|iPhone.Build.0 = Debug|Any CPU
		{3DE4429B-5BB1-423F-B529-8AD31E841DB3}.AppStore|iPhone.Deploy.0 = Debug|Any CPU
		{3DE4429B-5BB1-423F-B529-8AD31E841DB3}.AppStore|iPhoneSimulator.ActiveCfg = Debug|Any CPU
		{3DE4429B-5BB1-423F-B529-8AD31E841DB3}.AppStore|iPhoneSimulator.Build.0 = Debug|Any CPU
		{3DE4429B-5BB1-423F-B529-8AD31E841DB3}.AppStore|iPhoneSimulator.Deploy.0 = Debug|Any CPU
		{3DE4429B-5BB1-423F-B529-8AD31E841DB3}.AppStore|x64.ActiveCfg = Debug|Any CPU
		{3DE4429B-5BB1-423F-B529-8AD31E841DB3}.AppStore|x64.Build.0 = Debug|Any CPU
		{3DE4429B-5BB1-423F-B529-8AD31E841DB3}.AppStore|x64.Deploy.0 = Debug|Any CPU
		{3DE4429B-5BB1-423F-B529-8AD31E841DB3}.AppStore|x86.ActiveCfg = Debug|Any CPU
		{3DE4429B-5BB1-423F-B529-8AD31E841DB3}.AppStore|x86.Build.0 = Debug|Any CPU
		{3DE4429B-5BB1-423F-B529-8AD31E841DB3}.AppStore|x86.Deploy.0 = Debug|Any CPU
		{3DE4429B-5BB1-423F-B529-8AD31E841DB3}.Debug|Any CPU.ActiveCfg = Debug|Any CPU
		{3DE4429B-5BB1-423F-B529-8AD31E841DB3}.Debug|Any CPU.Build.0 = Debug|Any CPU
		{3DE4429B-5BB1-423F-B529-8AD31E841DB3}.Debug|Any CPU.Deploy.0 = Debug|Any CPU
		{3DE4429B-5BB1-423F-B529-8AD31E841DB3}.Debug|ARM.ActiveCfg = Debug|Any CPU
		{3DE4429B-5BB1-423F-B529-8AD31E841DB3}.Debug|ARM.Build.0 = Debug|Any CPU
		{3DE4429B-5BB1-423F-B529-8AD31E841DB3}.Debug|ARM.Deploy.0 = Debug|Any CPU
		{3DE4429B-5BB1-423F-B529-8AD31E841DB3}.Debug|ARM64.ActiveCfg = Debug|Any CPU
		{3DE4429B-5BB1-423F-B529-8AD31E841DB3}.Debug|ARM64.Build.0 = Debug|Any CPU
		{3DE4429B-5BB1-423F-B529-8AD31E841DB3}.Debug|ARM64.Deploy.0 = Debug|Any CPU
		{3DE4429B-5BB1-423F-B529-8AD31E841DB3}.Debug|iPhone.ActiveCfg = Debug|Any CPU
		{3DE4429B-5BB1-423F-B529-8AD31E841DB3}.Debug|iPhone.Build.0 = Debug|Any CPU
		{3DE4429B-5BB1-423F-B529-8AD31E841DB3}.Debug|iPhone.Deploy.0 = Debug|Any CPU
		{3DE4429B-5BB1-423F-B529-8AD31E841DB3}.Debug|iPhoneSimulator.ActiveCfg = Debug|Any CPU
		{3DE4429B-5BB1-423F-B529-8AD31E841DB3}.Debug|iPhoneSimulator.Build.0 = Debug|Any CPU
		{3DE4429B-5BB1-423F-B529-8AD31E841DB3}.Debug|iPhoneSimulator.Deploy.0 = Debug|Any CPU
		{3DE4429B-5BB1-423F-B529-8AD31E841DB3}.Debug|x64.ActiveCfg = Debug|Any CPU
		{3DE4429B-5BB1-423F-B529-8AD31E841DB3}.Debug|x64.Build.0 = Debug|Any CPU
		{3DE4429B-5BB1-423F-B529-8AD31E841DB3}.Debug|x64.Deploy.0 = Debug|Any CPU
		{3DE4429B-5BB1-423F-B529-8AD31E841DB3}.Debug|x86.ActiveCfg = Debug|Any CPU
		{3DE4429B-5BB1-423F-B529-8AD31E841DB3}.Debug|x86.Build.0 = Debug|Any CPU
		{3DE4429B-5BB1-423F-B529-8AD31E841DB3}.Debug|x86.Deploy.0 = Debug|Any CPU
		{3DE4429B-5BB1-423F-B529-8AD31E841DB3}.Release|Any CPU.ActiveCfg = Release|Any CPU
		{3DE4429B-5BB1-423F-B529-8AD31E841DB3}.Release|Any CPU.Build.0 = Release|Any CPU
		{3DE4429B-5BB1-423F-B529-8AD31E841DB3}.Release|Any CPU.Deploy.0 = Release|Any CPU
		{3DE4429B-5BB1-423F-B529-8AD31E841DB3}.Release|ARM.ActiveCfg = Release|Any CPU
		{3DE4429B-5BB1-423F-B529-8AD31E841DB3}.Release|ARM.Build.0 = Release|Any CPU
		{3DE4429B-5BB1-423F-B529-8AD31E841DB3}.Release|ARM.Deploy.0 = Release|Any CPU
		{3DE4429B-5BB1-423F-B529-8AD31E841DB3}.Release|ARM64.ActiveCfg = Release|Any CPU
		{3DE4429B-5BB1-423F-B529-8AD31E841DB3}.Release|ARM64.Build.0 = Release|Any CPU
		{3DE4429B-5BB1-423F-B529-8AD31E841DB3}.Release|ARM64.Deploy.0 = Release|Any CPU
		{3DE4429B-5BB1-423F-B529-8AD31E841DB3}.Release|iPhone.ActiveCfg = Release|Any CPU
		{3DE4429B-5BB1-423F-B529-8AD31E841DB3}.Release|iPhone.Build.0 = Release|Any CPU
		{3DE4429B-5BB1-423F-B529-8AD31E841DB3}.Release|iPhone.Deploy.0 = Release|Any CPU
		{3DE4429B-5BB1-423F-B529-8AD31E841DB3}.Release|iPhoneSimulator.ActiveCfg = Release|Any CPU
		{3DE4429B-5BB1-423F-B529-8AD31E841DB3}.Release|iPhoneSimulator.Build.0 = Release|Any CPU
		{3DE4429B-5BB1-423F-B529-8AD31E841DB3}.Release|iPhoneSimulator.Deploy.0 = Release|Any CPU
		{3DE4429B-5BB1-423F-B529-8AD31E841DB3}.Release|x64.ActiveCfg = Release|Any CPU
		{3DE4429B-5BB1-423F-B529-8AD31E841DB3}.Release|x64.Build.0 = Release|Any CPU
		{3DE4429B-5BB1-423F-B529-8AD31E841DB3}.Release|x64.Deploy.0 = Release|Any CPU
		{3DE4429B-5BB1-423F-B529-8AD31E841DB3}.Release|x86.ActiveCfg = Release|Any CPU
		{3DE4429B-5BB1-423F-B529-8AD31E841DB3}.Release|x86.Build.0 = Release|Any CPU
		{3DE4429B-5BB1-423F-B529-8AD31E841DB3}.Release|x86.Deploy.0 = Release|Any CPU
		{67476367-BB0B-4A84-B8BB-7ED4ED2F1CD6}.Ad-Hoc|Any CPU.ActiveCfg = Ad-Hoc|iPhoneSimulator
		{67476367-BB0B-4A84-B8BB-7ED4ED2F1CD6}.Ad-Hoc|ARM.ActiveCfg = Ad-Hoc|iPhoneSimulator
		{67476367-BB0B-4A84-B8BB-7ED4ED2F1CD6}.Ad-Hoc|ARM64.ActiveCfg = Ad-Hoc|iPhoneSimulator
		{67476367-BB0B-4A84-B8BB-7ED4ED2F1CD6}.Ad-Hoc|iPhone.ActiveCfg = Ad-Hoc|iPhone
		{67476367-BB0B-4A84-B8BB-7ED4ED2F1CD6}.Ad-Hoc|iPhone.Build.0 = Ad-Hoc|iPhone
		{67476367-BB0B-4A84-B8BB-7ED4ED2F1CD6}.Ad-Hoc|iPhoneSimulator.ActiveCfg = Ad-Hoc|iPhoneSimulator
		{67476367-BB0B-4A84-B8BB-7ED4ED2F1CD6}.Ad-Hoc|iPhoneSimulator.Build.0 = Ad-Hoc|iPhoneSimulator
		{67476367-BB0B-4A84-B8BB-7ED4ED2F1CD6}.Ad-Hoc|x64.ActiveCfg = Ad-Hoc|iPhoneSimulator
		{67476367-BB0B-4A84-B8BB-7ED4ED2F1CD6}.Ad-Hoc|x86.ActiveCfg = Ad-Hoc|iPhoneSimulator
		{67476367-BB0B-4A84-B8BB-7ED4ED2F1CD6}.AppStore|Any CPU.ActiveCfg = AppStore|iPhoneSimulator
		{67476367-BB0B-4A84-B8BB-7ED4ED2F1CD6}.AppStore|ARM.ActiveCfg = AppStore|iPhoneSimulator
		{67476367-BB0B-4A84-B8BB-7ED4ED2F1CD6}.AppStore|ARM64.ActiveCfg = AppStore|iPhoneSimulator
		{67476367-BB0B-4A84-B8BB-7ED4ED2F1CD6}.AppStore|iPhone.ActiveCfg = AppStore|iPhone
		{67476367-BB0B-4A84-B8BB-7ED4ED2F1CD6}.AppStore|iPhone.Build.0 = AppStore|iPhone
		{67476367-BB0B-4A84-B8BB-7ED4ED2F1CD6}.AppStore|iPhoneSimulator.ActiveCfg = AppStore|iPhoneSimulator
		{67476367-BB0B-4A84-B8BB-7ED4ED2F1CD6}.AppStore|iPhoneSimulator.Build.0 = AppStore|iPhoneSimulator
		{67476367-BB0B-4A84-B8BB-7ED4ED2F1CD6}.AppStore|x64.ActiveCfg = AppStore|iPhoneSimulator
		{67476367-BB0B-4A84-B8BB-7ED4ED2F1CD6}.AppStore|x86.ActiveCfg = AppStore|iPhoneSimulator
		{67476367-BB0B-4A84-B8BB-7ED4ED2F1CD6}.Debug|Any CPU.ActiveCfg = Debug|iPhoneSimulator
		{67476367-BB0B-4A84-B8BB-7ED4ED2F1CD6}.Debug|ARM.ActiveCfg = Debug|iPhoneSimulator
		{67476367-BB0B-4A84-B8BB-7ED4ED2F1CD6}.Debug|ARM64.ActiveCfg = Debug|iPhoneSimulator
		{67476367-BB0B-4A84-B8BB-7ED4ED2F1CD6}.Debug|iPhone.ActiveCfg = Debug|iPhone
		{67476367-BB0B-4A84-B8BB-7ED4ED2F1CD6}.Debug|iPhone.Build.0 = Debug|iPhone
		{67476367-BB0B-4A84-B8BB-7ED4ED2F1CD6}.Debug|iPhone.Deploy.0 = Debug|iPhone
		{67476367-BB0B-4A84-B8BB-7ED4ED2F1CD6}.Debug|iPhoneSimulator.ActiveCfg = Debug|iPhoneSimulator
		{67476367-BB0B-4A84-B8BB-7ED4ED2F1CD6}.Debug|iPhoneSimulator.Build.0 = Debug|iPhoneSimulator
		{67476367-BB0B-4A84-B8BB-7ED4ED2F1CD6}.Debug|x64.ActiveCfg = Debug|iPhoneSimulator
		{67476367-BB0B-4A84-B8BB-7ED4ED2F1CD6}.Debug|x86.ActiveCfg = Debug|iPhoneSimulator
		{67476367-BB0B-4A84-B8BB-7ED4ED2F1CD6}.Release|Any CPU.ActiveCfg = Release|iPhoneSimulator
		{67476367-BB0B-4A84-B8BB-7ED4ED2F1CD6}.Release|ARM.ActiveCfg = Release|iPhoneSimulator
		{67476367-BB0B-4A84-B8BB-7ED4ED2F1CD6}.Release|ARM64.ActiveCfg = Release|iPhoneSimulator
		{67476367-BB0B-4A84-B8BB-7ED4ED2F1CD6}.Release|iPhone.ActiveCfg = Release|iPhone
		{67476367-BB0B-4A84-B8BB-7ED4ED2F1CD6}.Release|iPhone.Build.0 = Release|iPhone
		{67476367-BB0B-4A84-B8BB-7ED4ED2F1CD6}.Release|iPhone.Deploy.0 = Release|iPhone
		{67476367-BB0B-4A84-B8BB-7ED4ED2F1CD6}.Release|iPhoneSimulator.ActiveCfg = Release|iPhoneSimulator
		{67476367-BB0B-4A84-B8BB-7ED4ED2F1CD6}.Release|iPhoneSimulator.Build.0 = Release|iPhoneSimulator
		{67476367-BB0B-4A84-B8BB-7ED4ED2F1CD6}.Release|x64.ActiveCfg = Release|iPhoneSimulator
		{67476367-BB0B-4A84-B8BB-7ED4ED2F1CD6}.Release|x86.ActiveCfg = Release|iPhoneSimulator
		{E025D4A5-F4D9-44CF-80DF-B81A9EE5DB0E}.Ad-Hoc|Any CPU.ActiveCfg = Debug|x86
		{E025D4A5-F4D9-44CF-80DF-B81A9EE5DB0E}.Ad-Hoc|Any CPU.Build.0 = Debug|x86
		{E025D4A5-F4D9-44CF-80DF-B81A9EE5DB0E}.Ad-Hoc|Any CPU.Deploy.0 = Debug|x86
		{E025D4A5-F4D9-44CF-80DF-B81A9EE5DB0E}.Ad-Hoc|ARM.ActiveCfg = Debug|ARM
		{E025D4A5-F4D9-44CF-80DF-B81A9EE5DB0E}.Ad-Hoc|ARM.Build.0 = Debug|ARM
		{E025D4A5-F4D9-44CF-80DF-B81A9EE5DB0E}.Ad-Hoc|ARM.Deploy.0 = Debug|ARM
		{E025D4A5-F4D9-44CF-80DF-B81A9EE5DB0E}.Ad-Hoc|ARM64.ActiveCfg = Debug|ARM64
		{E025D4A5-F4D9-44CF-80DF-B81A9EE5DB0E}.Ad-Hoc|ARM64.Build.0 = Debug|ARM64
		{E025D4A5-F4D9-44CF-80DF-B81A9EE5DB0E}.Ad-Hoc|ARM64.Deploy.0 = Debug|ARM64
		{E025D4A5-F4D9-44CF-80DF-B81A9EE5DB0E}.Ad-Hoc|iPhone.ActiveCfg = Debug|x86
		{E025D4A5-F4D9-44CF-80DF-B81A9EE5DB0E}.Ad-Hoc|iPhone.Build.0 = Debug|x86
		{E025D4A5-F4D9-44CF-80DF-B81A9EE5DB0E}.Ad-Hoc|iPhone.Deploy.0 = Debug|x86
		{E025D4A5-F4D9-44CF-80DF-B81A9EE5DB0E}.Ad-Hoc|iPhoneSimulator.ActiveCfg = Debug|x86
		{E025D4A5-F4D9-44CF-80DF-B81A9EE5DB0E}.Ad-Hoc|iPhoneSimulator.Build.0 = Debug|x86
		{E025D4A5-F4D9-44CF-80DF-B81A9EE5DB0E}.Ad-Hoc|iPhoneSimulator.Deploy.0 = Debug|x86
		{E025D4A5-F4D9-44CF-80DF-B81A9EE5DB0E}.Ad-Hoc|x64.ActiveCfg = Debug|x64
		{E025D4A5-F4D9-44CF-80DF-B81A9EE5DB0E}.Ad-Hoc|x64.Build.0 = Debug|x64
		{E025D4A5-F4D9-44CF-80DF-B81A9EE5DB0E}.Ad-Hoc|x64.Deploy.0 = Debug|x64
		{E025D4A5-F4D9-44CF-80DF-B81A9EE5DB0E}.Ad-Hoc|x86.ActiveCfg = Debug|x86
		{E025D4A5-F4D9-44CF-80DF-B81A9EE5DB0E}.Ad-Hoc|x86.Build.0 = Debug|x86
		{E025D4A5-F4D9-44CF-80DF-B81A9EE5DB0E}.Ad-Hoc|x86.Deploy.0 = Debug|x86
		{E025D4A5-F4D9-44CF-80DF-B81A9EE5DB0E}.AppStore|Any CPU.ActiveCfg = Debug|x86
		{E025D4A5-F4D9-44CF-80DF-B81A9EE5DB0E}.AppStore|Any CPU.Build.0 = Debug|x86
		{E025D4A5-F4D9-44CF-80DF-B81A9EE5DB0E}.AppStore|Any CPU.Deploy.0 = Debug|x86
		{E025D4A5-F4D9-44CF-80DF-B81A9EE5DB0E}.AppStore|ARM.ActiveCfg = Debug|ARM
		{E025D4A5-F4D9-44CF-80DF-B81A9EE5DB0E}.AppStore|ARM.Build.0 = Debug|ARM
		{E025D4A5-F4D9-44CF-80DF-B81A9EE5DB0E}.AppStore|ARM.Deploy.0 = Debug|ARM
		{E025D4A5-F4D9-44CF-80DF-B81A9EE5DB0E}.AppStore|ARM64.ActiveCfg = Debug|ARM64
		{E025D4A5-F4D9-44CF-80DF-B81A9EE5DB0E}.AppStore|ARM64.Build.0 = Debug|ARM64
		{E025D4A5-F4D9-44CF-80DF-B81A9EE5DB0E}.AppStore|ARM64.Deploy.0 = Debug|ARM64
		{E025D4A5-F4D9-44CF-80DF-B81A9EE5DB0E}.AppStore|iPhone.ActiveCfg = Debug|x86
		{E025D4A5-F4D9-44CF-80DF-B81A9EE5DB0E}.AppStore|iPhone.Build.0 = Debug|x86
		{E025D4A5-F4D9-44CF-80DF-B81A9EE5DB0E}.AppStore|iPhone.Deploy.0 = Debug|x86
		{E025D4A5-F4D9-44CF-80DF-B81A9EE5DB0E}.AppStore|iPhoneSimulator.ActiveCfg = Debug|x86
		{E025D4A5-F4D9-44CF-80DF-B81A9EE5DB0E}.AppStore|iPhoneSimulator.Build.0 = Debug|x86
		{E025D4A5-F4D9-44CF-80DF-B81A9EE5DB0E}.AppStore|iPhoneSimulator.Deploy.0 = Debug|x86
		{E025D4A5-F4D9-44CF-80DF-B81A9EE5DB0E}.AppStore|x64.ActiveCfg = Debug|x64
		{E025D4A5-F4D9-44CF-80DF-B81A9EE5DB0E}.AppStore|x64.Build.0 = Debug|x64
		{E025D4A5-F4D9-44CF-80DF-B81A9EE5DB0E}.AppStore|x64.Deploy.0 = Debug|x64
		{E025D4A5-F4D9-44CF-80DF-B81A9EE5DB0E}.AppStore|x86.ActiveCfg = Debug|x86
		{E025D4A5-F4D9-44CF-80DF-B81A9EE5DB0E}.AppStore|x86.Build.0 = Debug|x86
		{E025D4A5-F4D9-44CF-80DF-B81A9EE5DB0E}.AppStore|x86.Deploy.0 = Debug|x86
		{E025D4A5-F4D9-44CF-80DF-B81A9EE5DB0E}.Debug|Any CPU.ActiveCfg = Debug|x86
		{E025D4A5-F4D9-44CF-80DF-B81A9EE5DB0E}.Debug|Any CPU.Build.0 = Debug|x86
		{E025D4A5-F4D9-44CF-80DF-B81A9EE5DB0E}.Debug|Any CPU.Deploy.0 = Debug|x86
		{E025D4A5-F4D9-44CF-80DF-B81A9EE5DB0E}.Debug|ARM.ActiveCfg = Debug|ARM
		{E025D4A5-F4D9-44CF-80DF-B81A9EE5DB0E}.Debug|ARM.Build.0 = Debug|ARM
		{E025D4A5-F4D9-44CF-80DF-B81A9EE5DB0E}.Debug|ARM.Deploy.0 = Debug|ARM
		{E025D4A5-F4D9-44CF-80DF-B81A9EE5DB0E}.Debug|ARM64.ActiveCfg = Debug|ARM64
		{E025D4A5-F4D9-44CF-80DF-B81A9EE5DB0E}.Debug|ARM64.Build.0 = Debug|ARM64
		{E025D4A5-F4D9-44CF-80DF-B81A9EE5DB0E}.Debug|ARM64.Deploy.0 = Debug|ARM64
		{E025D4A5-F4D9-44CF-80DF-B81A9EE5DB0E}.Debug|iPhone.ActiveCfg = Debug|x86
		{E025D4A5-F4D9-44CF-80DF-B81A9EE5DB0E}.Debug|iPhoneSimulator.ActiveCfg = Debug|x86
		{E025D4A5-F4D9-44CF-80DF-B81A9EE5DB0E}.Debug|x64.ActiveCfg = Debug|x64
		{E025D4A5-F4D9-44CF-80DF-B81A9EE5DB0E}.Debug|x64.Build.0 = Debug|x64
		{E025D4A5-F4D9-44CF-80DF-B81A9EE5DB0E}.Debug|x64.Deploy.0 = Debug|x64
		{E025D4A5-F4D9-44CF-80DF-B81A9EE5DB0E}.Debug|x86.ActiveCfg = Debug|x86
		{E025D4A5-F4D9-44CF-80DF-B81A9EE5DB0E}.Debug|x86.Build.0 = Debug|x86
		{E025D4A5-F4D9-44CF-80DF-B81A9EE5DB0E}.Debug|x86.Deploy.0 = Debug|x86
		{E025D4A5-F4D9-44CF-80DF-B81A9EE5DB0E}.Release|Any CPU.ActiveCfg = Release|x86
		{E025D4A5-F4D9-44CF-80DF-B81A9EE5DB0E}.Release|ARM.ActiveCfg = Release|ARM
		{E025D4A5-F4D9-44CF-80DF-B81A9EE5DB0E}.Release|ARM.Build.0 = Release|ARM
		{E025D4A5-F4D9-44CF-80DF-B81A9EE5DB0E}.Release|ARM.Deploy.0 = Release|ARM
		{E025D4A5-F4D9-44CF-80DF-B81A9EE5DB0E}.Release|ARM64.ActiveCfg = Release|ARM64
		{E025D4A5-F4D9-44CF-80DF-B81A9EE5DB0E}.Release|ARM64.Build.0 = Release|ARM64
		{E025D4A5-F4D9-44CF-80DF-B81A9EE5DB0E}.Release|ARM64.Deploy.0 = Release|ARM64
		{E025D4A5-F4D9-44CF-80DF-B81A9EE5DB0E}.Release|iPhone.ActiveCfg = Release|x86
		{E025D4A5-F4D9-44CF-80DF-B81A9EE5DB0E}.Release|iPhoneSimulator.ActiveCfg = Release|x86
		{E025D4A5-F4D9-44CF-80DF-B81A9EE5DB0E}.Release|x64.ActiveCfg = Release|x64
		{E025D4A5-F4D9-44CF-80DF-B81A9EE5DB0E}.Release|x64.Build.0 = Release|x64
		{E025D4A5-F4D9-44CF-80DF-B81A9EE5DB0E}.Release|x64.Deploy.0 = Release|x64
		{E025D4A5-F4D9-44CF-80DF-B81A9EE5DB0E}.Release|x86.ActiveCfg = Release|x86
		{E025D4A5-F4D9-44CF-80DF-B81A9EE5DB0E}.Release|x86.Build.0 = Release|x86
		{E025D4A5-F4D9-44CF-80DF-B81A9EE5DB0E}.Release|x86.Deploy.0 = Release|x86
		{87559180-DF2A-4509-9026-0C2DD7CB02FF}.Ad-Hoc|Any CPU.ActiveCfg = Debug|Any CPU
		{87559180-DF2A-4509-9026-0C2DD7CB02FF}.Ad-Hoc|Any CPU.Build.0 = Debug|Any CPU
		{87559180-DF2A-4509-9026-0C2DD7CB02FF}.Ad-Hoc|ARM.ActiveCfg = Debug|Any CPU
		{87559180-DF2A-4509-9026-0C2DD7CB02FF}.Ad-Hoc|ARM.Build.0 = Debug|Any CPU
		{87559180-DF2A-4509-9026-0C2DD7CB02FF}.Ad-Hoc|ARM64.ActiveCfg = Debug|Any CPU
		{87559180-DF2A-4509-9026-0C2DD7CB02FF}.Ad-Hoc|ARM64.Build.0 = Debug|Any CPU
		{87559180-DF2A-4509-9026-0C2DD7CB02FF}.Ad-Hoc|iPhone.ActiveCfg = Debug|Any CPU
		{87559180-DF2A-4509-9026-0C2DD7CB02FF}.Ad-Hoc|iPhone.Build.0 = Debug|Any CPU
		{87559180-DF2A-4509-9026-0C2DD7CB02FF}.Ad-Hoc|iPhoneSimulator.ActiveCfg = Debug|Any CPU
		{87559180-DF2A-4509-9026-0C2DD7CB02FF}.Ad-Hoc|iPhoneSimulator.Build.0 = Debug|Any CPU
		{87559180-DF2A-4509-9026-0C2DD7CB02FF}.Ad-Hoc|x64.ActiveCfg = Debug|Any CPU
		{87559180-DF2A-4509-9026-0C2DD7CB02FF}.Ad-Hoc|x64.Build.0 = Debug|Any CPU
		{87559180-DF2A-4509-9026-0C2DD7CB02FF}.Ad-Hoc|x86.ActiveCfg = Debug|Any CPU
		{87559180-DF2A-4509-9026-0C2DD7CB02FF}.Ad-Hoc|x86.Build.0 = Debug|Any CPU
		{87559180-DF2A-4509-9026-0C2DD7CB02FF}.AppStore|Any CPU.ActiveCfg = Debug|Any CPU
		{87559180-DF2A-4509-9026-0C2DD7CB02FF}.AppStore|Any CPU.Build.0 = Debug|Any CPU
		{87559180-DF2A-4509-9026-0C2DD7CB02FF}.AppStore|ARM.ActiveCfg = Debug|Any CPU
		{87559180-DF2A-4509-9026-0C2DD7CB02FF}.AppStore|ARM.Build.0 = Debug|Any CPU
		{87559180-DF2A-4509-9026-0C2DD7CB02FF}.AppStore|ARM64.ActiveCfg = Debug|Any CPU
		{87559180-DF2A-4509-9026-0C2DD7CB02FF}.AppStore|ARM64.Build.0 = Debug|Any CPU
		{87559180-DF2A-4509-9026-0C2DD7CB02FF}.AppStore|iPhone.ActiveCfg = Debug|Any CPU
		{87559180-DF2A-4509-9026-0C2DD7CB02FF}.AppStore|iPhone.Build.0 = Debug|Any CPU
		{87559180-DF2A-4509-9026-0C2DD7CB02FF}.AppStore|iPhoneSimulator.ActiveCfg = Debug|Any CPU
		{87559180-DF2A-4509-9026-0C2DD7CB02FF}.AppStore|iPhoneSimulator.Build.0 = Debug|Any CPU
		{87559180-DF2A-4509-9026-0C2DD7CB02FF}.AppStore|x64.ActiveCfg = Debug|Any CPU
		{87559180-DF2A-4509-9026-0C2DD7CB02FF}.AppStore|x64.Build.0 = Debug|Any CPU
		{87559180-DF2A-4509-9026-0C2DD7CB02FF}.AppStore|x86.ActiveCfg = Debug|Any CPU
		{87559180-DF2A-4509-9026-0C2DD7CB02FF}.AppStore|x86.Build.0 = Debug|Any CPU
		{87559180-DF2A-4509-9026-0C2DD7CB02FF}.Debug|Any CPU.ActiveCfg = Debug|Any CPU
		{87559180-DF2A-4509-9026-0C2DD7CB02FF}.Debug|Any CPU.Build.0 = Debug|Any CPU
		{87559180-DF2A-4509-9026-0C2DD7CB02FF}.Debug|ARM.ActiveCfg = Debug|Any CPU
		{87559180-DF2A-4509-9026-0C2DD7CB02FF}.Debug|ARM.Build.0 = Debug|Any CPU
		{87559180-DF2A-4509-9026-0C2DD7CB02FF}.Debug|ARM64.ActiveCfg = Debug|Any CPU
		{87559180-DF2A-4509-9026-0C2DD7CB02FF}.Debug|ARM64.Build.0 = Debug|Any CPU
		{87559180-DF2A-4509-9026-0C2DD7CB02FF}.Debug|iPhone.ActiveCfg = Debug|Any CPU
		{87559180-DF2A-4509-9026-0C2DD7CB02FF}.Debug|iPhone.Build.0 = Debug|Any CPU
		{87559180-DF2A-4509-9026-0C2DD7CB02FF}.Debug|iPhoneSimulator.ActiveCfg = Debug|Any CPU
		{87559180-DF2A-4509-9026-0C2DD7CB02FF}.Debug|iPhoneSimulator.Build.0 = Debug|Any CPU
		{87559180-DF2A-4509-9026-0C2DD7CB02FF}.Debug|x64.ActiveCfg = Debug|Any CPU
		{87559180-DF2A-4509-9026-0C2DD7CB02FF}.Debug|x64.Build.0 = Debug|Any CPU
		{87559180-DF2A-4509-9026-0C2DD7CB02FF}.Debug|x86.ActiveCfg = Debug|Any CPU
		{87559180-DF2A-4509-9026-0C2DD7CB02FF}.Debug|x86.Build.0 = Debug|Any CPU
		{87559180-DF2A-4509-9026-0C2DD7CB02FF}.Release|Any CPU.ActiveCfg = Release|Any CPU
		{87559180-DF2A-4509-9026-0C2DD7CB02FF}.Release|Any CPU.Build.0 = Release|Any CPU
		{87559180-DF2A-4509-9026-0C2DD7CB02FF}.Release|ARM.ActiveCfg = Release|Any CPU
		{87559180-DF2A-4509-9026-0C2DD7CB02FF}.Release|ARM.Build.0 = Release|Any CPU
		{87559180-DF2A-4509-9026-0C2DD7CB02FF}.Release|ARM64.ActiveCfg = Release|Any CPU
		{87559180-DF2A-4509-9026-0C2DD7CB02FF}.Release|ARM64.Build.0 = Release|Any CPU
		{87559180-DF2A-4509-9026-0C2DD7CB02FF}.Release|iPhone.ActiveCfg = Release|Any CPU
		{87559180-DF2A-4509-9026-0C2DD7CB02FF}.Release|iPhone.Build.0 = Release|Any CPU
		{87559180-DF2A-4509-9026-0C2DD7CB02FF}.Release|iPhoneSimulator.ActiveCfg = Release|Any CPU
		{87559180-DF2A-4509-9026-0C2DD7CB02FF}.Release|iPhoneSimulator.Build.0 = Release|Any CPU
		{87559180-DF2A-4509-9026-0C2DD7CB02FF}.Release|x64.ActiveCfg = Release|Any CPU
		{87559180-DF2A-4509-9026-0C2DD7CB02FF}.Release|x64.Build.0 = Release|Any CPU
		{87559180-DF2A-4509-9026-0C2DD7CB02FF}.Release|x86.ActiveCfg = Release|Any CPU
		{87559180-DF2A-4509-9026-0C2DD7CB02FF}.Release|x86.Build.0 = Release|Any CPU
		{39D21008-549B-42ED-8640-3B9AAEFB2921}.Ad-Hoc|Any CPU.ActiveCfg = Debug|iPhoneSimulator
		{39D21008-549B-42ED-8640-3B9AAEFB2921}.Ad-Hoc|Any CPU.Build.0 = Debug|iPhoneSimulator
		{39D21008-549B-42ED-8640-3B9AAEFB2921}.Ad-Hoc|ARM.ActiveCfg = Debug|iPhoneSimulator
		{39D21008-549B-42ED-8640-3B9AAEFB2921}.Ad-Hoc|ARM.Build.0 = Debug|iPhoneSimulator
		{39D21008-549B-42ED-8640-3B9AAEFB2921}.Ad-Hoc|ARM64.ActiveCfg = Debug|iPhoneSimulator
		{39D21008-549B-42ED-8640-3B9AAEFB2921}.Ad-Hoc|ARM64.Build.0 = Debug|iPhoneSimulator
		{39D21008-549B-42ED-8640-3B9AAEFB2921}.Ad-Hoc|iPhone.ActiveCfg = Debug|iPhoneSimulator
		{39D21008-549B-42ED-8640-3B9AAEFB2921}.Ad-Hoc|iPhone.Build.0 = Debug|iPhoneSimulator
		{39D21008-549B-42ED-8640-3B9AAEFB2921}.Ad-Hoc|iPhoneSimulator.ActiveCfg = Debug|iPhoneSimulator
		{39D21008-549B-42ED-8640-3B9AAEFB2921}.Ad-Hoc|iPhoneSimulator.Build.0 = Debug|iPhoneSimulator
		{39D21008-549B-42ED-8640-3B9AAEFB2921}.Ad-Hoc|x64.ActiveCfg = Debug|iPhoneSimulator
		{39D21008-549B-42ED-8640-3B9AAEFB2921}.Ad-Hoc|x64.Build.0 = Debug|iPhoneSimulator
		{39D21008-549B-42ED-8640-3B9AAEFB2921}.Ad-Hoc|x86.ActiveCfg = Debug|iPhoneSimulator
		{39D21008-549B-42ED-8640-3B9AAEFB2921}.Ad-Hoc|x86.Build.0 = Debug|iPhoneSimulator
		{39D21008-549B-42ED-8640-3B9AAEFB2921}.AppStore|Any CPU.ActiveCfg = Debug|iPhoneSimulator
		{39D21008-549B-42ED-8640-3B9AAEFB2921}.AppStore|Any CPU.Build.0 = Debug|iPhoneSimulator
		{39D21008-549B-42ED-8640-3B9AAEFB2921}.AppStore|ARM.ActiveCfg = Debug|iPhoneSimulator
		{39D21008-549B-42ED-8640-3B9AAEFB2921}.AppStore|ARM.Build.0 = Debug|iPhoneSimulator
		{39D21008-549B-42ED-8640-3B9AAEFB2921}.AppStore|ARM64.ActiveCfg = Debug|iPhoneSimulator
		{39D21008-549B-42ED-8640-3B9AAEFB2921}.AppStore|ARM64.Build.0 = Debug|iPhoneSimulator
		{39D21008-549B-42ED-8640-3B9AAEFB2921}.AppStore|iPhone.ActiveCfg = Debug|iPhoneSimulator
		{39D21008-549B-42ED-8640-3B9AAEFB2921}.AppStore|iPhone.Build.0 = Debug|iPhoneSimulator
		{39D21008-549B-42ED-8640-3B9AAEFB2921}.AppStore|iPhoneSimulator.ActiveCfg = Debug|iPhoneSimulator
		{39D21008-549B-42ED-8640-3B9AAEFB2921}.AppStore|iPhoneSimulator.Build.0 = Debug|iPhoneSimulator
		{39D21008-549B-42ED-8640-3B9AAEFB2921}.AppStore|x64.ActiveCfg = Debug|iPhoneSimulator
		{39D21008-549B-42ED-8640-3B9AAEFB2921}.AppStore|x64.Build.0 = Debug|iPhoneSimulator
		{39D21008-549B-42ED-8640-3B9AAEFB2921}.AppStore|x86.ActiveCfg = Debug|iPhoneSimulator
		{39D21008-549B-42ED-8640-3B9AAEFB2921}.AppStore|x86.Build.0 = Debug|iPhoneSimulator
		{39D21008-549B-42ED-8640-3B9AAEFB2921}.Debug|Any CPU.ActiveCfg = Debug|iPhoneSimulator
		{39D21008-549B-42ED-8640-3B9AAEFB2921}.Debug|ARM.ActiveCfg = Debug|iPhoneSimulator
		{39D21008-549B-42ED-8640-3B9AAEFB2921}.Debug|ARM64.ActiveCfg = Debug|iPhoneSimulator
		{39D21008-549B-42ED-8640-3B9AAEFB2921}.Debug|iPhone.ActiveCfg = Debug|iPhoneSimulator
		{39D21008-549B-42ED-8640-3B9AAEFB2921}.Debug|iPhoneSimulator.ActiveCfg = Debug|iPhoneSimulator
		{39D21008-549B-42ED-8640-3B9AAEFB2921}.Debug|iPhoneSimulator.Build.0 = Debug|iPhoneSimulator
		{39D21008-549B-42ED-8640-3B9AAEFB2921}.Debug|x64.ActiveCfg = Debug|iPhoneSimulator
		{39D21008-549B-42ED-8640-3B9AAEFB2921}.Debug|x86.ActiveCfg = Debug|iPhoneSimulator
		{39D21008-549B-42ED-8640-3B9AAEFB2921}.Release|Any CPU.ActiveCfg = Release|iPhoneSimulator
		{39D21008-549B-42ED-8640-3B9AAEFB2921}.Release|ARM.ActiveCfg = Release|iPhoneSimulator
		{39D21008-549B-42ED-8640-3B9AAEFB2921}.Release|ARM64.ActiveCfg = Release|iPhoneSimulator
		{39D21008-549B-42ED-8640-3B9AAEFB2921}.Release|iPhone.ActiveCfg = Release|iPhoneSimulator
		{39D21008-549B-42ED-8640-3B9AAEFB2921}.Release|iPhoneSimulator.ActiveCfg = Release|iPhoneSimulator
		{39D21008-549B-42ED-8640-3B9AAEFB2921}.Release|iPhoneSimulator.Build.0 = Release|iPhoneSimulator
		{39D21008-549B-42ED-8640-3B9AAEFB2921}.Release|x64.ActiveCfg = Release|iPhoneSimulator
		{39D21008-549B-42ED-8640-3B9AAEFB2921}.Release|x86.ActiveCfg = Release|iPhoneSimulator
		{8BD056C8-D493-4D8B-A48B-EC57316BCE63}.Ad-Hoc|Any CPU.ActiveCfg = Debug|Any CPU
		{8BD056C8-D493-4D8B-A48B-EC57316BCE63}.Ad-Hoc|Any CPU.Build.0 = Debug|Any CPU
		{8BD056C8-D493-4D8B-A48B-EC57316BCE63}.Ad-Hoc|ARM.ActiveCfg = Debug|Any CPU
		{8BD056C8-D493-4D8B-A48B-EC57316BCE63}.Ad-Hoc|ARM.Build.0 = Debug|Any CPU
		{8BD056C8-D493-4D8B-A48B-EC57316BCE63}.Ad-Hoc|ARM64.ActiveCfg = Debug|Any CPU
		{8BD056C8-D493-4D8B-A48B-EC57316BCE63}.Ad-Hoc|ARM64.Build.0 = Debug|Any CPU
		{8BD056C8-D493-4D8B-A48B-EC57316BCE63}.Ad-Hoc|iPhone.ActiveCfg = Debug|Any CPU
		{8BD056C8-D493-4D8B-A48B-EC57316BCE63}.Ad-Hoc|iPhone.Build.0 = Debug|Any CPU
		{8BD056C8-D493-4D8B-A48B-EC57316BCE63}.Ad-Hoc|iPhoneSimulator.ActiveCfg = Debug|Any CPU
		{8BD056C8-D493-4D8B-A48B-EC57316BCE63}.Ad-Hoc|iPhoneSimulator.Build.0 = Debug|Any CPU
		{8BD056C8-D493-4D8B-A48B-EC57316BCE63}.Ad-Hoc|x64.ActiveCfg = Debug|Any CPU
		{8BD056C8-D493-4D8B-A48B-EC57316BCE63}.Ad-Hoc|x64.Build.0 = Debug|Any CPU
		{8BD056C8-D493-4D8B-A48B-EC57316BCE63}.Ad-Hoc|x86.ActiveCfg = Debug|Any CPU
		{8BD056C8-D493-4D8B-A48B-EC57316BCE63}.Ad-Hoc|x86.Build.0 = Debug|Any CPU
		{8BD056C8-D493-4D8B-A48B-EC57316BCE63}.AppStore|Any CPU.ActiveCfg = Debug|Any CPU
		{8BD056C8-D493-4D8B-A48B-EC57316BCE63}.AppStore|Any CPU.Build.0 = Debug|Any CPU
		{8BD056C8-D493-4D8B-A48B-EC57316BCE63}.AppStore|ARM.ActiveCfg = Debug|Any CPU
		{8BD056C8-D493-4D8B-A48B-EC57316BCE63}.AppStore|ARM.Build.0 = Debug|Any CPU
		{8BD056C8-D493-4D8B-A48B-EC57316BCE63}.AppStore|ARM64.ActiveCfg = Debug|Any CPU
		{8BD056C8-D493-4D8B-A48B-EC57316BCE63}.AppStore|ARM64.Build.0 = Debug|Any CPU
		{8BD056C8-D493-4D8B-A48B-EC57316BCE63}.AppStore|iPhone.ActiveCfg = Debug|Any CPU
		{8BD056C8-D493-4D8B-A48B-EC57316BCE63}.AppStore|iPhone.Build.0 = Debug|Any CPU
		{8BD056C8-D493-4D8B-A48B-EC57316BCE63}.AppStore|iPhoneSimulator.ActiveCfg = Debug|Any CPU
		{8BD056C8-D493-4D8B-A48B-EC57316BCE63}.AppStore|iPhoneSimulator.Build.0 = Debug|Any CPU
		{8BD056C8-D493-4D8B-A48B-EC57316BCE63}.AppStore|x64.ActiveCfg = Debug|Any CPU
		{8BD056C8-D493-4D8B-A48B-EC57316BCE63}.AppStore|x64.Build.0 = Debug|Any CPU
		{8BD056C8-D493-4D8B-A48B-EC57316BCE63}.AppStore|x86.ActiveCfg = Debug|Any CPU
		{8BD056C8-D493-4D8B-A48B-EC57316BCE63}.AppStore|x86.Build.0 = Debug|Any CPU
		{8BD056C8-D493-4D8B-A48B-EC57316BCE63}.Debug|Any CPU.ActiveCfg = Debug|Any CPU
		{8BD056C8-D493-4D8B-A48B-EC57316BCE63}.Debug|Any CPU.Build.0 = Debug|Any CPU
		{8BD056C8-D493-4D8B-A48B-EC57316BCE63}.Debug|ARM.ActiveCfg = Debug|Any CPU
		{8BD056C8-D493-4D8B-A48B-EC57316BCE63}.Debug|ARM.Build.0 = Debug|Any CPU
		{8BD056C8-D493-4D8B-A48B-EC57316BCE63}.Debug|ARM64.ActiveCfg = Debug|Any CPU
		{8BD056C8-D493-4D8B-A48B-EC57316BCE63}.Debug|ARM64.Build.0 = Debug|Any CPU
		{8BD056C8-D493-4D8B-A48B-EC57316BCE63}.Debug|iPhone.ActiveCfg = Debug|Any CPU
		{8BD056C8-D493-4D8B-A48B-EC57316BCE63}.Debug|iPhone.Build.0 = Debug|Any CPU
		{8BD056C8-D493-4D8B-A48B-EC57316BCE63}.Debug|iPhoneSimulator.ActiveCfg = Debug|Any CPU
		{8BD056C8-D493-4D8B-A48B-EC57316BCE63}.Debug|iPhoneSimulator.Build.0 = Debug|Any CPU
		{8BD056C8-D493-4D8B-A48B-EC57316BCE63}.Debug|x64.ActiveCfg = Debug|Any CPU
		{8BD056C8-D493-4D8B-A48B-EC57316BCE63}.Debug|x64.Build.0 = Debug|Any CPU
		{8BD056C8-D493-4D8B-A48B-EC57316BCE63}.Debug|x86.ActiveCfg = Debug|Any CPU
		{8BD056C8-D493-4D8B-A48B-EC57316BCE63}.Debug|x86.Build.0 = Debug|Any CPU
		{8BD056C8-D493-4D8B-A48B-EC57316BCE63}.Release|Any CPU.ActiveCfg = Release|Any CPU
		{8BD056C8-D493-4D8B-A48B-EC57316BCE63}.Release|Any CPU.Build.0 = Release|Any CPU
		{8BD056C8-D493-4D8B-A48B-EC57316BCE63}.Release|ARM.ActiveCfg = Release|Any CPU
		{8BD056C8-D493-4D8B-A48B-EC57316BCE63}.Release|ARM.Build.0 = Release|Any CPU
		{8BD056C8-D493-4D8B-A48B-EC57316BCE63}.Release|ARM64.ActiveCfg = Release|Any CPU
		{8BD056C8-D493-4D8B-A48B-EC57316BCE63}.Release|ARM64.Build.0 = Release|Any CPU
		{8BD056C8-D493-4D8B-A48B-EC57316BCE63}.Release|iPhone.ActiveCfg = Release|Any CPU
		{8BD056C8-D493-4D8B-A48B-EC57316BCE63}.Release|iPhone.Build.0 = Release|Any CPU
		{8BD056C8-D493-4D8B-A48B-EC57316BCE63}.Release|iPhoneSimulator.ActiveCfg = Release|Any CPU
		{8BD056C8-D493-4D8B-A48B-EC57316BCE63}.Release|iPhoneSimulator.Build.0 = Release|Any CPU
		{8BD056C8-D493-4D8B-A48B-EC57316BCE63}.Release|x64.ActiveCfg = Release|Any CPU
		{8BD056C8-D493-4D8B-A48B-EC57316BCE63}.Release|x64.Build.0 = Release|Any CPU
		{8BD056C8-D493-4D8B-A48B-EC57316BCE63}.Release|x86.ActiveCfg = Release|Any CPU
		{8BD056C8-D493-4D8B-A48B-EC57316BCE63}.Release|x86.Build.0 = Release|Any CPU
		{34369F3F-EE29-46DD-872C-DBD8CA47DF7B}.Ad-Hoc|Any CPU.ActiveCfg = Debug|Any CPU
		{34369F3F-EE29-46DD-872C-DBD8CA47DF7B}.Ad-Hoc|Any CPU.Build.0 = Debug|Any CPU
		{34369F3F-EE29-46DD-872C-DBD8CA47DF7B}.Ad-Hoc|ARM.ActiveCfg = Debug|Any CPU
		{34369F3F-EE29-46DD-872C-DBD8CA47DF7B}.Ad-Hoc|ARM.Build.0 = Debug|Any CPU
		{34369F3F-EE29-46DD-872C-DBD8CA47DF7B}.Ad-Hoc|ARM64.ActiveCfg = Debug|Any CPU
		{34369F3F-EE29-46DD-872C-DBD8CA47DF7B}.Ad-Hoc|ARM64.Build.0 = Debug|Any CPU
		{34369F3F-EE29-46DD-872C-DBD8CA47DF7B}.Ad-Hoc|iPhone.ActiveCfg = Debug|Any CPU
		{34369F3F-EE29-46DD-872C-DBD8CA47DF7B}.Ad-Hoc|iPhone.Build.0 = Debug|Any CPU
		{34369F3F-EE29-46DD-872C-DBD8CA47DF7B}.Ad-Hoc|iPhoneSimulator.ActiveCfg = Debug|Any CPU
		{34369F3F-EE29-46DD-872C-DBD8CA47DF7B}.Ad-Hoc|iPhoneSimulator.Build.0 = Debug|Any CPU
		{34369F3F-EE29-46DD-872C-DBD8CA47DF7B}.Ad-Hoc|x64.ActiveCfg = Debug|Any CPU
		{34369F3F-EE29-46DD-872C-DBD8CA47DF7B}.Ad-Hoc|x64.Build.0 = Debug|Any CPU
		{34369F3F-EE29-46DD-872C-DBD8CA47DF7B}.Ad-Hoc|x86.ActiveCfg = Debug|Any CPU
		{34369F3F-EE29-46DD-872C-DBD8CA47DF7B}.Ad-Hoc|x86.Build.0 = Debug|Any CPU
		{34369F3F-EE29-46DD-872C-DBD8CA47DF7B}.AppStore|Any CPU.ActiveCfg = Debug|Any CPU
		{34369F3F-EE29-46DD-872C-DBD8CA47DF7B}.AppStore|Any CPU.Build.0 = Debug|Any CPU
		{34369F3F-EE29-46DD-872C-DBD8CA47DF7B}.AppStore|ARM.ActiveCfg = Debug|Any CPU
		{34369F3F-EE29-46DD-872C-DBD8CA47DF7B}.AppStore|ARM.Build.0 = Debug|Any CPU
		{34369F3F-EE29-46DD-872C-DBD8CA47DF7B}.AppStore|ARM64.ActiveCfg = Debug|Any CPU
		{34369F3F-EE29-46DD-872C-DBD8CA47DF7B}.AppStore|ARM64.Build.0 = Debug|Any CPU
		{34369F3F-EE29-46DD-872C-DBD8CA47DF7B}.AppStore|iPhone.ActiveCfg = Debug|Any CPU
		{34369F3F-EE29-46DD-872C-DBD8CA47DF7B}.AppStore|iPhone.Build.0 = Debug|Any CPU
		{34369F3F-EE29-46DD-872C-DBD8CA47DF7B}.AppStore|iPhoneSimulator.ActiveCfg = Debug|Any CPU
		{34369F3F-EE29-46DD-872C-DBD8CA47DF7B}.AppStore|iPhoneSimulator.Build.0 = Debug|Any CPU
		{34369F3F-EE29-46DD-872C-DBD8CA47DF7B}.AppStore|x64.ActiveCfg = Debug|Any CPU
		{34369F3F-EE29-46DD-872C-DBD8CA47DF7B}.AppStore|x64.Build.0 = Debug|Any CPU
		{34369F3F-EE29-46DD-872C-DBD8CA47DF7B}.AppStore|x86.ActiveCfg = Debug|Any CPU
		{34369F3F-EE29-46DD-872C-DBD8CA47DF7B}.AppStore|x86.Build.0 = Debug|Any CPU
		{34369F3F-EE29-46DD-872C-DBD8CA47DF7B}.Debug|Any CPU.ActiveCfg = Debug|Any CPU
		{34369F3F-EE29-46DD-872C-DBD8CA47DF7B}.Debug|Any CPU.Build.0 = Debug|Any CPU
		{34369F3F-EE29-46DD-872C-DBD8CA47DF7B}.Debug|ARM.ActiveCfg = Debug|Any CPU
		{34369F3F-EE29-46DD-872C-DBD8CA47DF7B}.Debug|ARM.Build.0 = Debug|Any CPU
		{34369F3F-EE29-46DD-872C-DBD8CA47DF7B}.Debug|ARM64.ActiveCfg = Debug|Any CPU
		{34369F3F-EE29-46DD-872C-DBD8CA47DF7B}.Debug|ARM64.Build.0 = Debug|Any CPU
		{34369F3F-EE29-46DD-872C-DBD8CA47DF7B}.Debug|iPhone.ActiveCfg = Debug|Any CPU
		{34369F3F-EE29-46DD-872C-DBD8CA47DF7B}.Debug|iPhone.Build.0 = Debug|Any CPU
		{34369F3F-EE29-46DD-872C-DBD8CA47DF7B}.Debug|iPhoneSimulator.ActiveCfg = Debug|Any CPU
		{34369F3F-EE29-46DD-872C-DBD8CA47DF7B}.Debug|iPhoneSimulator.Build.0 = Debug|Any CPU
		{34369F3F-EE29-46DD-872C-DBD8CA47DF7B}.Debug|x64.ActiveCfg = Debug|Any CPU
		{34369F3F-EE29-46DD-872C-DBD8CA47DF7B}.Debug|x64.Build.0 = Debug|Any CPU
		{34369F3F-EE29-46DD-872C-DBD8CA47DF7B}.Debug|x86.ActiveCfg = Debug|Any CPU
		{34369F3F-EE29-46DD-872C-DBD8CA47DF7B}.Debug|x86.Build.0 = Debug|Any CPU
		{34369F3F-EE29-46DD-872C-DBD8CA47DF7B}.Release|Any CPU.ActiveCfg = Release|Any CPU
		{34369F3F-EE29-46DD-872C-DBD8CA47DF7B}.Release|Any CPU.Build.0 = Release|Any CPU
		{34369F3F-EE29-46DD-872C-DBD8CA47DF7B}.Release|ARM.ActiveCfg = Release|Any CPU
		{34369F3F-EE29-46DD-872C-DBD8CA47DF7B}.Release|ARM.Build.0 = Release|Any CPU
		{34369F3F-EE29-46DD-872C-DBD8CA47DF7B}.Release|ARM64.ActiveCfg = Release|Any CPU
		{34369F3F-EE29-46DD-872C-DBD8CA47DF7B}.Release|ARM64.Build.0 = Release|Any CPU
		{34369F3F-EE29-46DD-872C-DBD8CA47DF7B}.Release|iPhone.ActiveCfg = Release|Any CPU
		{34369F3F-EE29-46DD-872C-DBD8CA47DF7B}.Release|iPhone.Build.0 = Release|Any CPU
		{34369F3F-EE29-46DD-872C-DBD8CA47DF7B}.Release|iPhoneSimulator.ActiveCfg = Release|Any CPU
		{34369F3F-EE29-46DD-872C-DBD8CA47DF7B}.Release|iPhoneSimulator.Build.0 = Release|Any CPU
		{34369F3F-EE29-46DD-872C-DBD8CA47DF7B}.Release|x64.ActiveCfg = Release|Any CPU
		{34369F3F-EE29-46DD-872C-DBD8CA47DF7B}.Release|x64.Build.0 = Release|Any CPU
		{34369F3F-EE29-46DD-872C-DBD8CA47DF7B}.Release|x86.ActiveCfg = Release|Any CPU
		{34369F3F-EE29-46DD-872C-DBD8CA47DF7B}.Release|x86.Build.0 = Release|Any CPU
		{601A443E-5E39-41AA-8CE8-A999AE72C135}.Ad-Hoc|Any CPU.ActiveCfg = Debug|Any CPU
		{601A443E-5E39-41AA-8CE8-A999AE72C135}.Ad-Hoc|Any CPU.Build.0 = Debug|Any CPU
		{601A443E-5E39-41AA-8CE8-A999AE72C135}.Ad-Hoc|ARM.ActiveCfg = Debug|Any CPU
		{601A443E-5E39-41AA-8CE8-A999AE72C135}.Ad-Hoc|ARM.Build.0 = Debug|Any CPU
		{601A443E-5E39-41AA-8CE8-A999AE72C135}.Ad-Hoc|ARM64.ActiveCfg = Debug|Any CPU
		{601A443E-5E39-41AA-8CE8-A999AE72C135}.Ad-Hoc|ARM64.Build.0 = Debug|Any CPU
		{601A443E-5E39-41AA-8CE8-A999AE72C135}.Ad-Hoc|iPhone.ActiveCfg = Debug|Any CPU
		{601A443E-5E39-41AA-8CE8-A999AE72C135}.Ad-Hoc|iPhone.Build.0 = Debug|Any CPU
		{601A443E-5E39-41AA-8CE8-A999AE72C135}.Ad-Hoc|iPhoneSimulator.ActiveCfg = Debug|Any CPU
		{601A443E-5E39-41AA-8CE8-A999AE72C135}.Ad-Hoc|iPhoneSimulator.Build.0 = Debug|Any CPU
		{601A443E-5E39-41AA-8CE8-A999AE72C135}.Ad-Hoc|x64.ActiveCfg = Debug|Any CPU
		{601A443E-5E39-41AA-8CE8-A999AE72C135}.Ad-Hoc|x64.Build.0 = Debug|Any CPU
		{601A443E-5E39-41AA-8CE8-A999AE72C135}.Ad-Hoc|x86.ActiveCfg = Debug|Any CPU
		{601A443E-5E39-41AA-8CE8-A999AE72C135}.Ad-Hoc|x86.Build.0 = Debug|Any CPU
		{601A443E-5E39-41AA-8CE8-A999AE72C135}.AppStore|Any CPU.ActiveCfg = Debug|Any CPU
		{601A443E-5E39-41AA-8CE8-A999AE72C135}.AppStore|Any CPU.Build.0 = Debug|Any CPU
		{601A443E-5E39-41AA-8CE8-A999AE72C135}.AppStore|ARM.ActiveCfg = Debug|Any CPU
		{601A443E-5E39-41AA-8CE8-A999AE72C135}.AppStore|ARM.Build.0 = Debug|Any CPU
		{601A443E-5E39-41AA-8CE8-A999AE72C135}.AppStore|ARM64.ActiveCfg = Debug|Any CPU
		{601A443E-5E39-41AA-8CE8-A999AE72C135}.AppStore|ARM64.Build.0 = Debug|Any CPU
		{601A443E-5E39-41AA-8CE8-A999AE72C135}.AppStore|iPhone.ActiveCfg = Debug|Any CPU
		{601A443E-5E39-41AA-8CE8-A999AE72C135}.AppStore|iPhone.Build.0 = Debug|Any CPU
		{601A443E-5E39-41AA-8CE8-A999AE72C135}.AppStore|iPhoneSimulator.ActiveCfg = Debug|Any CPU
		{601A443E-5E39-41AA-8CE8-A999AE72C135}.AppStore|iPhoneSimulator.Build.0 = Debug|Any CPU
		{601A443E-5E39-41AA-8CE8-A999AE72C135}.AppStore|x64.ActiveCfg = Debug|Any CPU
		{601A443E-5E39-41AA-8CE8-A999AE72C135}.AppStore|x64.Build.0 = Debug|Any CPU
		{601A443E-5E39-41AA-8CE8-A999AE72C135}.AppStore|x86.ActiveCfg = Debug|Any CPU
		{601A443E-5E39-41AA-8CE8-A999AE72C135}.AppStore|x86.Build.0 = Debug|Any CPU
		{601A443E-5E39-41AA-8CE8-A999AE72C135}.Debug|Any CPU.ActiveCfg = Debug|Any CPU
		{601A443E-5E39-41AA-8CE8-A999AE72C135}.Debug|Any CPU.Build.0 = Debug|Any CPU
		{601A443E-5E39-41AA-8CE8-A999AE72C135}.Debug|ARM.ActiveCfg = Debug|Any CPU
		{601A443E-5E39-41AA-8CE8-A999AE72C135}.Debug|ARM.Build.0 = Debug|Any CPU
		{601A443E-5E39-41AA-8CE8-A999AE72C135}.Debug|ARM64.ActiveCfg = Debug|Any CPU
		{601A443E-5E39-41AA-8CE8-A999AE72C135}.Debug|ARM64.Build.0 = Debug|Any CPU
		{601A443E-5E39-41AA-8CE8-A999AE72C135}.Debug|iPhone.ActiveCfg = Debug|Any CPU
		{601A443E-5E39-41AA-8CE8-A999AE72C135}.Debug|iPhone.Build.0 = Debug|Any CPU
		{601A443E-5E39-41AA-8CE8-A999AE72C135}.Debug|iPhoneSimulator.ActiveCfg = Debug|Any CPU
		{601A443E-5E39-41AA-8CE8-A999AE72C135}.Debug|iPhoneSimulator.Build.0 = Debug|Any CPU
		{601A443E-5E39-41AA-8CE8-A999AE72C135}.Debug|x64.ActiveCfg = Debug|Any CPU
		{601A443E-5E39-41AA-8CE8-A999AE72C135}.Debug|x64.Build.0 = Debug|Any CPU
		{601A443E-5E39-41AA-8CE8-A999AE72C135}.Debug|x86.ActiveCfg = Debug|Any CPU
		{601A443E-5E39-41AA-8CE8-A999AE72C135}.Debug|x86.Build.0 = Debug|Any CPU
		{601A443E-5E39-41AA-8CE8-A999AE72C135}.Release|Any CPU.ActiveCfg = Release|Any CPU
		{601A443E-5E39-41AA-8CE8-A999AE72C135}.Release|Any CPU.Build.0 = Release|Any CPU
		{601A443E-5E39-41AA-8CE8-A999AE72C135}.Release|ARM.ActiveCfg = Release|Any CPU
		{601A443E-5E39-41AA-8CE8-A999AE72C135}.Release|ARM.Build.0 = Release|Any CPU
		{601A443E-5E39-41AA-8CE8-A999AE72C135}.Release|ARM64.ActiveCfg = Release|Any CPU
		{601A443E-5E39-41AA-8CE8-A999AE72C135}.Release|ARM64.Build.0 = Release|Any CPU
		{601A443E-5E39-41AA-8CE8-A999AE72C135}.Release|iPhone.ActiveCfg = Release|Any CPU
		{601A443E-5E39-41AA-8CE8-A999AE72C135}.Release|iPhone.Build.0 = Release|Any CPU
		{601A443E-5E39-41AA-8CE8-A999AE72C135}.Release|iPhoneSimulator.ActiveCfg = Release|Any CPU
		{601A443E-5E39-41AA-8CE8-A999AE72C135}.Release|iPhoneSimulator.Build.0 = Release|Any CPU
		{601A443E-5E39-41AA-8CE8-A999AE72C135}.Release|x64.ActiveCfg = Release|Any CPU
		{601A443E-5E39-41AA-8CE8-A999AE72C135}.Release|x64.Build.0 = Release|Any CPU
		{601A443E-5E39-41AA-8CE8-A999AE72C135}.Release|x86.ActiveCfg = Release|Any CPU
		{601A443E-5E39-41AA-8CE8-A999AE72C135}.Release|x86.Build.0 = Release|Any CPU
		{15EC273E-75F5-48E0-AEEB-84ED5A5F0DC4}.Ad-Hoc|Any CPU.ActiveCfg = Debug|Any CPU
		{15EC273E-75F5-48E0-AEEB-84ED5A5F0DC4}.Ad-Hoc|Any CPU.Build.0 = Debug|Any CPU
		{15EC273E-75F5-48E0-AEEB-84ED5A5F0DC4}.Ad-Hoc|ARM.ActiveCfg = Debug|Any CPU
		{15EC273E-75F5-48E0-AEEB-84ED5A5F0DC4}.Ad-Hoc|ARM.Build.0 = Debug|Any CPU
		{15EC273E-75F5-48E0-AEEB-84ED5A5F0DC4}.Ad-Hoc|ARM64.ActiveCfg = Debug|Any CPU
		{15EC273E-75F5-48E0-AEEB-84ED5A5F0DC4}.Ad-Hoc|ARM64.Build.0 = Debug|Any CPU
		{15EC273E-75F5-48E0-AEEB-84ED5A5F0DC4}.Ad-Hoc|iPhone.ActiveCfg = Debug|Any CPU
		{15EC273E-75F5-48E0-AEEB-84ED5A5F0DC4}.Ad-Hoc|iPhone.Build.0 = Debug|Any CPU
		{15EC273E-75F5-48E0-AEEB-84ED5A5F0DC4}.Ad-Hoc|iPhoneSimulator.ActiveCfg = Debug|Any CPU
		{15EC273E-75F5-48E0-AEEB-84ED5A5F0DC4}.Ad-Hoc|iPhoneSimulator.Build.0 = Debug|Any CPU
		{15EC273E-75F5-48E0-AEEB-84ED5A5F0DC4}.Ad-Hoc|x64.ActiveCfg = Debug|Any CPU
		{15EC273E-75F5-48E0-AEEB-84ED5A5F0DC4}.Ad-Hoc|x64.Build.0 = Debug|Any CPU
		{15EC273E-75F5-48E0-AEEB-84ED5A5F0DC4}.Ad-Hoc|x86.ActiveCfg = Debug|Any CPU
		{15EC273E-75F5-48E0-AEEB-84ED5A5F0DC4}.Ad-Hoc|x86.Build.0 = Debug|Any CPU
		{15EC273E-75F5-48E0-AEEB-84ED5A5F0DC4}.AppStore|Any CPU.ActiveCfg = Debug|Any CPU
		{15EC273E-75F5-48E0-AEEB-84ED5A5F0DC4}.AppStore|Any CPU.Build.0 = Debug|Any CPU
		{15EC273E-75F5-48E0-AEEB-84ED5A5F0DC4}.AppStore|ARM.ActiveCfg = Debug|Any CPU
		{15EC273E-75F5-48E0-AEEB-84ED5A5F0DC4}.AppStore|ARM.Build.0 = Debug|Any CPU
		{15EC273E-75F5-48E0-AEEB-84ED5A5F0DC4}.AppStore|ARM64.ActiveCfg = Debug|Any CPU
		{15EC273E-75F5-48E0-AEEB-84ED5A5F0DC4}.AppStore|ARM64.Build.0 = Debug|Any CPU
		{15EC273E-75F5-48E0-AEEB-84ED5A5F0DC4}.AppStore|iPhone.ActiveCfg = Debug|Any CPU
		{15EC273E-75F5-48E0-AEEB-84ED5A5F0DC4}.AppStore|iPhone.Build.0 = Debug|Any CPU
		{15EC273E-75F5-48E0-AEEB-84ED5A5F0DC4}.AppStore|iPhoneSimulator.ActiveCfg = Debug|Any CPU
		{15EC273E-75F5-48E0-AEEB-84ED5A5F0DC4}.AppStore|iPhoneSimulator.Build.0 = Debug|Any CPU
		{15EC273E-75F5-48E0-AEEB-84ED5A5F0DC4}.AppStore|x64.ActiveCfg = Debug|Any CPU
		{15EC273E-75F5-48E0-AEEB-84ED5A5F0DC4}.AppStore|x64.Build.0 = Debug|Any CPU
		{15EC273E-75F5-48E0-AEEB-84ED5A5F0DC4}.AppStore|x86.ActiveCfg = Debug|Any CPU
		{15EC273E-75F5-48E0-AEEB-84ED5A5F0DC4}.AppStore|x86.Build.0 = Debug|Any CPU
		{15EC273E-75F5-48E0-AEEB-84ED5A5F0DC4}.Debug|Any CPU.ActiveCfg = Debug|Any CPU
		{15EC273E-75F5-48E0-AEEB-84ED5A5F0DC4}.Debug|Any CPU.Build.0 = Debug|Any CPU
		{15EC273E-75F5-48E0-AEEB-84ED5A5F0DC4}.Debug|ARM.ActiveCfg = Debug|Any CPU
		{15EC273E-75F5-48E0-AEEB-84ED5A5F0DC4}.Debug|ARM.Build.0 = Debug|Any CPU
		{15EC273E-75F5-48E0-AEEB-84ED5A5F0DC4}.Debug|ARM64.ActiveCfg = Debug|Any CPU
		{15EC273E-75F5-48E0-AEEB-84ED5A5F0DC4}.Debug|ARM64.Build.0 = Debug|Any CPU
		{15EC273E-75F5-48E0-AEEB-84ED5A5F0DC4}.Debug|iPhone.ActiveCfg = Debug|Any CPU
		{15EC273E-75F5-48E0-AEEB-84ED5A5F0DC4}.Debug|iPhone.Build.0 = Debug|Any CPU
		{15EC273E-75F5-48E0-AEEB-84ED5A5F0DC4}.Debug|iPhoneSimulator.ActiveCfg = Debug|Any CPU
		{15EC273E-75F5-48E0-AEEB-84ED5A5F0DC4}.Debug|iPhoneSimulator.Build.0 = Debug|Any CPU
		{15EC273E-75F5-48E0-AEEB-84ED5A5F0DC4}.Debug|x64.ActiveCfg = Debug|Any CPU
		{15EC273E-75F5-48E0-AEEB-84ED5A5F0DC4}.Debug|x64.Build.0 = Debug|Any CPU
		{15EC273E-75F5-48E0-AEEB-84ED5A5F0DC4}.Debug|x86.ActiveCfg = Debug|Any CPU
		{15EC273E-75F5-48E0-AEEB-84ED5A5F0DC4}.Debug|x86.Build.0 = Debug|Any CPU
		{15EC273E-75F5-48E0-AEEB-84ED5A5F0DC4}.Release|Any CPU.ActiveCfg = Release|Any CPU
		{15EC273E-75F5-48E0-AEEB-84ED5A5F0DC4}.Release|Any CPU.Build.0 = Release|Any CPU
		{15EC273E-75F5-48E0-AEEB-84ED5A5F0DC4}.Release|ARM.ActiveCfg = Release|Any CPU
		{15EC273E-75F5-48E0-AEEB-84ED5A5F0DC4}.Release|ARM.Build.0 = Release|Any CPU
		{15EC273E-75F5-48E0-AEEB-84ED5A5F0DC4}.Release|ARM64.ActiveCfg = Release|Any CPU
		{15EC273E-75F5-48E0-AEEB-84ED5A5F0DC4}.Release|ARM64.Build.0 = Release|Any CPU
		{15EC273E-75F5-48E0-AEEB-84ED5A5F0DC4}.Release|iPhone.ActiveCfg = Release|Any CPU
		{15EC273E-75F5-48E0-AEEB-84ED5A5F0DC4}.Release|iPhone.Build.0 = Release|Any CPU
		{15EC273E-75F5-48E0-AEEB-84ED5A5F0DC4}.Release|iPhoneSimulator.ActiveCfg = Release|Any CPU
		{15EC273E-75F5-48E0-AEEB-84ED5A5F0DC4}.Release|iPhoneSimulator.Build.0 = Release|Any CPU
		{15EC273E-75F5-48E0-AEEB-84ED5A5F0DC4}.Release|x64.ActiveCfg = Release|Any CPU
		{15EC273E-75F5-48E0-AEEB-84ED5A5F0DC4}.Release|x64.Build.0 = Release|Any CPU
		{15EC273E-75F5-48E0-AEEB-84ED5A5F0DC4}.Release|x86.ActiveCfg = Release|Any CPU
		{15EC273E-75F5-48E0-AEEB-84ED5A5F0DC4}.Release|x86.Build.0 = Release|Any CPU
		{25668814-618E-4EBF-BC4D-716F38589F0A}.Ad-Hoc|Any CPU.ActiveCfg = Debug|Any CPU
		{25668814-618E-4EBF-BC4D-716F38589F0A}.Ad-Hoc|Any CPU.Build.0 = Debug|Any CPU
		{25668814-618E-4EBF-BC4D-716F38589F0A}.Ad-Hoc|ARM.ActiveCfg = Debug|Any CPU
		{25668814-618E-4EBF-BC4D-716F38589F0A}.Ad-Hoc|ARM.Build.0 = Debug|Any CPU
		{25668814-618E-4EBF-BC4D-716F38589F0A}.Ad-Hoc|ARM64.ActiveCfg = Debug|Any CPU
		{25668814-618E-4EBF-BC4D-716F38589F0A}.Ad-Hoc|ARM64.Build.0 = Debug|Any CPU
		{25668814-618E-4EBF-BC4D-716F38589F0A}.Ad-Hoc|iPhone.ActiveCfg = Debug|Any CPU
		{25668814-618E-4EBF-BC4D-716F38589F0A}.Ad-Hoc|iPhone.Build.0 = Debug|Any CPU
		{25668814-618E-4EBF-BC4D-716F38589F0A}.Ad-Hoc|iPhoneSimulator.ActiveCfg = Debug|Any CPU
		{25668814-618E-4EBF-BC4D-716F38589F0A}.Ad-Hoc|iPhoneSimulator.Build.0 = Debug|Any CPU
		{25668814-618E-4EBF-BC4D-716F38589F0A}.Ad-Hoc|x64.ActiveCfg = Debug|Any CPU
		{25668814-618E-4EBF-BC4D-716F38589F0A}.Ad-Hoc|x64.Build.0 = Debug|Any CPU
		{25668814-618E-4EBF-BC4D-716F38589F0A}.Ad-Hoc|x86.ActiveCfg = Debug|Any CPU
		{25668814-618E-4EBF-BC4D-716F38589F0A}.Ad-Hoc|x86.Build.0 = Debug|Any CPU
		{25668814-618E-4EBF-BC4D-716F38589F0A}.AppStore|Any CPU.ActiveCfg = Debug|Any CPU
		{25668814-618E-4EBF-BC4D-716F38589F0A}.AppStore|Any CPU.Build.0 = Debug|Any CPU
		{25668814-618E-4EBF-BC4D-716F38589F0A}.AppStore|ARM.ActiveCfg = Debug|Any CPU
		{25668814-618E-4EBF-BC4D-716F38589F0A}.AppStore|ARM.Build.0 = Debug|Any CPU
		{25668814-618E-4EBF-BC4D-716F38589F0A}.AppStore|ARM64.ActiveCfg = Debug|Any CPU
		{25668814-618E-4EBF-BC4D-716F38589F0A}.AppStore|ARM64.Build.0 = Debug|Any CPU
		{25668814-618E-4EBF-BC4D-716F38589F0A}.AppStore|iPhone.ActiveCfg = Debug|Any CPU
		{25668814-618E-4EBF-BC4D-716F38589F0A}.AppStore|iPhone.Build.0 = Debug|Any CPU
		{25668814-618E-4EBF-BC4D-716F38589F0A}.AppStore|iPhoneSimulator.ActiveCfg = Debug|Any CPU
		{25668814-618E-4EBF-BC4D-716F38589F0A}.AppStore|iPhoneSimulator.Build.0 = Debug|Any CPU
		{25668814-618E-4EBF-BC4D-716F38589F0A}.AppStore|x64.ActiveCfg = Debug|Any CPU
		{25668814-618E-4EBF-BC4D-716F38589F0A}.AppStore|x64.Build.0 = Debug|Any CPU
		{25668814-618E-4EBF-BC4D-716F38589F0A}.AppStore|x86.ActiveCfg = Debug|Any CPU
		{25668814-618E-4EBF-BC4D-716F38589F0A}.AppStore|x86.Build.0 = Debug|Any CPU
		{25668814-618E-4EBF-BC4D-716F38589F0A}.Debug|Any CPU.ActiveCfg = Debug|Any CPU
		{25668814-618E-4EBF-BC4D-716F38589F0A}.Debug|Any CPU.Build.0 = Debug|Any CPU
		{25668814-618E-4EBF-BC4D-716F38589F0A}.Debug|ARM.ActiveCfg = Debug|Any CPU
		{25668814-618E-4EBF-BC4D-716F38589F0A}.Debug|ARM.Build.0 = Debug|Any CPU
		{25668814-618E-4EBF-BC4D-716F38589F0A}.Debug|ARM64.ActiveCfg = Debug|Any CPU
		{25668814-618E-4EBF-BC4D-716F38589F0A}.Debug|ARM64.Build.0 = Debug|Any CPU
		{25668814-618E-4EBF-BC4D-716F38589F0A}.Debug|iPhone.ActiveCfg = Debug|Any CPU
		{25668814-618E-4EBF-BC4D-716F38589F0A}.Debug|iPhone.Build.0 = Debug|Any CPU
		{25668814-618E-4EBF-BC4D-716F38589F0A}.Debug|iPhoneSimulator.ActiveCfg = Debug|Any CPU
		{25668814-618E-4EBF-BC4D-716F38589F0A}.Debug|iPhoneSimulator.Build.0 = Debug|Any CPU
		{25668814-618E-4EBF-BC4D-716F38589F0A}.Debug|x64.ActiveCfg = Debug|Any CPU
		{25668814-618E-4EBF-BC4D-716F38589F0A}.Debug|x64.Build.0 = Debug|Any CPU
		{25668814-618E-4EBF-BC4D-716F38589F0A}.Debug|x86.ActiveCfg = Debug|Any CPU
		{25668814-618E-4EBF-BC4D-716F38589F0A}.Debug|x86.Build.0 = Debug|Any CPU
		{25668814-618E-4EBF-BC4D-716F38589F0A}.Release|Any CPU.ActiveCfg = Release|Any CPU
		{25668814-618E-4EBF-BC4D-716F38589F0A}.Release|Any CPU.Build.0 = Release|Any CPU
		{25668814-618E-4EBF-BC4D-716F38589F0A}.Release|ARM.ActiveCfg = Release|Any CPU
		{25668814-618E-4EBF-BC4D-716F38589F0A}.Release|ARM.Build.0 = Release|Any CPU
		{25668814-618E-4EBF-BC4D-716F38589F0A}.Release|ARM64.ActiveCfg = Release|Any CPU
		{25668814-618E-4EBF-BC4D-716F38589F0A}.Release|ARM64.Build.0 = Release|Any CPU
		{25668814-618E-4EBF-BC4D-716F38589F0A}.Release|iPhone.ActiveCfg = Release|Any CPU
		{25668814-618E-4EBF-BC4D-716F38589F0A}.Release|iPhone.Build.0 = Release|Any CPU
		{25668814-618E-4EBF-BC4D-716F38589F0A}.Release|iPhoneSimulator.ActiveCfg = Release|Any CPU
		{25668814-618E-4EBF-BC4D-716F38589F0A}.Release|iPhoneSimulator.Build.0 = Release|Any CPU
		{25668814-618E-4EBF-BC4D-716F38589F0A}.Release|x64.ActiveCfg = Release|Any CPU
		{25668814-618E-4EBF-BC4D-716F38589F0A}.Release|x64.Build.0 = Release|Any CPU
		{25668814-618E-4EBF-BC4D-716F38589F0A}.Release|x86.ActiveCfg = Release|Any CPU
		{25668814-618E-4EBF-BC4D-716F38589F0A}.Release|x86.Build.0 = Release|Any CPU
	EndGlobalSection
	GlobalSection(SolutionProperties) = preSolution
		HideSolutionNode = FALSE
	EndGlobalSection
	GlobalSection(NestedProjects) = preSolution
		{3DE4429B-5BB1-423F-B529-8AD31E841DB3} = {BBAFEB1E-93C0-4C7E-8E0A-026BB05C88EC}
		{67476367-BB0B-4A84-B8BB-7ED4ED2F1CD6} = {BBAFEB1E-93C0-4C7E-8E0A-026BB05C88EC}
		{E025D4A5-F4D9-44CF-80DF-B81A9EE5DB0E} = {BBAFEB1E-93C0-4C7E-8E0A-026BB05C88EC}
		{87559180-DF2A-4509-9026-0C2DD7CB02FF} = {BBAFEB1E-93C0-4C7E-8E0A-026BB05C88EC}
		{39D21008-549B-42ED-8640-3B9AAEFB2921} = {BBAFEB1E-93C0-4C7E-8E0A-026BB05C88EC}
		{8BD056C8-D493-4D8B-A48B-EC57316BCE63} = {BBAFEB1E-93C0-4C7E-8E0A-026BB05C88EC}
		{34369F3F-EE29-46DD-872C-DBD8CA47DF7B} = {BBAFEB1E-93C0-4C7E-8E0A-026BB05C88EC}
		{601A443E-5E39-41AA-8CE8-A999AE72C135} = {BBAFEB1E-93C0-4C7E-8E0A-026BB05C88EC}
		{15EC273E-75F5-48E0-AEEB-84ED5A5F0DC4} = {BBAFEB1E-93C0-4C7E-8E0A-026BB05C88EC}
		{6279C845-92F8-4333-AB99-3D213163593C} = {BBAFEB1E-93C0-4C7E-8E0A-026BB05C88EC}
		{25668814-618E-4EBF-BC4D-716F38589F0A} = {BBAFEB1E-93C0-4C7E-8E0A-026BB05C88EC}
	EndGlobalSection
	GlobalSection(ExtensibilityGlobals) = postSolution
		SolutionGuid = {3125D461-08F4-4071-AAE5-1038EF84A360}
	EndGlobalSection
EndGlobal
