
Microsoft Visual Studio Solution File, Format Version 12.00
# Visual Studio Version 17
VisualStudioVersion = 17.0.31612.314
MinimumVisualStudioVersion = 10.0.40219.1
Project("{2150E333-8FDC-42A3-9474-1A3956D46DE8}") = "Solution Items", "Solution Items", "{51DF5F61-CE23-4BB5-A1D6-8421974B760B}"
	ProjectSection(SolutionItems) = preProject
		..\.editorconfig = ..\.editorconfig
		..\Elmish.Uno.nuspec = ..\Elmish.Uno.nuspec
		..\global.json = ..\global.json
		..\nuget.config = ..\nuget.config
		Packages.props = Packages.props
		..\README.md = ..\README.md
		..\RELEASE_NOTES.md = ..\RELEASE_NOTES.md
		Solution.Build.props = Solution.Build.props
		..\TUTORIAL.md = ..\TUTORIAL.md
	EndProjectSection
EndProject
Project("{2150E333-8FDC-42A3-9474-1A3956D46DE8}") = "GitHub", "GitHub", "{C6184090-416E-43D5-A110-F76B45317E0F}"
EndProject
Project("{6EC3EE1D-3C4E-46DD-8F32-0CC8E7565705}") = "Elmish.Uno.Tests", "Elmish.Uno.Tests\Elmish.Uno.Tests.fsproj", "{70BE17FF-A5E8-4D4A-B5C4-8B60C81D125B}"
EndProject
Project("{2150E333-8FDC-42A3-9474-1A3956D46DE8}") = "Workflows", "Workflows", "{E036A399-66BF-4656-98E0-45A30EABDBC7}"
	ProjectSection(SolutionItems) = preProject
		..\.github\workflows\publish_myget.yml = ..\.github\workflows\publish_myget.yml
		..\.github\workflows\publish_nuget.yml = ..\.github\workflows\publish_nuget.yml
		..\.github\workflows\pull_request.yml = ..\.github\workflows\pull_request.yml
	EndProjectSection
EndProject
Project("{2150E333-8FDC-42A3-9474-1A3956D46DE8}") = "NuGet", "NuGet", "{49DD7592-B03D-4EEE-B1BF-522488992C80}"
	ProjectSection(SolutionItems) = preProject
		..\Elmish.Uno.nuspec = ..\Elmish.Uno.nuspec
		Templates\Templates.nuspec = Templates\Templates.nuspec
	EndProjectSection
EndProject
Project("{6EC3EE1D-3C4E-46DD-8F32-0CC8E7565705}") = "Elmish.Uno", "Elmish.Uno\Elmish.Uno.fsproj", "{8C6E8D34-7205-4C57-9722-87E30E4FC5CE}"
EndProject
Global
	GlobalSection(SolutionConfigurationPlatforms) = preSolution
		Debug|Any CPU = Debug|Any CPU
		Release|Any CPU = Release|Any CPU
	EndGlobalSection
	GlobalSection(ProjectConfigurationPlatforms) = postSolution
		{70BE17FF-A5E8-4D4A-B5C4-8B60C81D125B}.Debug|Any CPU.ActiveCfg = Debug|Any CPU
		{70BE17FF-A5E8-4D4A-B5C4-8B60C81D125B}.Debug|Any CPU.Build.0 = Debug|Any CPU
		{70BE17FF-A5E8-4D4A-B5C4-8B60C81D125B}.Release|Any CPU.ActiveCfg = Release|Any CPU
		{70BE17FF-A5E8-4D4A-B5C4-8B60C81D125B}.Release|Any CPU.Build.0 = Release|Any CPU
		{8C6E8D34-7205-4C57-9722-87E30E4FC5CE}.Debug|Any CPU.ActiveCfg = Debug|Any CPU
		{8C6E8D34-7205-4C57-9722-87E30E4FC5CE}.Debug|Any CPU.Build.0 = Debug|Any CPU
		{8C6E8D34-7205-4C57-9722-87E30E4FC5CE}.Release|Any CPU.ActiveCfg = Release|Any CPU
		{8C6E8D34-7205-4C57-9722-87E30E4FC5CE}.Release|Any CPU.Build.0 = Release|Any CPU
	EndGlobalSection
	GlobalSection(SolutionProperties) = preSolution
		HideSolutionNode = FALSE
	EndGlobalSection
	GlobalSection(ExtensibilityGlobals) = postSolution
		SolutionGuid = {3125D461-08F4-4071-AAE5-1038EF84A360}
	EndGlobalSection
EndGlobal
