
Microsoft Visual Studio Solution File, Format Version 12.00
# Visual Studio Version 16
VisualStudioVersion = 16.0.28803.352
MinimumVisualStudioVersion = 10.0.40219.1
Project("{2150E333-8FDC-42A3-9474-1A3956D46DE8}") = "Samples", "Samples", "{BBAFEB1E-93C0-4C7E-8E0A-026BB05C88EC}"
EndProject
Project("{6EC3EE1D-3C4E-46DD-8F32-0CC8E7565705}") = "Elmish.Uno", "Elmish.Uno\Elmish.Uno.fsproj", "{8C6E8D34-7205-4C57-9722-87E30E4FC5CE}"
EndProject
Project("{6EC3EE1D-3C4E-46DD-8F32-0CC8E7565705}") = "Elmish.Uno.Tests", "Elmish.Uno.Tests\Elmish.Uno.Tests.fsproj", "{54DFF909-F5DF-48A9-B57D-E57B0EE743FF}"
EndProject
Project("{2150E333-8FDC-42A3-9474-1A3956D46DE8}") = "Solution Items", "Solution Items", "{51DF5F61-CE23-4BB5-A1D6-8421974B760B}"
	ProjectSection(SolutionItems) = preProject
		..\.editorconfig = ..\.editorconfig
		..\global.json = ..\global.json
		..\NuGet.Config = ..\NuGet.Config
		..\README.md = ..\README.md
		..\RELEASE_NOTES.md = ..\RELEASE_NOTES.md
		..\TUTORIAL.md = ..\TUTORIAL.md
	EndProjectSection
EndProject
Project("{FAE04EC0-301F-11D3-BF4B-00C04F79EFBC}") = "Samples.Droid", "Samples\Samples.Droid\Samples.Droid.csproj", "{3DE4429B-5BB1-423F-B529-8AD31E841DB3}"
EndProject
Project("{FAE04EC0-301F-11D3-BF4B-00C04F79EFBC}") = "Samples.iOS", "Samples\Samples.iOS\Samples.iOS.csproj", "{0AB98FD6-322A-468F-9228-D66B5AD46C15}"
EndProject
Project("{FAE04EC0-301F-11D3-BF4B-00C04F79EFBC}") = "Samples.UWP", "Samples\Samples.UWP\Samples.UWP.csproj", "{4477AD7B-7B4A-48CC-B800-3E4B05664F46}"
EndProject
Project("{9A19103F-16F7-4668-BE54-9A1E7A4F7556}") = "Samples.Wasm", "Samples\Samples.Wasm\Samples.Wasm.csproj", "{87559180-DF2A-4509-9026-0C2DD7CB02FF}"
EndProject
Project("{FAE04EC0-301F-11D3-BF4B-00C04F79EFBC}") = "Samples.macOS", "Samples\Samples.macOS\Samples.macOS.csproj", "{E967D746-48C0-4FE5-A09A-18DDF632E6B4}"
EndProject
Project("{9A19103F-16F7-4668-BE54-9A1E7A4F7556}") = "Samples.Skia.Wpf.Host", "Samples\Samples.Skia.Wpf.Host\Samples.Skia.Wpf.Host.csproj", "{8BD056C8-D493-4D8B-A48B-EC57316BCE63}"
EndProject
Project("{9A19103F-16F7-4668-BE54-9A1E7A4F7556}") = "Samples.Skia.Wpf", "Samples\Samples.Skia.Wpf\Samples.Skia.Wpf.csproj", "{34369F3F-EE29-46DD-872C-DBD8CA47DF7B}"
EndProject
Project("{9A19103F-16F7-4668-BE54-9A1E7A4F7556}") = "Samples.Skia.Gtk", "Samples\Samples.Skia.Gtk\Samples.Skia.Gtk.csproj", "{601A443E-5E39-41AA-8CE8-A999AE72C135}"
EndProject
Project("{9A19103F-16F7-4668-BE54-9A1E7A4F7556}") = "Samples.Skia.Tizen", "Samples\Samples.Skia.Tizen\Samples.Skia.Tizen.csproj", "{15EC273E-75F5-48E0-AEEB-84ED5A5F0DC4}"
EndProject
Project("{D954291E-2A0B-460D-934E-DC6B0785DB48}") = "Samples.Shared", "Samples\Samples.Shared\Samples.Shared.shproj", "{6279C845-92F8-4333-AB99-3D213163593C}"
EndProject
Project("{6EC3EE1D-3C4E-46DD-8F32-0CC8E7565705}") = "Samples", "Samples\Samples\Samples.fsproj", "{25668814-618E-4EBF-BC4D-716F38589F0A}"
EndProject
Project("{9A19103F-16F7-4668-BE54-9A1E7A4F7556}") = "Samples.Windows.Desktop", "Samples\Samples.Windows.Desktop\Samples.Windows.Desktop.csproj", "{20DCCF18-F496-421B-AD82-B649B441EAF7}"
EndProject
Project("{C7167F0D-BC9F-4E6E-AFE1-012C56B48DB5}") = "Samples.Windows.Package", "Samples\Samples.Windows.Package\Samples.Windows.Package.wapproj", "{D3AFA2C6-109D-412E-B972-E815F674AC76}"
EndProject
Global
	GlobalSection(SharedMSBuildProjectFiles) = preSolution
		Samples\Samples.Shared\Samples.Shared.projitems*{0ab98fd6-322a-468f-9228-d66b5ad46c15}*SharedItemsImports = 4
		Samples\Samples.Shared\Samples.Shared.projitems*{15ec273e-75f5-48e0-aeeb-84ed5a5f0dc4}*SharedItemsImports = 5
		Samples\Samples.Shared\Samples.Shared.projitems*{20dccf18-f496-421b-ad82-b649b441eaf7}*SharedItemsImports = 5
		Samples\Samples.Shared\Samples.Shared.projitems*{34369f3f-ee29-46dd-872c-dbd8ca47df7b}*SharedItemsImports = 5
		Samples\Samples.Shared\Samples.Shared.projitems*{3de4429b-5bb1-423f-b529-8ad31e841db3}*SharedItemsImports = 4
		Samples\Samples.Shared\Samples.Shared.projitems*{4477ad7b-7b4a-48cc-b800-3e4b05664f46}*SharedItemsImports = 4
		Samples\Samples.Shared\Samples.Shared.projitems*{601a443e-5e39-41aa-8ce8-a999ae72c135}*SharedItemsImports = 5
		Samples\Samples.Shared\Samples.Shared.projitems*{6279c845-92f8-4333-ab99-3d213163593c}*SharedItemsImports = 13
		Samples\Samples.Shared\Samples.Shared.projitems*{87559180-df2a-4509-9026-0c2dd7cb02ff}*SharedItemsImports = 5
		Samples\Samples.Shared\Samples.Shared.projitems*{e967d746-48c0-4fe5-a09a-18ddf632e6b4}*SharedItemsImports = 4
	EndGlobalSection
	GlobalSection(SolutionConfigurationPlatforms) = preSolution
		Ad-Hoc|Any CPU = Ad-Hoc|Any CPU
		Ad-Hoc|ARM = Ad-Hoc|ARM
		Ad-Hoc|ARM64 = Ad-Hoc|ARM64
		Ad-Hoc|iPhone = Ad-Hoc|iPhone
		Ad-Hoc|iPhoneSimulator = Ad-Hoc|iPhoneSimulator
		Ad-Hoc|x64 = Ad-Hoc|x64
		Ad-Hoc|x86 = Ad-Hoc|x86
		AppStore|Any CPU = AppStore|Any CPU
		AppStore|ARM = AppStore|ARM
		AppStore|ARM64 = AppStore|ARM64
		AppStore|iPhone = AppStore|iPhone
		AppStore|iPhoneSimulator = AppStore|iPhoneSimulator
		AppStore|x64 = AppStore|x64
		AppStore|x86 = AppStore|x86
		Debug|Any CPU = Debug|Any CPU
		Debug|ARM = Debug|ARM
		Debug|ARM64 = Debug|ARM64
		Debug|iPhone = Debug|iPhone
		Debug|iPhoneSimulator = Debug|iPhoneSimulator
		Debug|x64 = Debug|x64
		Debug|x86 = Debug|x86
		Release|Any CPU = Release|Any CPU
		Release|ARM = Release|ARM
		Release|ARM64 = Release|ARM64
		Release|iPhone = Release|iPhone
		Release|iPhoneSimulator = Release|iPhoneSimulator
		Release|x64 = Release|x64
		Release|x86 = Release|x86
	EndGlobalSection
	GlobalSection(ProjectConfigurationPlatforms) = postSolution
		{8C6E8D34-7205-4C57-9722-87E30E4FC5CE}.Ad-Hoc|Any CPU.ActiveCfg = Release|Any CPU
		{8C6E8D34-7205-4C57-9722-87E30E4FC5CE}.Ad-Hoc|Any CPU.Build.0 = Release|Any CPU
		{8C6E8D34-7205-4C57-9722-87E30E4FC5CE}.Ad-Hoc|ARM.ActiveCfg = Release|Any CPU
		{8C6E8D34-7205-4C57-9722-87E30E4FC5CE}.Ad-Hoc|ARM.Build.0 = Release|Any CPU
		{8C6E8D34-7205-4C57-9722-87E30E4FC5CE}.Ad-Hoc|ARM64.ActiveCfg = Release|Any CPU
		{8C6E8D34-7205-4C57-9722-87E30E4FC5CE}.Ad-Hoc|ARM64.Build.0 = Release|Any CPU
		{8C6E8D34-7205-4C57-9722-87E30E4FC5CE}.Ad-Hoc|iPhone.ActiveCfg = Release|Any CPU
		{8C6E8D34-7205-4C57-9722-87E30E4FC5CE}.Ad-Hoc|iPhone.Build.0 = Release|Any CPU
		{8C6E8D34-7205-4C57-9722-87E30E4FC5CE}.Ad-Hoc|iPhoneSimulator.ActiveCfg = Release|Any CPU
		{8C6E8D34-7205-4C57-9722-87E30E4FC5CE}.Ad-Hoc|iPhoneSimulator.Build.0 = Release|Any CPU
		{8C6E8D34-7205-4C57-9722-87E30E4FC5CE}.Ad-Hoc|x64.ActiveCfg = Release|Any CPU
		{8C6E8D34-7205-4C57-9722-87E30E4FC5CE}.Ad-Hoc|x64.Build.0 = Release|Any CPU
		{8C6E8D34-7205-4C57-9722-87E30E4FC5CE}.Ad-Hoc|x86.ActiveCfg = Release|Any CPU
		{8C6E8D34-7205-4C57-9722-87E30E4FC5CE}.Ad-Hoc|x86.Build.0 = Release|Any CPU
		{8C6E8D34-7205-4C57-9722-87E30E4FC5CE}.AppStore|Any CPU.ActiveCfg = Release|Any CPU
		{8C6E8D34-7205-4C57-9722-87E30E4FC5CE}.AppStore|Any CPU.Build.0 = Release|Any CPU
		{8C6E8D34-7205-4C57-9722-87E30E4FC5CE}.AppStore|ARM.ActiveCfg = Release|Any CPU
		{8C6E8D34-7205-4C57-9722-87E30E4FC5CE}.AppStore|ARM.Build.0 = Release|Any CPU
		{8C6E8D34-7205-4C57-9722-87E30E4FC5CE}.AppStore|ARM64.ActiveCfg = Release|Any CPU
		{8C6E8D34-7205-4C57-9722-87E30E4FC5CE}.AppStore|ARM64.Build.0 = Release|Any CPU
		{8C6E8D34-7205-4C57-9722-87E30E4FC5CE}.AppStore|iPhone.ActiveCfg = Release|Any CPU
		{8C6E8D34-7205-4C57-9722-87E30E4FC5CE}.AppStore|iPhone.Build.0 = Release|Any CPU
		{8C6E8D34-7205-4C57-9722-87E30E4FC5CE}.AppStore|iPhoneSimulator.ActiveCfg = Release|Any CPU
		{8C6E8D34-7205-4C57-9722-87E30E4FC5CE}.AppStore|iPhoneSimulator.Build.0 = Release|Any CPU
		{8C6E8D34-7205-4C57-9722-87E30E4FC5CE}.AppStore|x64.ActiveCfg = Release|Any CPU
		{8C6E8D34-7205-4C57-9722-87E30E4FC5CE}.AppStore|x64.Build.0 = Release|Any CPU
		{8C6E8D34-7205-4C57-9722-87E30E4FC5CE}.AppStore|x86.ActiveCfg = Release|Any CPU
		{8C6E8D34-7205-4C57-9722-87E30E4FC5CE}.AppStore|x86.Build.0 = Release|Any CPU
		{8C6E8D34-7205-4C57-9722-87E30E4FC5CE}.Debug|Any CPU.ActiveCfg = Debug|Any CPU
		{8C6E8D34-7205-4C57-9722-87E30E4FC5CE}.Debug|Any CPU.Build.0 = Debug|Any CPU
		{8C6E8D34-7205-4C57-9722-87E30E4FC5CE}.Debug|ARM.ActiveCfg = Debug|Any CPU
		{8C6E8D34-7205-4C57-9722-87E30E4FC5CE}.Debug|ARM.Build.0 = Debug|Any CPU
		{8C6E8D34-7205-4C57-9722-87E30E4FC5CE}.Debug|ARM64.ActiveCfg = Debug|Any CPU
		{8C6E8D34-7205-4C57-9722-87E30E4FC5CE}.Debug|ARM64.Build.0 = Debug|Any CPU
		{8C6E8D34-7205-4C57-9722-87E30E4FC5CE}.Debug|iPhone.ActiveCfg = Debug|Any CPU
		{8C6E8D34-7205-4C57-9722-87E30E4FC5CE}.Debug|iPhone.Build.0 = Debug|Any CPU
		{8C6E8D34-7205-4C57-9722-87E30E4FC5CE}.Debug|iPhoneSimulator.ActiveCfg = Debug|Any CPU
		{8C6E8D34-7205-4C57-9722-87E30E4FC5CE}.Debug|iPhoneSimulator.Build.0 = Debug|Any CPU
		{8C6E8D34-7205-4C57-9722-87E30E4FC5CE}.Debug|x64.ActiveCfg = Debug|Any CPU
		{8C6E8D34-7205-4C57-9722-87E30E4FC5CE}.Debug|x64.Build.0 = Debug|Any CPU
		{8C6E8D34-7205-4C57-9722-87E30E4FC5CE}.Debug|x86.ActiveCfg = Debug|Any CPU
		{8C6E8D34-7205-4C57-9722-87E30E4FC5CE}.Debug|x86.Build.0 = Debug|Any CPU
		{8C6E8D34-7205-4C57-9722-87E30E4FC5CE}.Release|Any CPU.ActiveCfg = Release|Any CPU
		{8C6E8D34-7205-4C57-9722-87E30E4FC5CE}.Release|Any CPU.Build.0 = Release|Any CPU
		{8C6E8D34-7205-4C57-9722-87E30E4FC5CE}.Release|ARM.ActiveCfg = Release|Any CPU
		{8C6E8D34-7205-4C57-9722-87E30E4FC5CE}.Release|ARM.Build.0 = Release|Any CPU
		{8C6E8D34-7205-4C57-9722-87E30E4FC5CE}.Release|ARM64.ActiveCfg = Release|Any CPU
		{8C6E8D34-7205-4C57-9722-87E30E4FC5CE}.Release|ARM64.Build.0 = Release|Any CPU
		{8C6E8D34-7205-4C57-9722-87E30E4FC5CE}.Release|iPhone.ActiveCfg = Release|Any CPU
		{8C6E8D34-7205-4C57-9722-87E30E4FC5CE}.Release|iPhone.Build.0 = Release|Any CPU
		{8C6E8D34-7205-4C57-9722-87E30E4FC5CE}.Release|iPhoneSimulator.ActiveCfg = Release|Any CPU
		{8C6E8D34-7205-4C57-9722-87E30E4FC5CE}.Release|iPhoneSimulator.Build.0 = Release|Any CPU
		{8C6E8D34-7205-4C57-9722-87E30E4FC5CE}.Release|x64.ActiveCfg = Release|Any CPU
		{8C6E8D34-7205-4C57-9722-87E30E4FC5CE}.Release|x64.Build.0 = Release|Any CPU
		{8C6E8D34-7205-4C57-9722-87E30E4FC5CE}.Release|x86.ActiveCfg = Release|Any CPU
		{8C6E8D34-7205-4C57-9722-87E30E4FC5CE}.Release|x86.Build.0 = Release|Any CPU
		{54DFF909-F5DF-48A9-B57D-E57B0EE743FF}.Ad-Hoc|Any CPU.ActiveCfg = Release|Any CPU
		{54DFF909-F5DF-48A9-B57D-E57B0EE743FF}.Ad-Hoc|Any CPU.Build.0 = Release|Any CPU
		{54DFF909-F5DF-48A9-B57D-E57B0EE743FF}.Ad-Hoc|ARM.ActiveCfg = Release|Any CPU
		{54DFF909-F5DF-48A9-B57D-E57B0EE743FF}.Ad-Hoc|ARM.Build.0 = Release|Any CPU
		{54DFF909-F5DF-48A9-B57D-E57B0EE743FF}.Ad-Hoc|ARM64.ActiveCfg = Release|Any CPU
		{54DFF909-F5DF-48A9-B57D-E57B0EE743FF}.Ad-Hoc|ARM64.Build.0 = Release|Any CPU
		{54DFF909-F5DF-48A9-B57D-E57B0EE743FF}.Ad-Hoc|iPhone.ActiveCfg = Release|Any CPU
		{54DFF909-F5DF-48A9-B57D-E57B0EE743FF}.Ad-Hoc|iPhone.Build.0 = Release|Any CPU
		{54DFF909-F5DF-48A9-B57D-E57B0EE743FF}.Ad-Hoc|iPhoneSimulator.ActiveCfg = Release|Any CPU
		{54DFF909-F5DF-48A9-B57D-E57B0EE743FF}.Ad-Hoc|iPhoneSimulator.Build.0 = Release|Any CPU
		{54DFF909-F5DF-48A9-B57D-E57B0EE743FF}.Ad-Hoc|x64.ActiveCfg = Release|Any CPU
		{54DFF909-F5DF-48A9-B57D-E57B0EE743FF}.Ad-Hoc|x64.Build.0 = Release|Any CPU
		{54DFF909-F5DF-48A9-B57D-E57B0EE743FF}.Ad-Hoc|x86.ActiveCfg = Release|Any CPU
		{54DFF909-F5DF-48A9-B57D-E57B0EE743FF}.Ad-Hoc|x86.Build.0 = Release|Any CPU
		{54DFF909-F5DF-48A9-B57D-E57B0EE743FF}.AppStore|Any CPU.ActiveCfg = Release|Any CPU
		{54DFF909-F5DF-48A9-B57D-E57B0EE743FF}.AppStore|Any CPU.Build.0 = Release|Any CPU
		{54DFF909-F5DF-48A9-B57D-E57B0EE743FF}.AppStore|ARM.ActiveCfg = Release|Any CPU
		{54DFF909-F5DF-48A9-B57D-E57B0EE743FF}.AppStore|ARM.Build.0 = Release|Any CPU
		{54DFF909-F5DF-48A9-B57D-E57B0EE743FF}.AppStore|ARM64.ActiveCfg = Release|Any CPU
		{54DFF909-F5DF-48A9-B57D-E57B0EE743FF}.AppStore|ARM64.Build.0 = Release|Any CPU
		{54DFF909-F5DF-48A9-B57D-E57B0EE743FF}.AppStore|iPhone.ActiveCfg = Release|Any CPU
		{54DFF909-F5DF-48A9-B57D-E57B0EE743FF}.AppStore|iPhone.Build.0 = Release|Any CPU
		{54DFF909-F5DF-48A9-B57D-E57B0EE743FF}.AppStore|iPhoneSimulator.ActiveCfg = Release|Any CPU
		{54DFF909-F5DF-48A9-B57D-E57B0EE743FF}.AppStore|iPhoneSimulator.Build.0 = Release|Any CPU
		{54DFF909-F5DF-48A9-B57D-E57B0EE743FF}.AppStore|x64.ActiveCfg = Release|Any CPU
		{54DFF909-F5DF-48A9-B57D-E57B0EE743FF}.AppStore|x64.Build.0 = Release|Any CPU
		{54DFF909-F5DF-48A9-B57D-E57B0EE743FF}.AppStore|x86.ActiveCfg = Release|Any CPU
		{54DFF909-F5DF-48A9-B57D-E57B0EE743FF}.AppStore|x86.Build.0 = Release|Any CPU
		{54DFF909-F5DF-48A9-B57D-E57B0EE743FF}.Debug|Any CPU.ActiveCfg = Debug|Any CPU
		{54DFF909-F5DF-48A9-B57D-E57B0EE743FF}.Debug|Any CPU.Build.0 = Debug|Any CPU
		{54DFF909-F5DF-48A9-B57D-E57B0EE743FF}.Debug|ARM.ActiveCfg = Debug|Any CPU
		{54DFF909-F5DF-48A9-B57D-E57B0EE743FF}.Debug|ARM.Build.0 = Debug|Any CPU
		{54DFF909-F5DF-48A9-B57D-E57B0EE743FF}.Debug|ARM64.ActiveCfg = Debug|Any CPU
		{54DFF909-F5DF-48A9-B57D-E57B0EE743FF}.Debug|ARM64.Build.0 = Debug|Any CPU
		{54DFF909-F5DF-48A9-B57D-E57B0EE743FF}.Debug|iPhone.ActiveCfg = Debug|Any CPU
		{54DFF909-F5DF-48A9-B57D-E57B0EE743FF}.Debug|iPhone.Build.0 = Debug|Any CPU
		{54DFF909-F5DF-48A9-B57D-E57B0EE743FF}.Debug|iPhoneSimulator.ActiveCfg = Debug|Any CPU
		{54DFF909-F5DF-48A9-B57D-E57B0EE743FF}.Debug|iPhoneSimulator.Build.0 = Debug|Any CPU
		{54DFF909-F5DF-48A9-B57D-E57B0EE743FF}.Debug|x64.ActiveCfg = Debug|Any CPU
		{54DFF909-F5DF-48A9-B57D-E57B0EE743FF}.Debug|x64.Build.0 = Debug|Any CPU
		{54DFF909-F5DF-48A9-B57D-E57B0EE743FF}.Debug|x86.ActiveCfg = Debug|Any CPU
		{54DFF909-F5DF-48A9-B57D-E57B0EE743FF}.Debug|x86.Build.0 = Debug|Any CPU
		{54DFF909-F5DF-48A9-B57D-E57B0EE743FF}.Release|Any CPU.ActiveCfg = Release|Any CPU
		{54DFF909-F5DF-48A9-B57D-E57B0EE743FF}.Release|Any CPU.Build.0 = Release|Any CPU
		{54DFF909-F5DF-48A9-B57D-E57B0EE743FF}.Release|ARM.ActiveCfg = Release|Any CPU
		{54DFF909-F5DF-48A9-B57D-E57B0EE743FF}.Release|ARM.Build.0 = Release|Any CPU
		{54DFF909-F5DF-48A9-B57D-E57B0EE743FF}.Release|ARM64.ActiveCfg = Release|Any CPU
		{54DFF909-F5DF-48A9-B57D-E57B0EE743FF}.Release|ARM64.Build.0 = Release|Any CPU
		{54DFF909-F5DF-48A9-B57D-E57B0EE743FF}.Release|iPhone.ActiveCfg = Release|Any CPU
		{54DFF909-F5DF-48A9-B57D-E57B0EE743FF}.Release|iPhone.Build.0 = Release|Any CPU
		{54DFF909-F5DF-48A9-B57D-E57B0EE743FF}.Release|iPhoneSimulator.ActiveCfg = Release|Any CPU
		{54DFF909-F5DF-48A9-B57D-E57B0EE743FF}.Release|iPhoneSimulator.Build.0 = Release|Any CPU
		{54DFF909-F5DF-48A9-B57D-E57B0EE743FF}.Release|x64.ActiveCfg = Release|Any CPU
		{54DFF909-F5DF-48A9-B57D-E57B0EE743FF}.Release|x64.Build.0 = Release|Any CPU
		{54DFF909-F5DF-48A9-B57D-E57B0EE743FF}.Release|x86.ActiveCfg = Release|Any CPU
		{54DFF909-F5DF-48A9-B57D-E57B0EE743FF}.Release|x86.Build.0 = Release|Any CPU
		{3DE4429B-5BB1-423F-B529-8AD31E841DB3}.Ad-Hoc|Any CPU.ActiveCfg = Debug|Any CPU
		{3DE4429B-5BB1-423F-B529-8AD31E841DB3}.Ad-Hoc|Any CPU.Build.0 = Debug|Any CPU
		{3DE4429B-5BB1-423F-B529-8AD31E841DB3}.Ad-Hoc|Any CPU.Deploy.0 = Debug|Any CPU
		{3DE4429B-5BB1-423F-B529-8AD31E841DB3}.Ad-Hoc|ARM.ActiveCfg = Debug|Any CPU
		{3DE4429B-5BB1-423F-B529-8AD31E841DB3}.Ad-Hoc|ARM.Build.0 = Debug|Any CPU
		{3DE4429B-5BB1-423F-B529-8AD31E841DB3}.Ad-Hoc|ARM.Deploy.0 = Debug|Any CPU
		{3DE4429B-5BB1-423F-B529-8AD31E841DB3}.Ad-Hoc|ARM64.ActiveCfg = Debug|Any CPU
		{3DE4429B-5BB1-423F-B529-8AD31E841DB3}.Ad-Hoc|ARM64.Build.0 = Debug|Any CPU
		{3DE4429B-5BB1-423F-B529-8AD31E841DB3}.Ad-Hoc|ARM64.Deploy.0 = Debug|Any CPU
		{3DE4429B-5BB1-423F-B529-8AD31E841DB3}.Ad-Hoc|iPhone.ActiveCfg = Debug|Any CPU
		{3DE4429B-5BB1-423F-B529-8AD31E841DB3}.Ad-Hoc|iPhone.Build.0 = Debug|Any CPU
		{3DE4429B-5BB1-423F-B529-8AD31E841DB3}.Ad-Hoc|iPhone.Deploy.0 = Debug|Any CPU
		{3DE4429B-5BB1-423F-B529-8AD31E841DB3}.Ad-Hoc|iPhoneSimulator.ActiveCfg = Debug|Any CPU
		{3DE4429B-5BB1-423F-B529-8AD31E841DB3}.Ad-Hoc|iPhoneSimulator.Build.0 = Debug|Any CPU
		{3DE4429B-5BB1-423F-B529-8AD31E841DB3}.Ad-Hoc|iPhoneSimulator.Deploy.0 = Debug|Any CPU
		{3DE4429B-5BB1-423F-B529-8AD31E841DB3}.Ad-Hoc|x64.ActiveCfg = Debug|Any CPU
		{3DE4429B-5BB1-423F-B529-8AD31E841DB3}.Ad-Hoc|x64.Build.0 = Debug|Any CPU
		{3DE4429B-5BB1-423F-B529-8AD31E841DB3}.Ad-Hoc|x64.Deploy.0 = Debug|Any CPU
		{3DE4429B-5BB1-423F-B529-8AD31E841DB3}.Ad-Hoc|x86.ActiveCfg = Debug|Any CPU
		{3DE4429B-5BB1-423F-B529-8AD31E841DB3}.Ad-Hoc|x86.Build.0 = Debug|Any CPU
		{3DE4429B-5BB1-423F-B529-8AD31E841DB3}.Ad-Hoc|x86.Deploy.0 = Debug|Any CPU
		{3DE4429B-5BB1-423F-B529-8AD31E841DB3}.AppStore|Any CPU.ActiveCfg = Debug|Any CPU
		{3DE4429B-5BB1-423F-B529-8AD31E841DB3}.AppStore|Any CPU.Build.0 = Debug|Any CPU
		{3DE4429B-5BB1-423F-B529-8AD31E841DB3}.AppStore|Any CPU.Deploy.0 = Debug|Any CPU
		{3DE4429B-5BB1-423F-B529-8AD31E841DB3}.AppStore|ARM.ActiveCfg = Debug|Any CPU
		{3DE4429B-5BB1-423F-B529-8AD31E841DB3}.AppStore|ARM.Build.0 = Debug|Any CPU
		{3DE4429B-5BB1-423F-B529-8AD31E841DB3}.AppStore|ARM.Deploy.0 = Debug|Any CPU
		{3DE4429B-5BB1-423F-B529-8AD31E841DB3}.AppStore|ARM64.ActiveCfg = Debug|Any CPU
		{3DE4429B-5BB1-423F-B529-8AD31E841DB3}.AppStore|ARM64.Build.0 = Debug|Any CPU
		{3DE4429B-5BB1-423F-B529-8AD31E841DB3}.AppStore|ARM64.Deploy.0 = Debug|Any CPU
		{3DE4429B-5BB1-423F-B529-8AD31E841DB3}.AppStore|iPhone.ActiveCfg = Debug|Any CPU
		{3DE4429B-5BB1-423F-B529-8AD31E841DB3}.AppStore|iPhone.Build.0 = Debug|Any CPU
		{3DE4429B-5BB1-423F-B529-8AD31E841DB3}.AppStore|iPhone.Deploy.0 = Debug|Any CPU
		{3DE4429B-5BB1-423F-B529-8AD31E841DB3}.AppStore|iPhoneSimulator.ActiveCfg = Debug|Any CPU
		{3DE4429B-5BB1-423F-B529-8AD31E841DB3}.AppStore|iPhoneSimulator.Build.0 = Debug|Any CPU
		{3DE4429B-5BB1-423F-B529-8AD31E841DB3}.AppStore|iPhoneSimulator.Deploy.0 = Debug|Any CPU
		{3DE4429B-5BB1-423F-B529-8AD31E841DB3}.AppStore|x64.ActiveCfg = Debug|Any CPU
		{3DE4429B-5BB1-423F-B529-8AD31E841DB3}.AppStore|x64.Build.0 = Debug|Any CPU
		{3DE4429B-5BB1-423F-B529-8AD31E841DB3}.AppStore|x64.Deploy.0 = Debug|Any CPU
		{3DE4429B-5BB1-423F-B529-8AD31E841DB3}.AppStore|x86.ActiveCfg = Debug|Any CPU
		{3DE4429B-5BB1-423F-B529-8AD31E841DB3}.AppStore|x86.Build.0 = Debug|Any CPU
		{3DE4429B-5BB1-423F-B529-8AD31E841DB3}.AppStore|x86.Deploy.0 = Debug|Any CPU
		{3DE4429B-5BB1-423F-B529-8AD31E841DB3}.Debug|Any CPU.ActiveCfg = Debug|Any CPU
		{3DE4429B-5BB1-423F-B529-8AD31E841DB3}.Debug|Any CPU.Build.0 = Debug|Any CPU
		{3DE4429B-5BB1-423F-B529-8AD31E841DB3}.Debug|Any CPU.Deploy.0 = Debug|Any CPU
		{3DE4429B-5BB1-423F-B529-8AD31E841DB3}.Debug|ARM.ActiveCfg = Debug|Any CPU
		{3DE4429B-5BB1-423F-B529-8AD31E841DB3}.Debug|ARM.Build.0 = Debug|Any CPU
		{3DE4429B-5BB1-423F-B529-8AD31E841DB3}.Debug|ARM.Deploy.0 = Debug|Any CPU
		{3DE4429B-5BB1-423F-B529-8AD31E841DB3}.Debug|ARM64.ActiveCfg = Debug|Any CPU
		{3DE4429B-5BB1-423F-B529-8AD31E841DB3}.Debug|ARM64.Build.0 = Debug|Any CPU
		{3DE4429B-5BB1-423F-B529-8AD31E841DB3}.Debug|ARM64.Deploy.0 = Debug|Any CPU
		{3DE4429B-5BB1-423F-B529-8AD31E841DB3}.Debug|iPhone.ActiveCfg = Debug|Any CPU
		{3DE4429B-5BB1-423F-B529-8AD31E841DB3}.Debug|iPhone.Build.0 = Debug|Any CPU
		{3DE4429B-5BB1-423F-B529-8AD31E841DB3}.Debug|iPhone.Deploy.0 = Debug|Any CPU
		{3DE4429B-5BB1-423F-B529-8AD31E841DB3}.Debug|iPhoneSimulator.ActiveCfg = Debug|Any CPU
		{3DE4429B-5BB1-423F-B529-8AD31E841DB3}.Debug|iPhoneSimulator.Build.0 = Debug|Any CPU
		{3DE4429B-5BB1-423F-B529-8AD31E841DB3}.Debug|iPhoneSimulator.Deploy.0 = Debug|Any CPU
		{3DE4429B-5BB1-423F-B529-8AD31E841DB3}.Debug|x64.ActiveCfg = Debug|Any CPU
		{3DE4429B-5BB1-423F-B529-8AD31E841DB3}.Debug|x64.Build.0 = Debug|Any CPU
		{3DE4429B-5BB1-423F-B529-8AD31E841DB3}.Debug|x64.Deploy.0 = Debug|Any CPU
		{3DE4429B-5BB1-423F-B529-8AD31E841DB3}.Debug|x86.ActiveCfg = Debug|Any CPU
		{3DE4429B-5BB1-423F-B529-8AD31E841DB3}.Debug|x86.Build.0 = Debug|Any CPU
		{3DE4429B-5BB1-423F-B529-8AD31E841DB3}.Debug|x86.Deploy.0 = Debug|Any CPU
		{3DE4429B-5BB1-423F-B529-8AD31E841DB3}.Release|Any CPU.ActiveCfg = Release|Any CPU
		{3DE4429B-5BB1-423F-B529-8AD31E841DB3}.Release|Any CPU.Build.0 = Release|Any CPU
		{3DE4429B-5BB1-423F-B529-8AD31E841DB3}.Release|Any CPU.Deploy.0 = Release|Any CPU
		{3DE4429B-5BB1-423F-B529-8AD31E841DB3}.Release|ARM.ActiveCfg = Release|Any CPU
		{3DE4429B-5BB1-423F-B529-8AD31E841DB3}.Release|ARM.Build.0 = Release|Any CPU
		{3DE4429B-5BB1-423F-B529-8AD31E841DB3}.Release|ARM.Deploy.0 = Release|Any CPU
		{3DE4429B-5BB1-423F-B529-8AD31E841DB3}.Release|ARM64.ActiveCfg = Release|Any CPU
		{3DE4429B-5BB1-423F-B529-8AD31E841DB3}.Release|ARM64.Build.0 = Release|Any CPU
		{3DE4429B-5BB1-423F-B529-8AD31E841DB3}.Release|ARM64.Deploy.0 = Release|Any CPU
		{3DE4429B-5BB1-423F-B529-8AD31E841DB3}.Release|iPhone.ActiveCfg = Release|Any CPU
		{3DE4429B-5BB1-423F-B529-8AD31E841DB3}.Release|iPhone.Build.0 = Release|Any CPU
		{3DE4429B-5BB1-423F-B529-8AD31E841DB3}.Release|iPhone.Deploy.0 = Release|Any CPU
		{3DE4429B-5BB1-423F-B529-8AD31E841DB3}.Release|iPhoneSimulator.ActiveCfg = Release|Any CPU
		{3DE4429B-5BB1-423F-B529-8AD31E841DB3}.Release|iPhoneSimulator.Build.0 = Release|Any CPU
		{3DE4429B-5BB1-423F-B529-8AD31E841DB3}.Release|iPhoneSimulator.Deploy.0 = Release|Any CPU
		{3DE4429B-5BB1-423F-B529-8AD31E841DB3}.Release|x64.ActiveCfg = Release|Any CPU
		{3DE4429B-5BB1-423F-B529-8AD31E841DB3}.Release|x64.Build.0 = Release|Any CPU
		{3DE4429B-5BB1-423F-B529-8AD31E841DB3}.Release|x64.Deploy.0 = Release|Any CPU
		{3DE4429B-5BB1-423F-B529-8AD31E841DB3}.Release|x86.ActiveCfg = Release|Any CPU
		{3DE4429B-5BB1-423F-B529-8AD31E841DB3}.Release|x86.Build.0 = Release|Any CPU
		{3DE4429B-5BB1-423F-B529-8AD31E841DB3}.Release|x86.Deploy.0 = Release|Any CPU
		{0AB98FD6-322A-468F-9228-D66B5AD46C15}.Ad-Hoc|Any CPU.ActiveCfg = Ad-Hoc|iPhoneSimulator
		{0AB98FD6-322A-468F-9228-D66B5AD46C15}.Ad-Hoc|ARM.ActiveCfg = Ad-Hoc|iPhoneSimulator
		{0AB98FD6-322A-468F-9228-D66B5AD46C15}.Ad-Hoc|ARM64.ActiveCfg = Ad-Hoc|iPhoneSimulator
		{0AB98FD6-322A-468F-9228-D66B5AD46C15}.Ad-Hoc|iPhone.ActiveCfg = Ad-Hoc|iPhone
		{0AB98FD6-322A-468F-9228-D66B5AD46C15}.Ad-Hoc|iPhone.Build.0 = Ad-Hoc|iPhone
		{0AB98FD6-322A-468F-9228-D66B5AD46C15}.Ad-Hoc|iPhoneSimulator.ActiveCfg = Ad-Hoc|iPhoneSimulator
		{0AB98FD6-322A-468F-9228-D66B5AD46C15}.Ad-Hoc|iPhoneSimulator.Build.0 = Ad-Hoc|iPhoneSimulator
		{0AB98FD6-322A-468F-9228-D66B5AD46C15}.Ad-Hoc|x64.ActiveCfg = Ad-Hoc|iPhoneSimulator
		{0AB98FD6-322A-468F-9228-D66B5AD46C15}.Ad-Hoc|x86.ActiveCfg = Ad-Hoc|iPhoneSimulator
		{0AB98FD6-322A-468F-9228-D66B5AD46C15}.AppStore|Any CPU.ActiveCfg = AppStore|iPhoneSimulator
		{0AB98FD6-322A-468F-9228-D66B5AD46C15}.AppStore|ARM.ActiveCfg = AppStore|iPhoneSimulator
		{0AB98FD6-322A-468F-9228-D66B5AD46C15}.AppStore|ARM64.ActiveCfg = AppStore|iPhoneSimulator
		{0AB98FD6-322A-468F-9228-D66B5AD46C15}.AppStore|iPhone.ActiveCfg = AppStore|iPhone
		{0AB98FD6-322A-468F-9228-D66B5AD46C15}.AppStore|iPhone.Build.0 = AppStore|iPhone
		{0AB98FD6-322A-468F-9228-D66B5AD46C15}.AppStore|iPhoneSimulator.ActiveCfg = AppStore|iPhoneSimulator
		{0AB98FD6-322A-468F-9228-D66B5AD46C15}.AppStore|iPhoneSimulator.Build.0 = AppStore|iPhoneSimulator
		{0AB98FD6-322A-468F-9228-D66B5AD46C15}.AppStore|x64.ActiveCfg = AppStore|iPhoneSimulator
		{0AB98FD6-322A-468F-9228-D66B5AD46C15}.AppStore|x86.ActiveCfg = AppStore|iPhoneSimulator
		{0AB98FD6-322A-468F-9228-D66B5AD46C15}.Debug|Any CPU.ActiveCfg = Debug|iPhoneSimulator
		{0AB98FD6-322A-468F-9228-D66B5AD46C15}.Debug|ARM.ActiveCfg = Debug|iPhoneSimulator
		{0AB98FD6-322A-468F-9228-D66B5AD46C15}.Debug|ARM64.ActiveCfg = Debug|iPhoneSimulator
		{0AB98FD6-322A-468F-9228-D66B5AD46C15}.Debug|iPhone.ActiveCfg = Debug|iPhone
		{0AB98FD6-322A-468F-9228-D66B5AD46C15}.Debug|iPhone.Build.0 = Debug|iPhone
		{0AB98FD6-322A-468F-9228-D66B5AD46C15}.Debug|iPhone.Deploy.0 = Debug|iPhone
		{0AB98FD6-322A-468F-9228-D66B5AD46C15}.Debug|iPhoneSimulator.ActiveCfg = Debug|iPhoneSimulator
		{0AB98FD6-322A-468F-9228-D66B5AD46C15}.Debug|iPhoneSimulator.Build.0 = Debug|iPhoneSimulator
		{0AB98FD6-322A-468F-9228-D66B5AD46C15}.Debug|x64.ActiveCfg = Debug|iPhoneSimulator
		{0AB98FD6-322A-468F-9228-D66B5AD46C15}.Debug|x86.ActiveCfg = Debug|iPhoneSimulator
		{0AB98FD6-322A-468F-9228-D66B5AD46C15}.Release|Any CPU.ActiveCfg = Release|iPhoneSimulator
		{0AB98FD6-322A-468F-9228-D66B5AD46C15}.Release|ARM.ActiveCfg = Release|iPhoneSimulator
		{0AB98FD6-322A-468F-9228-D66B5AD46C15}.Release|ARM64.ActiveCfg = Release|iPhoneSimulator
		{0AB98FD6-322A-468F-9228-D66B5AD46C15}.Release|iPhone.ActiveCfg = Release|iPhone
		{0AB98FD6-322A-468F-9228-D66B5AD46C15}.Release|iPhone.Build.0 = Release|iPhone
		{0AB98FD6-322A-468F-9228-D66B5AD46C15}.Release|iPhone.Deploy.0 = Release|iPhone
		{0AB98FD6-322A-468F-9228-D66B5AD46C15}.Release|iPhoneSimulator.ActiveCfg = Release|iPhoneSimulator
		{0AB98FD6-322A-468F-9228-D66B5AD46C15}.Release|iPhoneSimulator.Build.0 = Release|iPhoneSimulator
		{0AB98FD6-322A-468F-9228-D66B5AD46C15}.Release|x64.ActiveCfg = Release|iPhoneSimulator
		{0AB98FD6-322A-468F-9228-D66B5AD46C15}.Release|x86.ActiveCfg = Release|iPhoneSimulator
		{4477AD7B-7B4A-48CC-B800-3E4B05664F46}.Ad-Hoc|Any CPU.ActiveCfg = Debug|x86
		{4477AD7B-7B4A-48CC-B800-3E4B05664F46}.Ad-Hoc|Any CPU.Build.0 = Debug|x86
		{4477AD7B-7B4A-48CC-B800-3E4B05664F46}.Ad-Hoc|Any CPU.Deploy.0 = Debug|x86
		{4477AD7B-7B4A-48CC-B800-3E4B05664F46}.Ad-Hoc|ARM.ActiveCfg = Debug|ARM
		{4477AD7B-7B4A-48CC-B800-3E4B05664F46}.Ad-Hoc|ARM.Build.0 = Debug|ARM
		{4477AD7B-7B4A-48CC-B800-3E4B05664F46}.Ad-Hoc|ARM.Deploy.0 = Debug|ARM
		{4477AD7B-7B4A-48CC-B800-3E4B05664F46}.Ad-Hoc|ARM64.ActiveCfg = Debug|ARM64
		{4477AD7B-7B4A-48CC-B800-3E4B05664F46}.Ad-Hoc|ARM64.Build.0 = Debug|ARM64
		{4477AD7B-7B4A-48CC-B800-3E4B05664F46}.Ad-Hoc|ARM64.Deploy.0 = Debug|ARM64
		{4477AD7B-7B4A-48CC-B800-3E4B05664F46}.Ad-Hoc|iPhone.ActiveCfg = Debug|x86
		{4477AD7B-7B4A-48CC-B800-3E4B05664F46}.Ad-Hoc|iPhone.Build.0 = Debug|x86
		{4477AD7B-7B4A-48CC-B800-3E4B05664F46}.Ad-Hoc|iPhone.Deploy.0 = Debug|x86
		{4477AD7B-7B4A-48CC-B800-3E4B05664F46}.Ad-Hoc|iPhoneSimulator.ActiveCfg = Debug|x86
		{4477AD7B-7B4A-48CC-B800-3E4B05664F46}.Ad-Hoc|iPhoneSimulator.Build.0 = Debug|x86
		{4477AD7B-7B4A-48CC-B800-3E4B05664F46}.Ad-Hoc|iPhoneSimulator.Deploy.0 = Debug|x86
		{4477AD7B-7B4A-48CC-B800-3E4B05664F46}.Ad-Hoc|x64.ActiveCfg = Debug|x64
		{4477AD7B-7B4A-48CC-B800-3E4B05664F46}.Ad-Hoc|x64.Build.0 = Debug|x64
		{4477AD7B-7B4A-48CC-B800-3E4B05664F46}.Ad-Hoc|x64.Deploy.0 = Debug|x64
		{4477AD7B-7B4A-48CC-B800-3E4B05664F46}.Ad-Hoc|x86.ActiveCfg = Debug|x86
		{4477AD7B-7B4A-48CC-B800-3E4B05664F46}.Ad-Hoc|x86.Build.0 = Debug|x86
		{4477AD7B-7B4A-48CC-B800-3E4B05664F46}.Ad-Hoc|x86.Deploy.0 = Debug|x86
		{4477AD7B-7B4A-48CC-B800-3E4B05664F46}.AppStore|Any CPU.ActiveCfg = Debug|x86
		{4477AD7B-7B4A-48CC-B800-3E4B05664F46}.AppStore|Any CPU.Build.0 = Debug|x86
		{4477AD7B-7B4A-48CC-B800-3E4B05664F46}.AppStore|Any CPU.Deploy.0 = Debug|x86
		{4477AD7B-7B4A-48CC-B800-3E4B05664F46}.AppStore|ARM.ActiveCfg = Debug|ARM
		{4477AD7B-7B4A-48CC-B800-3E4B05664F46}.AppStore|ARM.Build.0 = Debug|ARM
		{4477AD7B-7B4A-48CC-B800-3E4B05664F46}.AppStore|ARM.Deploy.0 = Debug|ARM
		{4477AD7B-7B4A-48CC-B800-3E4B05664F46}.AppStore|ARM64.ActiveCfg = Debug|ARM64
		{4477AD7B-7B4A-48CC-B800-3E4B05664F46}.AppStore|ARM64.Build.0 = Debug|ARM64
		{4477AD7B-7B4A-48CC-B800-3E4B05664F46}.AppStore|ARM64.Deploy.0 = Debug|ARM64
		{4477AD7B-7B4A-48CC-B800-3E4B05664F46}.AppStore|iPhone.ActiveCfg = Debug|x86
		{4477AD7B-7B4A-48CC-B800-3E4B05664F46}.AppStore|iPhone.Build.0 = Debug|x86
		{4477AD7B-7B4A-48CC-B800-3E4B05664F46}.AppStore|iPhone.Deploy.0 = Debug|x86
		{4477AD7B-7B4A-48CC-B800-3E4B05664F46}.AppStore|iPhoneSimulator.ActiveCfg = Debug|x86
		{4477AD7B-7B4A-48CC-B800-3E4B05664F46}.AppStore|iPhoneSimulator.Build.0 = Debug|x86
		{4477AD7B-7B4A-48CC-B800-3E4B05664F46}.AppStore|iPhoneSimulator.Deploy.0 = Debug|x86
		{4477AD7B-7B4A-48CC-B800-3E4B05664F46}.AppStore|x64.ActiveCfg = Debug|x64
		{4477AD7B-7B4A-48CC-B800-3E4B05664F46}.AppStore|x64.Build.0 = Debug|x64
		{4477AD7B-7B4A-48CC-B800-3E4B05664F46}.AppStore|x64.Deploy.0 = Debug|x64
		{4477AD7B-7B4A-48CC-B800-3E4B05664F46}.AppStore|x86.ActiveCfg = Debug|x86
		{4477AD7B-7B4A-48CC-B800-3E4B05664F46}.AppStore|x86.Build.0 = Debug|x86
		{4477AD7B-7B4A-48CC-B800-3E4B05664F46}.AppStore|x86.Deploy.0 = Debug|x86
		{4477AD7B-7B4A-48CC-B800-3E4B05664F46}.Debug|Any CPU.ActiveCfg = Debug|x86
		{4477AD7B-7B4A-48CC-B800-3E4B05664F46}.Debug|Any CPU.Build.0 = Debug|x86
		{4477AD7B-7B4A-48CC-B800-3E4B05664F46}.Debug|Any CPU.Deploy.0 = Debug|x86
		{4477AD7B-7B4A-48CC-B800-3E4B05664F46}.Debug|ARM.ActiveCfg = Debug|ARM
		{4477AD7B-7B4A-48CC-B800-3E4B05664F46}.Debug|ARM.Build.0 = Debug|ARM
		{4477AD7B-7B4A-48CC-B800-3E4B05664F46}.Debug|ARM.Deploy.0 = Debug|ARM
		{4477AD7B-7B4A-48CC-B800-3E4B05664F46}.Debug|ARM64.ActiveCfg = Debug|ARM64
		{4477AD7B-7B4A-48CC-B800-3E4B05664F46}.Debug|ARM64.Build.0 = Debug|ARM64
		{4477AD7B-7B4A-48CC-B800-3E4B05664F46}.Debug|ARM64.Deploy.0 = Debug|ARM64
		{4477AD7B-7B4A-48CC-B800-3E4B05664F46}.Debug|iPhone.ActiveCfg = Debug|x86
		{4477AD7B-7B4A-48CC-B800-3E4B05664F46}.Debug|iPhoneSimulator.ActiveCfg = Debug|x86
		{4477AD7B-7B4A-48CC-B800-3E4B05664F46}.Debug|x64.ActiveCfg = Debug|x64
		{4477AD7B-7B4A-48CC-B800-3E4B05664F46}.Debug|x64.Build.0 = Debug|x64
		{4477AD7B-7B4A-48CC-B800-3E4B05664F46}.Debug|x64.Deploy.0 = Debug|x64
		{4477AD7B-7B4A-48CC-B800-3E4B05664F46}.Debug|x86.ActiveCfg = Debug|x86
		{4477AD7B-7B4A-48CC-B800-3E4B05664F46}.Debug|x86.Build.0 = Debug|x86
		{4477AD7B-7B4A-48CC-B800-3E4B05664F46}.Debug|x86.Deploy.0 = Debug|x86
		{4477AD7B-7B4A-48CC-B800-3E4B05664F46}.Release|Any CPU.ActiveCfg = Release|x86
		{4477AD7B-7B4A-48CC-B800-3E4B05664F46}.Release|ARM.ActiveCfg = Release|ARM
		{4477AD7B-7B4A-48CC-B800-3E4B05664F46}.Release|ARM.Build.0 = Release|ARM
		{4477AD7B-7B4A-48CC-B800-3E4B05664F46}.Release|ARM.Deploy.0 = Release|ARM
		{4477AD7B-7B4A-48CC-B800-3E4B05664F46}.Release|ARM64.ActiveCfg = Release|ARM64
		{4477AD7B-7B4A-48CC-B800-3E4B05664F46}.Release|ARM64.Build.0 = Release|ARM64
		{4477AD7B-7B4A-48CC-B800-3E4B05664F46}.Release|ARM64.Deploy.0 = Release|ARM64
		{4477AD7B-7B4A-48CC-B800-3E4B05664F46}.Release|iPhone.ActiveCfg = Release|x86
		{4477AD7B-7B4A-48CC-B800-3E4B05664F46}.Release|iPhoneSimulator.ActiveCfg = Release|x86
		{4477AD7B-7B4A-48CC-B800-3E4B05664F46}.Release|x64.ActiveCfg = Release|x64
		{4477AD7B-7B4A-48CC-B800-3E4B05664F46}.Release|x64.Build.0 = Release|x64
		{4477AD7B-7B4A-48CC-B800-3E4B05664F46}.Release|x64.Deploy.0 = Release|x64
		{4477AD7B-7B4A-48CC-B800-3E4B05664F46}.Release|x86.ActiveCfg = Release|x86
		{4477AD7B-7B4A-48CC-B800-3E4B05664F46}.Release|x86.Build.0 = Release|x86
		{4477AD7B-7B4A-48CC-B800-3E4B05664F46}.Release|x86.Deploy.0 = Release|x86
		{87559180-DF2A-4509-9026-0C2DD7CB02FF}.Ad-Hoc|Any CPU.ActiveCfg = Debug|Any CPU
		{87559180-DF2A-4509-9026-0C2DD7CB02FF}.Ad-Hoc|Any CPU.Build.0 = Debug|Any CPU
		{87559180-DF2A-4509-9026-0C2DD7CB02FF}.Ad-Hoc|ARM.ActiveCfg = Debug|Any CPU
		{87559180-DF2A-4509-9026-0C2DD7CB02FF}.Ad-Hoc|ARM.Build.0 = Debug|Any CPU
		{87559180-DF2A-4509-9026-0C2DD7CB02FF}.Ad-Hoc|ARM64.ActiveCfg = Debug|Any CPU
		{87559180-DF2A-4509-9026-0C2DD7CB02FF}.Ad-Hoc|ARM64.Build.0 = Debug|Any CPU
		{87559180-DF2A-4509-9026-0C2DD7CB02FF}.Ad-Hoc|iPhone.ActiveCfg = Debug|Any CPU
		{87559180-DF2A-4509-9026-0C2DD7CB02FF}.Ad-Hoc|iPhone.Build.0 = Debug|Any CPU
		{87559180-DF2A-4509-9026-0C2DD7CB02FF}.Ad-Hoc|iPhoneSimulator.ActiveCfg = Debug|Any CPU
		{87559180-DF2A-4509-9026-0C2DD7CB02FF}.Ad-Hoc|iPhoneSimulator.Build.0 = Debug|Any CPU
		{87559180-DF2A-4509-9026-0C2DD7CB02FF}.Ad-Hoc|x64.ActiveCfg = Debug|Any CPU
		{87559180-DF2A-4509-9026-0C2DD7CB02FF}.Ad-Hoc|x64.Build.0 = Debug|Any CPU
		{87559180-DF2A-4509-9026-0C2DD7CB02FF}.Ad-Hoc|x86.ActiveCfg = Debug|Any CPU
		{87559180-DF2A-4509-9026-0C2DD7CB02FF}.Ad-Hoc|x86.Build.0 = Debug|Any CPU
		{87559180-DF2A-4509-9026-0C2DD7CB02FF}.AppStore|Any CPU.ActiveCfg = Debug|Any CPU
		{87559180-DF2A-4509-9026-0C2DD7CB02FF}.AppStore|Any CPU.Build.0 = Debug|Any CPU
		{87559180-DF2A-4509-9026-0C2DD7CB02FF}.AppStore|ARM.ActiveCfg = Debug|Any CPU
		{87559180-DF2A-4509-9026-0C2DD7CB02FF}.AppStore|ARM.Build.0 = Debug|Any CPU
		{87559180-DF2A-4509-9026-0C2DD7CB02FF}.AppStore|ARM64.ActiveCfg = Debug|Any CPU
		{87559180-DF2A-4509-9026-0C2DD7CB02FF}.AppStore|ARM64.Build.0 = Debug|Any CPU
		{87559180-DF2A-4509-9026-0C2DD7CB02FF}.AppStore|iPhone.ActiveCfg = Debug|Any CPU
		{87559180-DF2A-4509-9026-0C2DD7CB02FF}.AppStore|iPhone.Build.0 = Debug|Any CPU
		{87559180-DF2A-4509-9026-0C2DD7CB02FF}.AppStore|iPhoneSimulator.ActiveCfg = Debug|Any CPU
		{87559180-DF2A-4509-9026-0C2DD7CB02FF}.AppStore|iPhoneSimulator.Build.0 = Debug|Any CPU
		{87559180-DF2A-4509-9026-0C2DD7CB02FF}.AppStore|x64.ActiveCfg = Debug|Any CPU
		{87559180-DF2A-4509-9026-0C2DD7CB02FF}.AppStore|x64.Build.0 = Debug|Any CPU
		{87559180-DF2A-4509-9026-0C2DD7CB02FF}.AppStore|x86.ActiveCfg = Debug|Any CPU
		{87559180-DF2A-4509-9026-0C2DD7CB02FF}.AppStore|x86.Build.0 = Debug|Any CPU
		{87559180-DF2A-4509-9026-0C2DD7CB02FF}.Debug|Any CPU.ActiveCfg = Debug|Any CPU
		{87559180-DF2A-4509-9026-0C2DD7CB02FF}.Debug|Any CPU.Build.0 = Debug|Any CPU
		{87559180-DF2A-4509-9026-0C2DD7CB02FF}.Debug|ARM.ActiveCfg = Debug|Any CPU
		{87559180-DF2A-4509-9026-0C2DD7CB02FF}.Debug|ARM.Build.0 = Debug|Any CPU
		{87559180-DF2A-4509-9026-0C2DD7CB02FF}.Debug|ARM64.ActiveCfg = Debug|Any CPU
		{87559180-DF2A-4509-9026-0C2DD7CB02FF}.Debug|ARM64.Build.0 = Debug|Any CPU
		{87559180-DF2A-4509-9026-0C2DD7CB02FF}.Debug|iPhone.ActiveCfg = Debug|Any CPU
		{87559180-DF2A-4509-9026-0C2DD7CB02FF}.Debug|iPhone.Build.0 = Debug|Any CPU
		{87559180-DF2A-4509-9026-0C2DD7CB02FF}.Debug|iPhoneSimulator.ActiveCfg = Debug|Any CPU
		{87559180-DF2A-4509-9026-0C2DD7CB02FF}.Debug|iPhoneSimulator.Build.0 = Debug|Any CPU
		{87559180-DF2A-4509-9026-0C2DD7CB02FF}.Debug|x64.ActiveCfg = Debug|Any CPU
		{87559180-DF2A-4509-9026-0C2DD7CB02FF}.Debug|x64.Build.0 = Debug|Any CPU
		{87559180-DF2A-4509-9026-0C2DD7CB02FF}.Debug|x86.ActiveCfg = Debug|Any CPU
		{87559180-DF2A-4509-9026-0C2DD7CB02FF}.Debug|x86.Build.0 = Debug|Any CPU
		{87559180-DF2A-4509-9026-0C2DD7CB02FF}.Release|Any CPU.ActiveCfg = Release|Any CPU
		{87559180-DF2A-4509-9026-0C2DD7CB02FF}.Release|Any CPU.Build.0 = Release|Any CPU
		{87559180-DF2A-4509-9026-0C2DD7CB02FF}.Release|ARM.ActiveCfg = Release|Any CPU
		{87559180-DF2A-4509-9026-0C2DD7CB02FF}.Release|ARM.Build.0 = Release|Any CPU
		{87559180-DF2A-4509-9026-0C2DD7CB02FF}.Release|ARM64.ActiveCfg = Release|Any CPU
		{87559180-DF2A-4509-9026-0C2DD7CB02FF}.Release|ARM64.Build.0 = Release|Any CPU
		{87559180-DF2A-4509-9026-0C2DD7CB02FF}.Release|iPhone.ActiveCfg = Release|Any CPU
		{87559180-DF2A-4509-9026-0C2DD7CB02FF}.Release|iPhone.Build.0 = Release|Any CPU
		{87559180-DF2A-4509-9026-0C2DD7CB02FF}.Release|iPhoneSimulator.ActiveCfg = Release|Any CPU
		{87559180-DF2A-4509-9026-0C2DD7CB02FF}.Release|iPhoneSimulator.Build.0 = Release|Any CPU
		{87559180-DF2A-4509-9026-0C2DD7CB02FF}.Release|x64.ActiveCfg = Release|Any CPU
		{87559180-DF2A-4509-9026-0C2DD7CB02FF}.Release|x64.Build.0 = Release|Any CPU
		{87559180-DF2A-4509-9026-0C2DD7CB02FF}.Release|x86.ActiveCfg = Release|Any CPU
		{87559180-DF2A-4509-9026-0C2DD7CB02FF}.Release|x86.Build.0 = Release|Any CPU
		{E967D746-48C0-4FE5-A09A-18DDF632E6B4}.Ad-Hoc|Any CPU.ActiveCfg = Debug|iPhoneSimulator
		{E967D746-48C0-4FE5-A09A-18DDF632E6B4}.Ad-Hoc|Any CPU.Build.0 = Debug|iPhoneSimulator
		{E967D746-48C0-4FE5-A09A-18DDF632E6B4}.Ad-Hoc|ARM.ActiveCfg = Debug|iPhoneSimulator
		{E967D746-48C0-4FE5-A09A-18DDF632E6B4}.Ad-Hoc|ARM.Build.0 = Debug|iPhoneSimulator
		{E967D746-48C0-4FE5-A09A-18DDF632E6B4}.Ad-Hoc|ARM64.ActiveCfg = Debug|iPhoneSimulator
		{E967D746-48C0-4FE5-A09A-18DDF632E6B4}.Ad-Hoc|ARM64.Build.0 = Debug|iPhoneSimulator
		{E967D746-48C0-4FE5-A09A-18DDF632E6B4}.Ad-Hoc|iPhone.ActiveCfg = Debug|iPhoneSimulator
		{E967D746-48C0-4FE5-A09A-18DDF632E6B4}.Ad-Hoc|iPhone.Build.0 = Debug|iPhoneSimulator
		{E967D746-48C0-4FE5-A09A-18DDF632E6B4}.Ad-Hoc|iPhoneSimulator.ActiveCfg = Debug|iPhoneSimulator
		{E967D746-48C0-4FE5-A09A-18DDF632E6B4}.Ad-Hoc|iPhoneSimulator.Build.0 = Debug|iPhoneSimulator
		{E967D746-48C0-4FE5-A09A-18DDF632E6B4}.Ad-Hoc|x64.ActiveCfg = Debug|iPhoneSimulator
		{E967D746-48C0-4FE5-A09A-18DDF632E6B4}.Ad-Hoc|x64.Build.0 = Debug|iPhoneSimulator
		{E967D746-48C0-4FE5-A09A-18DDF632E6B4}.Ad-Hoc|x86.ActiveCfg = Debug|iPhoneSimulator
		{E967D746-48C0-4FE5-A09A-18DDF632E6B4}.Ad-Hoc|x86.Build.0 = Debug|iPhoneSimulator
		{E967D746-48C0-4FE5-A09A-18DDF632E6B4}.AppStore|Any CPU.ActiveCfg = Debug|iPhoneSimulator
		{E967D746-48C0-4FE5-A09A-18DDF632E6B4}.AppStore|Any CPU.Build.0 = Debug|iPhoneSimulator
		{E967D746-48C0-4FE5-A09A-18DDF632E6B4}.AppStore|ARM.ActiveCfg = Debug|iPhoneSimulator
		{E967D746-48C0-4FE5-A09A-18DDF632E6B4}.AppStore|ARM.Build.0 = Debug|iPhoneSimulator
		{E967D746-48C0-4FE5-A09A-18DDF632E6B4}.AppStore|ARM64.ActiveCfg = Debug|iPhoneSimulator
		{E967D746-48C0-4FE5-A09A-18DDF632E6B4}.AppStore|ARM64.Build.0 = Debug|iPhoneSimulator
		{E967D746-48C0-4FE5-A09A-18DDF632E6B4}.AppStore|iPhone.ActiveCfg = Debug|iPhoneSimulator
		{E967D746-48C0-4FE5-A09A-18DDF632E6B4}.AppStore|iPhone.Build.0 = Debug|iPhoneSimulator
		{E967D746-48C0-4FE5-A09A-18DDF632E6B4}.AppStore|iPhoneSimulator.ActiveCfg = Debug|iPhoneSimulator
		{E967D746-48C0-4FE5-A09A-18DDF632E6B4}.AppStore|iPhoneSimulator.Build.0 = Debug|iPhoneSimulator
		{E967D746-48C0-4FE5-A09A-18DDF632E6B4}.AppStore|x64.ActiveCfg = Debug|iPhoneSimulator
		{E967D746-48C0-4FE5-A09A-18DDF632E6B4}.AppStore|x64.Build.0 = Debug|iPhoneSimulator
		{E967D746-48C0-4FE5-A09A-18DDF632E6B4}.AppStore|x86.ActiveCfg = Debug|iPhoneSimulator
		{E967D746-48C0-4FE5-A09A-18DDF632E6B4}.AppStore|x86.Build.0 = Debug|iPhoneSimulator
		{E967D746-48C0-4FE5-A09A-18DDF632E6B4}.Debug|Any CPU.ActiveCfg = Debug|iPhoneSimulator
		{E967D746-48C0-4FE5-A09A-18DDF632E6B4}.Debug|ARM.ActiveCfg = Debug|iPhoneSimulator
		{E967D746-48C0-4FE5-A09A-18DDF632E6B4}.Debug|ARM64.ActiveCfg = Debug|iPhoneSimulator
		{E967D746-48C0-4FE5-A09A-18DDF632E6B4}.Debug|iPhone.ActiveCfg = Debug|iPhoneSimulator
		{E967D746-48C0-4FE5-A09A-18DDF632E6B4}.Debug|iPhoneSimulator.ActiveCfg = Debug|iPhoneSimulator
		{E967D746-48C0-4FE5-A09A-18DDF632E6B4}.Debug|iPhoneSimulator.Build.0 = Debug|iPhoneSimulator
		{E967D746-48C0-4FE5-A09A-18DDF632E6B4}.Debug|x64.ActiveCfg = Debug|iPhoneSimulator
		{E967D746-48C0-4FE5-A09A-18DDF632E6B4}.Debug|x86.ActiveCfg = Debug|iPhoneSimulator
		{E967D746-48C0-4FE5-A09A-18DDF632E6B4}.Release|Any CPU.ActiveCfg = Release|iPhoneSimulator
		{E967D746-48C0-4FE5-A09A-18DDF632E6B4}.Release|ARM.ActiveCfg = Release|iPhoneSimulator
		{E967D746-48C0-4FE5-A09A-18DDF632E6B4}.Release|ARM64.ActiveCfg = Release|iPhoneSimulator
		{E967D746-48C0-4FE5-A09A-18DDF632E6B4}.Release|iPhone.ActiveCfg = Release|iPhoneSimulator
		{E967D746-48C0-4FE5-A09A-18DDF632E6B4}.Release|iPhoneSimulator.ActiveCfg = Release|iPhoneSimulator
		{E967D746-48C0-4FE5-A09A-18DDF632E6B4}.Release|iPhoneSimulator.Build.0 = Release|iPhoneSimulator
		{E967D746-48C0-4FE5-A09A-18DDF632E6B4}.Release|x64.ActiveCfg = Release|iPhoneSimulator
		{E967D746-48C0-4FE5-A09A-18DDF632E6B4}.Release|x86.ActiveCfg = Release|iPhoneSimulator
		{8BD056C8-D493-4D8B-A48B-EC57316BCE63}.Ad-Hoc|Any CPU.ActiveCfg = Debug|Any CPU
		{8BD056C8-D493-4D8B-A48B-EC57316BCE63}.Ad-Hoc|Any CPU.Build.0 = Debug|Any CPU
		{8BD056C8-D493-4D8B-A48B-EC57316BCE63}.Ad-Hoc|ARM.ActiveCfg = Debug|Any CPU
		{8BD056C8-D493-4D8B-A48B-EC57316BCE63}.Ad-Hoc|ARM.Build.0 = Debug|Any CPU
		{8BD056C8-D493-4D8B-A48B-EC57316BCE63}.Ad-Hoc|ARM64.ActiveCfg = Debug|Any CPU
		{8BD056C8-D493-4D8B-A48B-EC57316BCE63}.Ad-Hoc|ARM64.Build.0 = Debug|Any CPU
		{8BD056C8-D493-4D8B-A48B-EC57316BCE63}.Ad-Hoc|iPhone.ActiveCfg = Debug|Any CPU
		{8BD056C8-D493-4D8B-A48B-EC57316BCE63}.Ad-Hoc|iPhone.Build.0 = Debug|Any CPU
		{8BD056C8-D493-4D8B-A48B-EC57316BCE63}.Ad-Hoc|iPhoneSimulator.ActiveCfg = Debug|Any CPU
		{8BD056C8-D493-4D8B-A48B-EC57316BCE63}.Ad-Hoc|iPhoneSimulator.Build.0 = Debug|Any CPU
		{8BD056C8-D493-4D8B-A48B-EC57316BCE63}.Ad-Hoc|x64.ActiveCfg = Debug|Any CPU
		{8BD056C8-D493-4D8B-A48B-EC57316BCE63}.Ad-Hoc|x64.Build.0 = Debug|Any CPU
		{8BD056C8-D493-4D8B-A48B-EC57316BCE63}.Ad-Hoc|x86.ActiveCfg = Debug|Any CPU
		{8BD056C8-D493-4D8B-A48B-EC57316BCE63}.Ad-Hoc|x86.Build.0 = Debug|Any CPU
		{8BD056C8-D493-4D8B-A48B-EC57316BCE63}.AppStore|Any CPU.ActiveCfg = Debug|Any CPU
		{8BD056C8-D493-4D8B-A48B-EC57316BCE63}.AppStore|Any CPU.Build.0 = Debug|Any CPU
		{8BD056C8-D493-4D8B-A48B-EC57316BCE63}.AppStore|ARM.ActiveCfg = Debug|Any CPU
		{8BD056C8-D493-4D8B-A48B-EC57316BCE63}.AppStore|ARM.Build.0 = Debug|Any CPU
		{8BD056C8-D493-4D8B-A48B-EC57316BCE63}.AppStore|ARM64.ActiveCfg = Debug|Any CPU
		{8BD056C8-D493-4D8B-A48B-EC57316BCE63}.AppStore|ARM64.Build.0 = Debug|Any CPU
		{8BD056C8-D493-4D8B-A48B-EC57316BCE63}.AppStore|iPhone.ActiveCfg = Debug|Any CPU
		{8BD056C8-D493-4D8B-A48B-EC57316BCE63}.AppStore|iPhone.Build.0 = Debug|Any CPU
		{8BD056C8-D493-4D8B-A48B-EC57316BCE63}.AppStore|iPhoneSimulator.ActiveCfg = Debug|Any CPU
		{8BD056C8-D493-4D8B-A48B-EC57316BCE63}.AppStore|iPhoneSimulator.Build.0 = Debug|Any CPU
		{8BD056C8-D493-4D8B-A48B-EC57316BCE63}.AppStore|x64.ActiveCfg = Debug|Any CPU
		{8BD056C8-D493-4D8B-A48B-EC57316BCE63}.AppStore|x64.Build.0 = Debug|Any CPU
		{8BD056C8-D493-4D8B-A48B-EC57316BCE63}.AppStore|x86.ActiveCfg = Debug|Any CPU
		{8BD056C8-D493-4D8B-A48B-EC57316BCE63}.AppStore|x86.Build.0 = Debug|Any CPU
		{8BD056C8-D493-4D8B-A48B-EC57316BCE63}.Debug|Any CPU.ActiveCfg = Debug|Any CPU
		{8BD056C8-D493-4D8B-A48B-EC57316BCE63}.Debug|Any CPU.Build.0 = Debug|Any CPU
		{8BD056C8-D493-4D8B-A48B-EC57316BCE63}.Debug|ARM.ActiveCfg = Debug|Any CPU
		{8BD056C8-D493-4D8B-A48B-EC57316BCE63}.Debug|ARM.Build.0 = Debug|Any CPU
		{8BD056C8-D493-4D8B-A48B-EC57316BCE63}.Debug|ARM64.ActiveCfg = Debug|Any CPU
		{8BD056C8-D493-4D8B-A48B-EC57316BCE63}.Debug|ARM64.Build.0 = Debug|Any CPU
		{8BD056C8-D493-4D8B-A48B-EC57316BCE63}.Debug|iPhone.ActiveCfg = Debug|Any CPU
		{8BD056C8-D493-4D8B-A48B-EC57316BCE63}.Debug|iPhone.Build.0 = Debug|Any CPU
		{8BD056C8-D493-4D8B-A48B-EC57316BCE63}.Debug|iPhoneSimulator.ActiveCfg = Debug|Any CPU
		{8BD056C8-D493-4D8B-A48B-EC57316BCE63}.Debug|iPhoneSimulator.Build.0 = Debug|Any CPU
		{8BD056C8-D493-4D8B-A48B-EC57316BCE63}.Debug|x64.ActiveCfg = Debug|Any CPU
		{8BD056C8-D493-4D8B-A48B-EC57316BCE63}.Debug|x64.Build.0 = Debug|Any CPU
		{8BD056C8-D493-4D8B-A48B-EC57316BCE63}.Debug|x86.ActiveCfg = Debug|Any CPU
		{8BD056C8-D493-4D8B-A48B-EC57316BCE63}.Debug|x86.Build.0 = Debug|Any CPU
		{8BD056C8-D493-4D8B-A48B-EC57316BCE63}.Release|Any CPU.ActiveCfg = Release|Any CPU
		{8BD056C8-D493-4D8B-A48B-EC57316BCE63}.Release|Any CPU.Build.0 = Release|Any CPU
		{8BD056C8-D493-4D8B-A48B-EC57316BCE63}.Release|ARM.ActiveCfg = Release|Any CPU
		{8BD056C8-D493-4D8B-A48B-EC57316BCE63}.Release|ARM.Build.0 = Release|Any CPU
		{8BD056C8-D493-4D8B-A48B-EC57316BCE63}.Release|ARM64.ActiveCfg = Release|Any CPU
		{8BD056C8-D493-4D8B-A48B-EC57316BCE63}.Release|ARM64.Build.0 = Release|Any CPU
		{8BD056C8-D493-4D8B-A48B-EC57316BCE63}.Release|iPhone.ActiveCfg = Release|Any CPU
		{8BD056C8-D493-4D8B-A48B-EC57316BCE63}.Release|iPhone.Build.0 = Release|Any CPU
		{8BD056C8-D493-4D8B-A48B-EC57316BCE63}.Release|iPhoneSimulator.ActiveCfg = Release|Any CPU
		{8BD056C8-D493-4D8B-A48B-EC57316BCE63}.Release|iPhoneSimulator.Build.0 = Release|Any CPU
		{8BD056C8-D493-4D8B-A48B-EC57316BCE63}.Release|x64.ActiveCfg = Release|Any CPU
		{8BD056C8-D493-4D8B-A48B-EC57316BCE63}.Release|x64.Build.0 = Release|Any CPU
		{8BD056C8-D493-4D8B-A48B-EC57316BCE63}.Release|x86.ActiveCfg = Release|Any CPU
		{8BD056C8-D493-4D8B-A48B-EC57316BCE63}.Release|x86.Build.0 = Release|Any CPU
		{34369F3F-EE29-46DD-872C-DBD8CA47DF7B}.Ad-Hoc|Any CPU.ActiveCfg = Debug|Any CPU
		{34369F3F-EE29-46DD-872C-DBD8CA47DF7B}.Ad-Hoc|Any CPU.Build.0 = Debug|Any CPU
		{34369F3F-EE29-46DD-872C-DBD8CA47DF7B}.Ad-Hoc|ARM.ActiveCfg = Debug|Any CPU
		{34369F3F-EE29-46DD-872C-DBD8CA47DF7B}.Ad-Hoc|ARM.Build.0 = Debug|Any CPU
		{34369F3F-EE29-46DD-872C-DBD8CA47DF7B}.Ad-Hoc|ARM64.ActiveCfg = Debug|Any CPU
		{34369F3F-EE29-46DD-872C-DBD8CA47DF7B}.Ad-Hoc|ARM64.Build.0 = Debug|Any CPU
		{34369F3F-EE29-46DD-872C-DBD8CA47DF7B}.Ad-Hoc|iPhone.ActiveCfg = Debug|Any CPU
		{34369F3F-EE29-46DD-872C-DBD8CA47DF7B}.Ad-Hoc|iPhone.Build.0 = Debug|Any CPU
		{34369F3F-EE29-46DD-872C-DBD8CA47DF7B}.Ad-Hoc|iPhoneSimulator.ActiveCfg = Debug|Any CPU
		{34369F3F-EE29-46DD-872C-DBD8CA47DF7B}.Ad-Hoc|iPhoneSimulator.Build.0 = Debug|Any CPU
		{34369F3F-EE29-46DD-872C-DBD8CA47DF7B}.Ad-Hoc|x64.ActiveCfg = Debug|Any CPU
		{34369F3F-EE29-46DD-872C-DBD8CA47DF7B}.Ad-Hoc|x64.Build.0 = Debug|Any CPU
		{34369F3F-EE29-46DD-872C-DBD8CA47DF7B}.Ad-Hoc|x86.ActiveCfg = Debug|Any CPU
		{34369F3F-EE29-46DD-872C-DBD8CA47DF7B}.Ad-Hoc|x86.Build.0 = Debug|Any CPU
		{34369F3F-EE29-46DD-872C-DBD8CA47DF7B}.AppStore|Any CPU.ActiveCfg = Debug|Any CPU
		{34369F3F-EE29-46DD-872C-DBD8CA47DF7B}.AppStore|Any CPU.Build.0 = Debug|Any CPU
		{34369F3F-EE29-46DD-872C-DBD8CA47DF7B}.AppStore|ARM.ActiveCfg = Debug|Any CPU
		{34369F3F-EE29-46DD-872C-DBD8CA47DF7B}.AppStore|ARM.Build.0 = Debug|Any CPU
		{34369F3F-EE29-46DD-872C-DBD8CA47DF7B}.AppStore|ARM64.ActiveCfg = Debug|Any CPU
		{34369F3F-EE29-46DD-872C-DBD8CA47DF7B}.AppStore|ARM64.Build.0 = Debug|Any CPU
		{34369F3F-EE29-46DD-872C-DBD8CA47DF7B}.AppStore|iPhone.ActiveCfg = Debug|Any CPU
		{34369F3F-EE29-46DD-872C-DBD8CA47DF7B}.AppStore|iPhone.Build.0 = Debug|Any CPU
		{34369F3F-EE29-46DD-872C-DBD8CA47DF7B}.AppStore|iPhoneSimulator.ActiveCfg = Debug|Any CPU
		{34369F3F-EE29-46DD-872C-DBD8CA47DF7B}.AppStore|iPhoneSimulator.Build.0 = Debug|Any CPU
		{34369F3F-EE29-46DD-872C-DBD8CA47DF7B}.AppStore|x64.ActiveCfg = Debug|Any CPU
		{34369F3F-EE29-46DD-872C-DBD8CA47DF7B}.AppStore|x64.Build.0 = Debug|Any CPU
		{34369F3F-EE29-46DD-872C-DBD8CA47DF7B}.AppStore|x86.ActiveCfg = Debug|Any CPU
		{34369F3F-EE29-46DD-872C-DBD8CA47DF7B}.AppStore|x86.Build.0 = Debug|Any CPU
		{34369F3F-EE29-46DD-872C-DBD8CA47DF7B}.Debug|Any CPU.ActiveCfg = Debug|Any CPU
		{34369F3F-EE29-46DD-872C-DBD8CA47DF7B}.Debug|Any CPU.Build.0 = Debug|Any CPU
		{34369F3F-EE29-46DD-872C-DBD8CA47DF7B}.Debug|ARM.ActiveCfg = Debug|Any CPU
		{34369F3F-EE29-46DD-872C-DBD8CA47DF7B}.Debug|ARM.Build.0 = Debug|Any CPU
		{34369F3F-EE29-46DD-872C-DBD8CA47DF7B}.Debug|ARM64.ActiveCfg = Debug|Any CPU
		{34369F3F-EE29-46DD-872C-DBD8CA47DF7B}.Debug|ARM64.Build.0 = Debug|Any CPU
		{34369F3F-EE29-46DD-872C-DBD8CA47DF7B}.Debug|iPhone.ActiveCfg = Debug|Any CPU
		{34369F3F-EE29-46DD-872C-DBD8CA47DF7B}.Debug|iPhone.Build.0 = Debug|Any CPU
		{34369F3F-EE29-46DD-872C-DBD8CA47DF7B}.Debug|iPhoneSimulator.ActiveCfg = Debug|Any CPU
		{34369F3F-EE29-46DD-872C-DBD8CA47DF7B}.Debug|iPhoneSimulator.Build.0 = Debug|Any CPU
		{34369F3F-EE29-46DD-872C-DBD8CA47DF7B}.Debug|x64.ActiveCfg = Debug|Any CPU
		{34369F3F-EE29-46DD-872C-DBD8CA47DF7B}.Debug|x64.Build.0 = Debug|Any CPU
		{34369F3F-EE29-46DD-872C-DBD8CA47DF7B}.Debug|x86.ActiveCfg = Debug|Any CPU
		{34369F3F-EE29-46DD-872C-DBD8CA47DF7B}.Debug|x86.Build.0 = Debug|Any CPU
		{34369F3F-EE29-46DD-872C-DBD8CA47DF7B}.Release|Any CPU.ActiveCfg = Release|Any CPU
		{34369F3F-EE29-46DD-872C-DBD8CA47DF7B}.Release|Any CPU.Build.0 = Release|Any CPU
		{34369F3F-EE29-46DD-872C-DBD8CA47DF7B}.Release|ARM.ActiveCfg = Release|Any CPU
		{34369F3F-EE29-46DD-872C-DBD8CA47DF7B}.Release|ARM.Build.0 = Release|Any CPU
		{34369F3F-EE29-46DD-872C-DBD8CA47DF7B}.Release|ARM64.ActiveCfg = Release|Any CPU
		{34369F3F-EE29-46DD-872C-DBD8CA47DF7B}.Release|ARM64.Build.0 = Release|Any CPU
		{34369F3F-EE29-46DD-872C-DBD8CA47DF7B}.Release|iPhone.ActiveCfg = Release|Any CPU
		{34369F3F-EE29-46DD-872C-DBD8CA47DF7B}.Release|iPhone.Build.0 = Release|Any CPU
		{34369F3F-EE29-46DD-872C-DBD8CA47DF7B}.Release|iPhoneSimulator.ActiveCfg = Release|Any CPU
		{34369F3F-EE29-46DD-872C-DBD8CA47DF7B}.Release|iPhoneSimulator.Build.0 = Release|Any CPU
		{34369F3F-EE29-46DD-872C-DBD8CA47DF7B}.Release|x64.ActiveCfg = Release|Any CPU
		{34369F3F-EE29-46DD-872C-DBD8CA47DF7B}.Release|x64.Build.0 = Release|Any CPU
		{34369F3F-EE29-46DD-872C-DBD8CA47DF7B}.Release|x86.ActiveCfg = Release|Any CPU
		{34369F3F-EE29-46DD-872C-DBD8CA47DF7B}.Release|x86.Build.0 = Release|Any CPU
		{601A443E-5E39-41AA-8CE8-A999AE72C135}.Ad-Hoc|Any CPU.ActiveCfg = Debug|Any CPU
		{601A443E-5E39-41AA-8CE8-A999AE72C135}.Ad-Hoc|Any CPU.Build.0 = Debug|Any CPU
		{601A443E-5E39-41AA-8CE8-A999AE72C135}.Ad-Hoc|ARM.ActiveCfg = Debug|Any CPU
		{601A443E-5E39-41AA-8CE8-A999AE72C135}.Ad-Hoc|ARM.Build.0 = Debug|Any CPU
		{601A443E-5E39-41AA-8CE8-A999AE72C135}.Ad-Hoc|ARM64.ActiveCfg = Debug|Any CPU
		{601A443E-5E39-41AA-8CE8-A999AE72C135}.Ad-Hoc|ARM64.Build.0 = Debug|Any CPU
		{601A443E-5E39-41AA-8CE8-A999AE72C135}.Ad-Hoc|iPhone.ActiveCfg = Debug|Any CPU
		{601A443E-5E39-41AA-8CE8-A999AE72C135}.Ad-Hoc|iPhone.Build.0 = Debug|Any CPU
		{601A443E-5E39-41AA-8CE8-A999AE72C135}.Ad-Hoc|iPhoneSimulator.ActiveCfg = Debug|Any CPU
		{601A443E-5E39-41AA-8CE8-A999AE72C135}.Ad-Hoc|iPhoneSimulator.Build.0 = Debug|Any CPU
		{601A443E-5E39-41AA-8CE8-A999AE72C135}.Ad-Hoc|x64.ActiveCfg = Debug|Any CPU
		{601A443E-5E39-41AA-8CE8-A999AE72C135}.Ad-Hoc|x64.Build.0 = Debug|Any CPU
		{601A443E-5E39-41AA-8CE8-A999AE72C135}.Ad-Hoc|x86.ActiveCfg = Debug|Any CPU
		{601A443E-5E39-41AA-8CE8-A999AE72C135}.Ad-Hoc|x86.Build.0 = Debug|Any CPU
		{601A443E-5E39-41AA-8CE8-A999AE72C135}.AppStore|Any CPU.ActiveCfg = Debug|Any CPU
		{601A443E-5E39-41AA-8CE8-A999AE72C135}.AppStore|Any CPU.Build.0 = Debug|Any CPU
		{601A443E-5E39-41AA-8CE8-A999AE72C135}.AppStore|ARM.ActiveCfg = Debug|Any CPU
		{601A443E-5E39-41AA-8CE8-A999AE72C135}.AppStore|ARM.Build.0 = Debug|Any CPU
		{601A443E-5E39-41AA-8CE8-A999AE72C135}.AppStore|ARM64.ActiveCfg = Debug|Any CPU
		{601A443E-5E39-41AA-8CE8-A999AE72C135}.AppStore|ARM64.Build.0 = Debug|Any CPU
		{601A443E-5E39-41AA-8CE8-A999AE72C135}.AppStore|iPhone.ActiveCfg = Debug|Any CPU
		{601A443E-5E39-41AA-8CE8-A999AE72C135}.AppStore|iPhone.Build.0 = Debug|Any CPU
		{601A443E-5E39-41AA-8CE8-A999AE72C135}.AppStore|iPhoneSimulator.ActiveCfg = Debug|Any CPU
		{601A443E-5E39-41AA-8CE8-A999AE72C135}.AppStore|iPhoneSimulator.Build.0 = Debug|Any CPU
		{601A443E-5E39-41AA-8CE8-A999AE72C135}.AppStore|x64.ActiveCfg = Debug|Any CPU
		{601A443E-5E39-41AA-8CE8-A999AE72C135}.AppStore|x64.Build.0 = Debug|Any CPU
		{601A443E-5E39-41AA-8CE8-A999AE72C135}.AppStore|x86.ActiveCfg = Debug|Any CPU
		{601A443E-5E39-41AA-8CE8-A999AE72C135}.AppStore|x86.Build.0 = Debug|Any CPU
		{601A443E-5E39-41AA-8CE8-A999AE72C135}.Debug|Any CPU.ActiveCfg = Debug|Any CPU
		{601A443E-5E39-41AA-8CE8-A999AE72C135}.Debug|Any CPU.Build.0 = Debug|Any CPU
		{601A443E-5E39-41AA-8CE8-A999AE72C135}.Debug|ARM.ActiveCfg = Debug|Any CPU
		{601A443E-5E39-41AA-8CE8-A999AE72C135}.Debug|ARM.Build.0 = Debug|Any CPU
		{601A443E-5E39-41AA-8CE8-A999AE72C135}.Debug|ARM64.ActiveCfg = Debug|Any CPU
		{601A443E-5E39-41AA-8CE8-A999AE72C135}.Debug|ARM64.Build.0 = Debug|Any CPU
		{601A443E-5E39-41AA-8CE8-A999AE72C135}.Debug|iPhone.ActiveCfg = Debug|Any CPU
		{601A443E-5E39-41AA-8CE8-A999AE72C135}.Debug|iPhone.Build.0 = Debug|Any CPU
		{601A443E-5E39-41AA-8CE8-A999AE72C135}.Debug|iPhoneSimulator.ActiveCfg = Debug|Any CPU
		{601A443E-5E39-41AA-8CE8-A999AE72C135}.Debug|iPhoneSimulator.Build.0 = Debug|Any CPU
		{601A443E-5E39-41AA-8CE8-A999AE72C135}.Debug|x64.ActiveCfg = Debug|Any CPU
		{601A443E-5E39-41AA-8CE8-A999AE72C135}.Debug|x64.Build.0 = Debug|Any CPU
		{601A443E-5E39-41AA-8CE8-A999AE72C135}.Debug|x86.ActiveCfg = Debug|Any CPU
		{601A443E-5E39-41AA-8CE8-A999AE72C135}.Debug|x86.Build.0 = Debug|Any CPU
		{601A443E-5E39-41AA-8CE8-A999AE72C135}.Release|Any CPU.ActiveCfg = Release|Any CPU
		{601A443E-5E39-41AA-8CE8-A999AE72C135}.Release|Any CPU.Build.0 = Release|Any CPU
		{601A443E-5E39-41AA-8CE8-A999AE72C135}.Release|ARM.ActiveCfg = Release|Any CPU
		{601A443E-5E39-41AA-8CE8-A999AE72C135}.Release|ARM.Build.0 = Release|Any CPU
		{601A443E-5E39-41AA-8CE8-A999AE72C135}.Release|ARM64.ActiveCfg = Release|Any CPU
		{601A443E-5E39-41AA-8CE8-A999AE72C135}.Release|ARM64.Build.0 = Release|Any CPU
		{601A443E-5E39-41AA-8CE8-A999AE72C135}.Release|iPhone.ActiveCfg = Release|Any CPU
		{601A443E-5E39-41AA-8CE8-A999AE72C135}.Release|iPhone.Build.0 = Release|Any CPU
		{601A443E-5E39-41AA-8CE8-A999AE72C135}.Release|iPhoneSimulator.ActiveCfg = Release|Any CPU
		{601A443E-5E39-41AA-8CE8-A999AE72C135}.Release|iPhoneSimulator.Build.0 = Release|Any CPU
		{601A443E-5E39-41AA-8CE8-A999AE72C135}.Release|x64.ActiveCfg = Release|Any CPU
		{601A443E-5E39-41AA-8CE8-A999AE72C135}.Release|x64.Build.0 = Release|Any CPU
		{601A443E-5E39-41AA-8CE8-A999AE72C135}.Release|x86.ActiveCfg = Release|Any CPU
		{601A443E-5E39-41AA-8CE8-A999AE72C135}.Release|x86.Build.0 = Release|Any CPU
		{15EC273E-75F5-48E0-AEEB-84ED5A5F0DC4}.Ad-Hoc|Any CPU.ActiveCfg = Debug|Any CPU
		{15EC273E-75F5-48E0-AEEB-84ED5A5F0DC4}.Ad-Hoc|Any CPU.Build.0 = Debug|Any CPU
		{15EC273E-75F5-48E0-AEEB-84ED5A5F0DC4}.Ad-Hoc|ARM.ActiveCfg = Debug|Any CPU
		{15EC273E-75F5-48E0-AEEB-84ED5A5F0DC4}.Ad-Hoc|ARM.Build.0 = Debug|Any CPU
		{15EC273E-75F5-48E0-AEEB-84ED5A5F0DC4}.Ad-Hoc|ARM64.ActiveCfg = Debug|Any CPU
		{15EC273E-75F5-48E0-AEEB-84ED5A5F0DC4}.Ad-Hoc|ARM64.Build.0 = Debug|Any CPU
		{15EC273E-75F5-48E0-AEEB-84ED5A5F0DC4}.Ad-Hoc|iPhone.ActiveCfg = Debug|Any CPU
		{15EC273E-75F5-48E0-AEEB-84ED5A5F0DC4}.Ad-Hoc|iPhone.Build.0 = Debug|Any CPU
		{15EC273E-75F5-48E0-AEEB-84ED5A5F0DC4}.Ad-Hoc|iPhoneSimulator.ActiveCfg = Debug|Any CPU
		{15EC273E-75F5-48E0-AEEB-84ED5A5F0DC4}.Ad-Hoc|iPhoneSimulator.Build.0 = Debug|Any CPU
		{15EC273E-75F5-48E0-AEEB-84ED5A5F0DC4}.Ad-Hoc|x64.ActiveCfg = Debug|Any CPU
		{15EC273E-75F5-48E0-AEEB-84ED5A5F0DC4}.Ad-Hoc|x64.Build.0 = Debug|Any CPU
		{15EC273E-75F5-48E0-AEEB-84ED5A5F0DC4}.Ad-Hoc|x86.ActiveCfg = Debug|Any CPU
		{15EC273E-75F5-48E0-AEEB-84ED5A5F0DC4}.Ad-Hoc|x86.Build.0 = Debug|Any CPU
		{15EC273E-75F5-48E0-AEEB-84ED5A5F0DC4}.AppStore|Any CPU.ActiveCfg = Debug|Any CPU
		{15EC273E-75F5-48E0-AEEB-84ED5A5F0DC4}.AppStore|Any CPU.Build.0 = Debug|Any CPU
		{15EC273E-75F5-48E0-AEEB-84ED5A5F0DC4}.AppStore|ARM.ActiveCfg = Debug|Any CPU
		{15EC273E-75F5-48E0-AEEB-84ED5A5F0DC4}.AppStore|ARM.Build.0 = Debug|Any CPU
		{15EC273E-75F5-48E0-AEEB-84ED5A5F0DC4}.AppStore|ARM64.ActiveCfg = Debug|Any CPU
		{15EC273E-75F5-48E0-AEEB-84ED5A5F0DC4}.AppStore|ARM64.Build.0 = Debug|Any CPU
		{15EC273E-75F5-48E0-AEEB-84ED5A5F0DC4}.AppStore|iPhone.ActiveCfg = Debug|Any CPU
		{15EC273E-75F5-48E0-AEEB-84ED5A5F0DC4}.AppStore|iPhone.Build.0 = Debug|Any CPU
		{15EC273E-75F5-48E0-AEEB-84ED5A5F0DC4}.AppStore|iPhoneSimulator.ActiveCfg = Debug|Any CPU
		{15EC273E-75F5-48E0-AEEB-84ED5A5F0DC4}.AppStore|iPhoneSimulator.Build.0 = Debug|Any CPU
		{15EC273E-75F5-48E0-AEEB-84ED5A5F0DC4}.AppStore|x64.ActiveCfg = Debug|Any CPU
		{15EC273E-75F5-48E0-AEEB-84ED5A5F0DC4}.AppStore|x64.Build.0 = Debug|Any CPU
		{15EC273E-75F5-48E0-AEEB-84ED5A5F0DC4}.AppStore|x86.ActiveCfg = Debug|Any CPU
		{15EC273E-75F5-48E0-AEEB-84ED5A5F0DC4}.AppStore|x86.Build.0 = Debug|Any CPU
		{15EC273E-75F5-48E0-AEEB-84ED5A5F0DC4}.Debug|Any CPU.ActiveCfg = Debug|Any CPU
		{15EC273E-75F5-48E0-AEEB-84ED5A5F0DC4}.Debug|Any CPU.Build.0 = Debug|Any CPU
		{15EC273E-75F5-48E0-AEEB-84ED5A5F0DC4}.Debug|ARM.ActiveCfg = Debug|Any CPU
		{15EC273E-75F5-48E0-AEEB-84ED5A5F0DC4}.Debug|ARM.Build.0 = Debug|Any CPU
		{15EC273E-75F5-48E0-AEEB-84ED5A5F0DC4}.Debug|ARM64.ActiveCfg = Debug|Any CPU
		{15EC273E-75F5-48E0-AEEB-84ED5A5F0DC4}.Debug|ARM64.Build.0 = Debug|Any CPU
		{15EC273E-75F5-48E0-AEEB-84ED5A5F0DC4}.Debug|iPhone.ActiveCfg = Debug|Any CPU
		{15EC273E-75F5-48E0-AEEB-84ED5A5F0DC4}.Debug|iPhone.Build.0 = Debug|Any CPU
		{15EC273E-75F5-48E0-AEEB-84ED5A5F0DC4}.Debug|iPhoneSimulator.ActiveCfg = Debug|Any CPU
		{15EC273E-75F5-48E0-AEEB-84ED5A5F0DC4}.Debug|iPhoneSimulator.Build.0 = Debug|Any CPU
		{15EC273E-75F5-48E0-AEEB-84ED5A5F0DC4}.Debug|x64.ActiveCfg = Debug|Any CPU
		{15EC273E-75F5-48E0-AEEB-84ED5A5F0DC4}.Debug|x64.Build.0 = Debug|Any CPU
		{15EC273E-75F5-48E0-AEEB-84ED5A5F0DC4}.Debug|x86.ActiveCfg = Debug|Any CPU
		{15EC273E-75F5-48E0-AEEB-84ED5A5F0DC4}.Debug|x86.Build.0 = Debug|Any CPU
		{15EC273E-75F5-48E0-AEEB-84ED5A5F0DC4}.Release|Any CPU.ActiveCfg = Release|Any CPU
		{15EC273E-75F5-48E0-AEEB-84ED5A5F0DC4}.Release|Any CPU.Build.0 = Release|Any CPU
		{15EC273E-75F5-48E0-AEEB-84ED5A5F0DC4}.Release|ARM.ActiveCfg = Release|Any CPU
		{15EC273E-75F5-48E0-AEEB-84ED5A5F0DC4}.Release|ARM.Build.0 = Release|Any CPU
		{15EC273E-75F5-48E0-AEEB-84ED5A5F0DC4}.Release|ARM64.ActiveCfg = Release|Any CPU
		{15EC273E-75F5-48E0-AEEB-84ED5A5F0DC4}.Release|ARM64.Build.0 = Release|Any CPU
		{15EC273E-75F5-48E0-AEEB-84ED5A5F0DC4}.Release|iPhone.ActiveCfg = Release|Any CPU
		{15EC273E-75F5-48E0-AEEB-84ED5A5F0DC4}.Release|iPhone.Build.0 = Release|Any CPU
		{15EC273E-75F5-48E0-AEEB-84ED5A5F0DC4}.Release|iPhoneSimulator.ActiveCfg = Release|Any CPU
		{15EC273E-75F5-48E0-AEEB-84ED5A5F0DC4}.Release|iPhoneSimulator.Build.0 = Release|Any CPU
		{15EC273E-75F5-48E0-AEEB-84ED5A5F0DC4}.Release|x64.ActiveCfg = Release|Any CPU
		{15EC273E-75F5-48E0-AEEB-84ED5A5F0DC4}.Release|x64.Build.0 = Release|Any CPU
		{15EC273E-75F5-48E0-AEEB-84ED5A5F0DC4}.Release|x86.ActiveCfg = Release|Any CPU
		{15EC273E-75F5-48E0-AEEB-84ED5A5F0DC4}.Release|x86.Build.0 = Release|Any CPU
		{25668814-618E-4EBF-BC4D-716F38589F0A}.Ad-Hoc|Any CPU.ActiveCfg = Debug|Any CPU
		{25668814-618E-4EBF-BC4D-716F38589F0A}.Ad-Hoc|Any CPU.Build.0 = Debug|Any CPU
		{25668814-618E-4EBF-BC4D-716F38589F0A}.Ad-Hoc|ARM.ActiveCfg = Debug|Any CPU
		{25668814-618E-4EBF-BC4D-716F38589F0A}.Ad-Hoc|ARM.Build.0 = Debug|Any CPU
		{25668814-618E-4EBF-BC4D-716F38589F0A}.Ad-Hoc|ARM64.ActiveCfg = Debug|Any CPU
		{25668814-618E-4EBF-BC4D-716F38589F0A}.Ad-Hoc|ARM64.Build.0 = Debug|Any CPU
		{25668814-618E-4EBF-BC4D-716F38589F0A}.Ad-Hoc|iPhone.ActiveCfg = Debug|Any CPU
		{25668814-618E-4EBF-BC4D-716F38589F0A}.Ad-Hoc|iPhone.Build.0 = Debug|Any CPU
		{25668814-618E-4EBF-BC4D-716F38589F0A}.Ad-Hoc|iPhoneSimulator.ActiveCfg = Debug|Any CPU
		{25668814-618E-4EBF-BC4D-716F38589F0A}.Ad-Hoc|iPhoneSimulator.Build.0 = Debug|Any CPU
		{25668814-618E-4EBF-BC4D-716F38589F0A}.Ad-Hoc|x64.ActiveCfg = Debug|Any CPU
		{25668814-618E-4EBF-BC4D-716F38589F0A}.Ad-Hoc|x64.Build.0 = Debug|Any CPU
		{25668814-618E-4EBF-BC4D-716F38589F0A}.Ad-Hoc|x86.ActiveCfg = Debug|Any CPU
		{25668814-618E-4EBF-BC4D-716F38589F0A}.Ad-Hoc|x86.Build.0 = Debug|Any CPU
		{25668814-618E-4EBF-BC4D-716F38589F0A}.AppStore|Any CPU.ActiveCfg = Debug|Any CPU
		{25668814-618E-4EBF-BC4D-716F38589F0A}.AppStore|Any CPU.Build.0 = Debug|Any CPU
		{25668814-618E-4EBF-BC4D-716F38589F0A}.AppStore|ARM.ActiveCfg = Debug|Any CPU
		{25668814-618E-4EBF-BC4D-716F38589F0A}.AppStore|ARM.Build.0 = Debug|Any CPU
		{25668814-618E-4EBF-BC4D-716F38589F0A}.AppStore|ARM64.ActiveCfg = Debug|Any CPU
		{25668814-618E-4EBF-BC4D-716F38589F0A}.AppStore|ARM64.Build.0 = Debug|Any CPU
		{25668814-618E-4EBF-BC4D-716F38589F0A}.AppStore|iPhone.ActiveCfg = Debug|Any CPU
		{25668814-618E-4EBF-BC4D-716F38589F0A}.AppStore|iPhone.Build.0 = Debug|Any CPU
		{25668814-618E-4EBF-BC4D-716F38589F0A}.AppStore|iPhoneSimulator.ActiveCfg = Debug|Any CPU
		{25668814-618E-4EBF-BC4D-716F38589F0A}.AppStore|iPhoneSimulator.Build.0 = Debug|Any CPU
		{25668814-618E-4EBF-BC4D-716F38589F0A}.AppStore|x64.ActiveCfg = Debug|Any CPU
		{25668814-618E-4EBF-BC4D-716F38589F0A}.AppStore|x64.Build.0 = Debug|Any CPU
		{25668814-618E-4EBF-BC4D-716F38589F0A}.AppStore|x86.ActiveCfg = Debug|Any CPU
		{25668814-618E-4EBF-BC4D-716F38589F0A}.AppStore|x86.Build.0 = Debug|Any CPU
		{25668814-618E-4EBF-BC4D-716F38589F0A}.Debug|Any CPU.ActiveCfg = Debug|Any CPU
		{25668814-618E-4EBF-BC4D-716F38589F0A}.Debug|Any CPU.Build.0 = Debug|Any CPU
		{25668814-618E-4EBF-BC4D-716F38589F0A}.Debug|ARM.ActiveCfg = Debug|Any CPU
		{25668814-618E-4EBF-BC4D-716F38589F0A}.Debug|ARM.Build.0 = Debug|Any CPU
		{25668814-618E-4EBF-BC4D-716F38589F0A}.Debug|ARM64.ActiveCfg = Debug|Any CPU
		{25668814-618E-4EBF-BC4D-716F38589F0A}.Debug|ARM64.Build.0 = Debug|Any CPU
		{25668814-618E-4EBF-BC4D-716F38589F0A}.Debug|iPhone.ActiveCfg = Debug|Any CPU
		{25668814-618E-4EBF-BC4D-716F38589F0A}.Debug|iPhone.Build.0 = Debug|Any CPU
		{25668814-618E-4EBF-BC4D-716F38589F0A}.Debug|iPhoneSimulator.ActiveCfg = Debug|Any CPU
		{25668814-618E-4EBF-BC4D-716F38589F0A}.Debug|iPhoneSimulator.Build.0 = Debug|Any CPU
		{25668814-618E-4EBF-BC4D-716F38589F0A}.Debug|x64.ActiveCfg = Debug|Any CPU
		{25668814-618E-4EBF-BC4D-716F38589F0A}.Debug|x64.Build.0 = Debug|Any CPU
		{25668814-618E-4EBF-BC4D-716F38589F0A}.Debug|x86.ActiveCfg = Debug|Any CPU
		{25668814-618E-4EBF-BC4D-716F38589F0A}.Debug|x86.Build.0 = Debug|Any CPU
		{25668814-618E-4EBF-BC4D-716F38589F0A}.Release|Any CPU.ActiveCfg = Release|Any CPU
		{25668814-618E-4EBF-BC4D-716F38589F0A}.Release|Any CPU.Build.0 = Release|Any CPU
		{25668814-618E-4EBF-BC4D-716F38589F0A}.Release|ARM.ActiveCfg = Release|Any CPU
		{25668814-618E-4EBF-BC4D-716F38589F0A}.Release|ARM.Build.0 = Release|Any CPU
		{25668814-618E-4EBF-BC4D-716F38589F0A}.Release|ARM64.ActiveCfg = Release|Any CPU
		{25668814-618E-4EBF-BC4D-716F38589F0A}.Release|ARM64.Build.0 = Release|Any CPU
		{25668814-618E-4EBF-BC4D-716F38589F0A}.Release|iPhone.ActiveCfg = Release|Any CPU
		{25668814-618E-4EBF-BC4D-716F38589F0A}.Release|iPhone.Build.0 = Release|Any CPU
		{25668814-618E-4EBF-BC4D-716F38589F0A}.Release|iPhoneSimulator.ActiveCfg = Release|Any CPU
		{25668814-618E-4EBF-BC4D-716F38589F0A}.Release|iPhoneSimulator.Build.0 = Release|Any CPU
		{25668814-618E-4EBF-BC4D-716F38589F0A}.Release|x64.ActiveCfg = Release|Any CPU
		{25668814-618E-4EBF-BC4D-716F38589F0A}.Release|x64.Build.0 = Release|Any CPU
		{25668814-618E-4EBF-BC4D-716F38589F0A}.Release|x86.ActiveCfg = Release|Any CPU
		{25668814-618E-4EBF-BC4D-716F38589F0A}.Release|x86.Build.0 = Release|Any CPU
		{20DCCF18-F496-421B-AD82-B649B441EAF7}.Ad-Hoc|Any CPU.ActiveCfg = Debug|x86
		{20DCCF18-F496-421B-AD82-B649B441EAF7}.Ad-Hoc|Any CPU.Build.0 = Debug|x86
		{20DCCF18-F496-421B-AD82-B649B441EAF7}.Ad-Hoc|ARM.ActiveCfg = Debug|x86
		{20DCCF18-F496-421B-AD82-B649B441EAF7}.Ad-Hoc|ARM.Build.0 = Debug|x86
		{20DCCF18-F496-421B-AD82-B649B441EAF7}.Ad-Hoc|ARM64.ActiveCfg = Debug|arm64
		{20DCCF18-F496-421B-AD82-B649B441EAF7}.Ad-Hoc|ARM64.Build.0 = Debug|arm64
		{20DCCF18-F496-421B-AD82-B649B441EAF7}.Ad-Hoc|iPhone.ActiveCfg = Debug|x86
		{20DCCF18-F496-421B-AD82-B649B441EAF7}.Ad-Hoc|iPhone.Build.0 = Debug|x86
		{20DCCF18-F496-421B-AD82-B649B441EAF7}.Ad-Hoc|iPhoneSimulator.ActiveCfg = Debug|x86
		{20DCCF18-F496-421B-AD82-B649B441EAF7}.Ad-Hoc|iPhoneSimulator.Build.0 = Debug|x86
		{20DCCF18-F496-421B-AD82-B649B441EAF7}.Ad-Hoc|x64.ActiveCfg = Debug|x64
		{20DCCF18-F496-421B-AD82-B649B441EAF7}.Ad-Hoc|x64.Build.0 = Debug|x64
		{20DCCF18-F496-421B-AD82-B649B441EAF7}.Ad-Hoc|x86.ActiveCfg = Debug|x86
		{20DCCF18-F496-421B-AD82-B649B441EAF7}.Ad-Hoc|x86.Build.0 = Debug|x86
		{20DCCF18-F496-421B-AD82-B649B441EAF7}.AppStore|Any CPU.ActiveCfg = Debug|x86
		{20DCCF18-F496-421B-AD82-B649B441EAF7}.AppStore|Any CPU.Build.0 = Debug|x86
		{20DCCF18-F496-421B-AD82-B649B441EAF7}.AppStore|ARM.ActiveCfg = Debug|x86
		{20DCCF18-F496-421B-AD82-B649B441EAF7}.AppStore|ARM.Build.0 = Debug|x86
		{20DCCF18-F496-421B-AD82-B649B441EAF7}.AppStore|ARM64.ActiveCfg = Debug|arm64
		{20DCCF18-F496-421B-AD82-B649B441EAF7}.AppStore|ARM64.Build.0 = Debug|arm64
		{20DCCF18-F496-421B-AD82-B649B441EAF7}.AppStore|iPhone.ActiveCfg = Debug|x86
		{20DCCF18-F496-421B-AD82-B649B441EAF7}.AppStore|iPhone.Build.0 = Debug|x86
		{20DCCF18-F496-421B-AD82-B649B441EAF7}.AppStore|iPhoneSimulator.ActiveCfg = Debug|x86
		{20DCCF18-F496-421B-AD82-B649B441EAF7}.AppStore|iPhoneSimulator.Build.0 = Debug|x86
		{20DCCF18-F496-421B-AD82-B649B441EAF7}.AppStore|x64.ActiveCfg = Debug|x64
		{20DCCF18-F496-421B-AD82-B649B441EAF7}.AppStore|x64.Build.0 = Debug|x64
		{20DCCF18-F496-421B-AD82-B649B441EAF7}.AppStore|x86.ActiveCfg = Debug|x86
		{20DCCF18-F496-421B-AD82-B649B441EAF7}.AppStore|x86.Build.0 = Debug|x86
		{20DCCF18-F496-421B-AD82-B649B441EAF7}.Debug|Any CPU.ActiveCfg = Debug|x86
		{20DCCF18-F496-421B-AD82-B649B441EAF7}.Debug|Any CPU.Build.0 = Debug|x86
		{20DCCF18-F496-421B-AD82-B649B441EAF7}.Debug|ARM.ActiveCfg = Debug|x86
		{20DCCF18-F496-421B-AD82-B649B441EAF7}.Debug|ARM64.ActiveCfg = Debug|arm64
		{20DCCF18-F496-421B-AD82-B649B441EAF7}.Debug|ARM64.Build.0 = Debug|arm64
		{20DCCF18-F496-421B-AD82-B649B441EAF7}.Debug|iPhone.ActiveCfg = Debug|x86
		{20DCCF18-F496-421B-AD82-B649B441EAF7}.Debug|iPhoneSimulator.ActiveCfg = Debug|x86
		{20DCCF18-F496-421B-AD82-B649B441EAF7}.Debug|x64.ActiveCfg = Debug|x64
		{20DCCF18-F496-421B-AD82-B649B441EAF7}.Debug|x64.Build.0 = Debug|x64
		{20DCCF18-F496-421B-AD82-B649B441EAF7}.Debug|x86.ActiveCfg = Debug|x86
		{20DCCF18-F496-421B-AD82-B649B441EAF7}.Debug|x86.Build.0 = Debug|x86
		{20DCCF18-F496-421B-AD82-B649B441EAF7}.Release|Any CPU.ActiveCfg = Release|x86
		{20DCCF18-F496-421B-AD82-B649B441EAF7}.Release|ARM.ActiveCfg = Release|x86
		{20DCCF18-F496-421B-AD82-B649B441EAF7}.Release|ARM64.ActiveCfg = Release|arm64
		{20DCCF18-F496-421B-AD82-B649B441EAF7}.Release|ARM64.Build.0 = Release|arm64
		{20DCCF18-F496-421B-AD82-B649B441EAF7}.Release|iPhone.ActiveCfg = Release|x86
		{20DCCF18-F496-421B-AD82-B649B441EAF7}.Release|iPhoneSimulator.ActiveCfg = Release|x86
		{20DCCF18-F496-421B-AD82-B649B441EAF7}.Release|x64.ActiveCfg = Release|x64
		{20DCCF18-F496-421B-AD82-B649B441EAF7}.Release|x64.Build.0 = Release|x64
		{20DCCF18-F496-421B-AD82-B649B441EAF7}.Release|x86.ActiveCfg = Release|x86
		{20DCCF18-F496-421B-AD82-B649B441EAF7}.Release|x86.Build.0 = Release|x86
		{D3AFA2C6-109D-412E-B972-E815F674AC76}.Ad-Hoc|Any CPU.ActiveCfg = Debug|arm64
		{D3AFA2C6-109D-412E-B972-E815F674AC76}.Ad-Hoc|Any CPU.Build.0 = Debug|arm64
		{D3AFA2C6-109D-412E-B972-E815F674AC76}.Ad-Hoc|Any CPU.Deploy.0 = Debug|arm64
		{D3AFA2C6-109D-412E-B972-E815F674AC76}.Ad-Hoc|ARM.ActiveCfg = Debug|arm64
		{D3AFA2C6-109D-412E-B972-E815F674AC76}.Ad-Hoc|ARM.Build.0 = Debug|arm64
		{D3AFA2C6-109D-412E-B972-E815F674AC76}.Ad-Hoc|ARM.Deploy.0 = Debug|arm64
		{D3AFA2C6-109D-412E-B972-E815F674AC76}.Ad-Hoc|ARM64.ActiveCfg = Debug|arm64
		{D3AFA2C6-109D-412E-B972-E815F674AC76}.Ad-Hoc|ARM64.Build.0 = Debug|arm64
		{D3AFA2C6-109D-412E-B972-E815F674AC76}.Ad-Hoc|ARM64.Deploy.0 = Debug|arm64
		{D3AFA2C6-109D-412E-B972-E815F674AC76}.Ad-Hoc|iPhone.ActiveCfg = Debug|arm64
		{D3AFA2C6-109D-412E-B972-E815F674AC76}.Ad-Hoc|iPhone.Build.0 = Debug|arm64
		{D3AFA2C6-109D-412E-B972-E815F674AC76}.Ad-Hoc|iPhone.Deploy.0 = Debug|arm64
		{D3AFA2C6-109D-412E-B972-E815F674AC76}.Ad-Hoc|iPhoneSimulator.ActiveCfg = Debug|arm64
		{D3AFA2C6-109D-412E-B972-E815F674AC76}.Ad-Hoc|iPhoneSimulator.Build.0 = Debug|arm64
		{D3AFA2C6-109D-412E-B972-E815F674AC76}.Ad-Hoc|iPhoneSimulator.Deploy.0 = Debug|arm64
		{D3AFA2C6-109D-412E-B972-E815F674AC76}.Ad-Hoc|x64.ActiveCfg = Debug|x64
		{D3AFA2C6-109D-412E-B972-E815F674AC76}.Ad-Hoc|x64.Build.0 = Debug|x64
		{D3AFA2C6-109D-412E-B972-E815F674AC76}.Ad-Hoc|x64.Deploy.0 = Debug|x64
		{D3AFA2C6-109D-412E-B972-E815F674AC76}.Ad-Hoc|x86.ActiveCfg = Debug|x86
		{D3AFA2C6-109D-412E-B972-E815F674AC76}.Ad-Hoc|x86.Build.0 = Debug|x86
		{D3AFA2C6-109D-412E-B972-E815F674AC76}.Ad-Hoc|x86.Deploy.0 = Debug|x86
		{D3AFA2C6-109D-412E-B972-E815F674AC76}.AppStore|Any CPU.ActiveCfg = Debug|arm64
		{D3AFA2C6-109D-412E-B972-E815F674AC76}.AppStore|Any CPU.Build.0 = Debug|arm64
		{D3AFA2C6-109D-412E-B972-E815F674AC76}.AppStore|Any CPU.Deploy.0 = Debug|arm64
		{D3AFA2C6-109D-412E-B972-E815F674AC76}.AppStore|ARM.ActiveCfg = Debug|arm64
		{D3AFA2C6-109D-412E-B972-E815F674AC76}.AppStore|ARM.Build.0 = Debug|arm64
		{D3AFA2C6-109D-412E-B972-E815F674AC76}.AppStore|ARM.Deploy.0 = Debug|arm64
		{D3AFA2C6-109D-412E-B972-E815F674AC76}.AppStore|ARM64.ActiveCfg = Debug|arm64
		{D3AFA2C6-109D-412E-B972-E815F674AC76}.AppStore|ARM64.Build.0 = Debug|arm64
		{D3AFA2C6-109D-412E-B972-E815F674AC76}.AppStore|ARM64.Deploy.0 = Debug|arm64
		{D3AFA2C6-109D-412E-B972-E815F674AC76}.AppStore|iPhone.ActiveCfg = Debug|arm64
		{D3AFA2C6-109D-412E-B972-E815F674AC76}.AppStore|iPhone.Build.0 = Debug|arm64
		{D3AFA2C6-109D-412E-B972-E815F674AC76}.AppStore|iPhone.Deploy.0 = Debug|arm64
		{D3AFA2C6-109D-412E-B972-E815F674AC76}.AppStore|iPhoneSimulator.ActiveCfg = Debug|arm64
		{D3AFA2C6-109D-412E-B972-E815F674AC76}.AppStore|iPhoneSimulator.Build.0 = Debug|arm64
		{D3AFA2C6-109D-412E-B972-E815F674AC76}.AppStore|iPhoneSimulator.Deploy.0 = Debug|arm64
		{D3AFA2C6-109D-412E-B972-E815F674AC76}.AppStore|x64.ActiveCfg = Debug|x64
		{D3AFA2C6-109D-412E-B972-E815F674AC76}.AppStore|x64.Build.0 = Debug|x64
		{D3AFA2C6-109D-412E-B972-E815F674AC76}.AppStore|x64.Deploy.0 = Debug|x64
		{D3AFA2C6-109D-412E-B972-E815F674AC76}.AppStore|x86.ActiveCfg = Debug|x86
		{D3AFA2C6-109D-412E-B972-E815F674AC76}.AppStore|x86.Build.0 = Debug|x86
		{D3AFA2C6-109D-412E-B972-E815F674AC76}.AppStore|x86.Deploy.0 = Debug|x86
		{D3AFA2C6-109D-412E-B972-E815F674AC76}.Debug|Any CPU.ActiveCfg = Debug|x86
		{D3AFA2C6-109D-412E-B972-E815F674AC76}.Debug|Any CPU.Build.0 = Debug|x86
		{D3AFA2C6-109D-412E-B972-E815F674AC76}.Debug|Any CPU.Deploy.0 = Debug|x86
		{D3AFA2C6-109D-412E-B972-E815F674AC76}.Debug|ARM.ActiveCfg = Debug|x86
		{D3AFA2C6-109D-412E-B972-E815F674AC76}.Debug|ARM64.ActiveCfg = Debug|arm64
		{D3AFA2C6-109D-412E-B972-E815F674AC76}.Debug|ARM64.Build.0 = Debug|arm64
		{D3AFA2C6-109D-412E-B972-E815F674AC76}.Debug|ARM64.Deploy.0 = Debug|arm64
		{D3AFA2C6-109D-412E-B972-E815F674AC76}.Debug|iPhone.ActiveCfg = Debug|x86
		{D3AFA2C6-109D-412E-B972-E815F674AC76}.Debug|iPhoneSimulator.ActiveCfg = Debug|x86
		{D3AFA2C6-109D-412E-B972-E815F674AC76}.Debug|x64.ActiveCfg = Debug|x64
		{D3AFA2C6-109D-412E-B972-E815F674AC76}.Debug|x64.Build.0 = Debug|x64
		{D3AFA2C6-109D-412E-B972-E815F674AC76}.Debug|x64.Deploy.0 = Debug|x64
		{D3AFA2C6-109D-412E-B972-E815F674AC76}.Debug|x86.ActiveCfg = Debug|x86
		{D3AFA2C6-109D-412E-B972-E815F674AC76}.Debug|x86.Build.0 = Debug|x86
		{D3AFA2C6-109D-412E-B972-E815F674AC76}.Debug|x86.Deploy.0 = Debug|x86
		{D3AFA2C6-109D-412E-B972-E815F674AC76}.Release|Any CPU.ActiveCfg = Release|x86
		{D3AFA2C6-109D-412E-B972-E815F674AC76}.Release|ARM.ActiveCfg = Release|x86
		{D3AFA2C6-109D-412E-B972-E815F674AC76}.Release|ARM64.ActiveCfg = Release|arm64
		{D3AFA2C6-109D-412E-B972-E815F674AC76}.Release|ARM64.Build.0 = Release|arm64
		{D3AFA2C6-109D-412E-B972-E815F674AC76}.Release|ARM64.Deploy.0 = Release|arm64
		{D3AFA2C6-109D-412E-B972-E815F674AC76}.Release|iPhone.ActiveCfg = Release|x86
		{D3AFA2C6-109D-412E-B972-E815F674AC76}.Release|iPhoneSimulator.ActiveCfg = Release|x86
		{D3AFA2C6-109D-412E-B972-E815F674AC76}.Release|x64.ActiveCfg = Release|x64
		{D3AFA2C6-109D-412E-B972-E815F674AC76}.Release|x64.Build.0 = Release|x64
		{D3AFA2C6-109D-412E-B972-E815F674AC76}.Release|x64.Deploy.0 = Release|x64
		{D3AFA2C6-109D-412E-B972-E815F674AC76}.Release|x86.ActiveCfg = Release|x86
		{D3AFA2C6-109D-412E-B972-E815F674AC76}.Release|x86.Build.0 = Release|x86
		{D3AFA2C6-109D-412E-B972-E815F674AC76}.Release|x86.Deploy.0 = Release|x86
	EndGlobalSection
	GlobalSection(SolutionProperties) = preSolution
		HideSolutionNode = FALSE
	EndGlobalSection
	GlobalSection(NestedProjects) = preSolution
		{3DE4429B-5BB1-423F-B529-8AD31E841DB3} = {BBAFEB1E-93C0-4C7E-8E0A-026BB05C88EC}
		{0AB98FD6-322A-468F-9228-D66B5AD46C15} = {BBAFEB1E-93C0-4C7E-8E0A-026BB05C88EC}
		{4477AD7B-7B4A-48CC-B800-3E4B05664F46} = {BBAFEB1E-93C0-4C7E-8E0A-026BB05C88EC}
		{87559180-DF2A-4509-9026-0C2DD7CB02FF} = {BBAFEB1E-93C0-4C7E-8E0A-026BB05C88EC}
		{E967D746-48C0-4FE5-A09A-18DDF632E6B4} = {BBAFEB1E-93C0-4C7E-8E0A-026BB05C88EC}
		{8BD056C8-D493-4D8B-A48B-EC57316BCE63} = {BBAFEB1E-93C0-4C7E-8E0A-026BB05C88EC}
		{34369F3F-EE29-46DD-872C-DBD8CA47DF7B} = {BBAFEB1E-93C0-4C7E-8E0A-026BB05C88EC}
		{601A443E-5E39-41AA-8CE8-A999AE72C135} = {BBAFEB1E-93C0-4C7E-8E0A-026BB05C88EC}
		{15EC273E-75F5-48E0-AEEB-84ED5A5F0DC4} = {BBAFEB1E-93C0-4C7E-8E0A-026BB05C88EC}
		{6279C845-92F8-4333-AB99-3D213163593C} = {BBAFEB1E-93C0-4C7E-8E0A-026BB05C88EC}
		{25668814-618E-4EBF-BC4D-716F38589F0A} = {BBAFEB1E-93C0-4C7E-8E0A-026BB05C88EC}
		{20DCCF18-F496-421B-AD82-B649B441EAF7} = {BBAFEB1E-93C0-4C7E-8E0A-026BB05C88EC}
		{D3AFA2C6-109D-412E-B972-E815F674AC76} = {BBAFEB1E-93C0-4C7E-8E0A-026BB05C88EC}
	EndGlobalSection
	GlobalSection(ExtensibilityGlobals) = postSolution
		SolutionGuid = {3125D461-08F4-4071-AAE5-1038EF84A360}
	EndGlobalSection
EndGlobal
